
Microsoft Visual Studio Solution File, Format Version 12.00
# Visual Studio Version 16
VisualStudioVersion = 16.0.31321.278
MinimumVisualStudioVersion = 10.0.40219.1
Project("{FAE04EC0-301F-11D3-BF4B-00C04F79EFBC}") = "SignalRApi", "SignalRApi\SignalRApi.csproj", "{76551159-2D9E-4026-931A-93C2C4B81731}"
EndProject
Global
	GlobalSection(SolutionConfigurationPlatforms) = preSolution
		Debug|Any CPU = Debug|Any CPU
		Release|Any CPU = Release|Any CPU
	EndGlobalSection
	GlobalSection(ProjectConfigurationPlatforms) = postSolution
		{76551159-2D9E-4026-931A-93C2C4B81731}.Debug|Any CPU.ActiveCfg = Debug|Any CPU
		{76551159-2D9E-4026-931A-93C2C4B81731}.Debug|Any CPU.Build.0 = Debug|Any CPU
		{76551159-2D9E-4026-931A-93C2C4B81731}.Release|Any CPU.ActiveCfg = Release|Any CPU
		{76551159-2D9E-4026-931A-93C2C4B81731}.Release|Any CPU.Build.0 = Release|Any CPU
	EndGlobalSection
	GlobalSection(SolutionProperties) = preSolution
		HideSolutionNode = FALSE
	EndGlobalSection
	GlobalSection(ExtensibilityGlobals) = postSolution
		SolutionGuid = {80069421-C0DD-41A8-A02C-2ED6FBC0D4BF}
	EndGlobalSection
EndGlobal
