
Microsoft Visual Studio Solution File, Format Version 12.00
# Visual Studio Version 17
VisualStudioVersion = 17.0.32112.339
MinimumVisualStudioVersion = 10.0.40219.1
Project("{FAE04EC0-301F-11D3-BF4B-00C04F79EFBC}") = "SampleJson.UWP", "SampleJson\SampleJson.UWP\SampleJson.UWP.csproj", "{DBED1DD4-F71D-4833-8EDB-334D5C486E5B}"
EndProject
Project("{FAE04EC0-301F-11D3-BF4B-00C04F79EFBC}") = "SampleJson.Android", "SampleJson\SampleJson.Android\SampleJson.Android.csproj", "{7BFC18E4-1F14-4AE6-9D04-731716AFDE6C}"
EndProject
Project("{FAE04EC0-301F-11D3-BF4B-00C04F79EFBC}") = "SampleJson.iOS", "SampleJson\SampleJson.iOS\SampleJson.iOS.csproj", "{626814B9-7E86-4FA3-B802-82D28B474EB0}"
EndProject
Project("{FAE04EC0-301F-11D3-BF4B-00C04F79EFBC}") = "SampleJson", "SampleJson\SampleJson\SampleJson.csproj", "{F7EB4778-F2E3-4F33-BAB4-706B4F8E7D36}"
EndProject
Global
	GlobalSection(SolutionConfigurationPlatforms) = preSolution
		Debug|Any CPU = Debug|Any CPU
		Debug|ARM = Debug|ARM
		Debug|iPhone = Debug|iPhone
		Debug|iPhoneSimulator = Debug|iPhoneSimulator
		Debug|x64 = Debug|x64
		Debug|x86 = Debug|x86
		Release|Any CPU = Release|Any CPU
		Release|ARM = Release|ARM
		Release|iPhone = Release|iPhone
		Release|iPhoneSimulator = Release|iPhoneSimulator
		Release|x64 = Release|x64
		Release|x86 = Release|x86
	EndGlobalSection
	GlobalSection(ProjectConfigurationPlatforms) = postSolution
		{DBED1DD4-F71D-4833-8EDB-334D5C486E5B}.Debug|Any CPU.ActiveCfg = Debug|x64
		{DBED1DD4-F71D-4833-8EDB-334D5C486E5B}.Debug|Any CPU.Build.0 = Debug|x64
		{DBED1DD4-F71D-4833-8EDB-334D5C486E5B}.Debug|Any CPU.Deploy.0 = Debug|x64
		{DBED1DD4-F71D-4833-8EDB-334D5C486E5B}.Debug|ARM.ActiveCfg = Debug|ARM
		{DBED1DD4-F71D-4833-8EDB-334D5C486E5B}.Debug|ARM.Build.0 = Debug|ARM
		{DBED1DD4-F71D-4833-8EDB-334D5C486E5B}.Debug|ARM.Deploy.0 = Debug|ARM
		{DBED1DD4-F71D-4833-8EDB-334D5C486E5B}.Debug|iPhone.ActiveCfg = Debug|x64
		{DBED1DD4-F71D-4833-8EDB-334D5C486E5B}.Debug|iPhone.Build.0 = Debug|x64
		{DBED1DD4-F71D-4833-8EDB-334D5C486E5B}.Debug|iPhone.Deploy.0 = Debug|x64
		{DBED1DD4-F71D-4833-8EDB-334D5C486E5B}.Debug|iPhoneSimulator.ActiveCfg = Debug|x64
		{DBED1DD4-F71D-4833-8EDB-334D5C486E5B}.Debug|iPhoneSimulator.Build.0 = Debug|x64
		{DBED1DD4-F71D-4833-8EDB-334D5C486E5B}.Debug|iPhoneSimulator.Deploy.0 = Debug|x64
		{DBED1DD4-F71D-4833-8EDB-334D5C486E5B}.Debug|x64.ActiveCfg = Debug|x64
		{DBED1DD4-F71D-4833-8EDB-334D5C486E5B}.Debug|x64.Build.0 = Debug|x64
		{DBED1DD4-F71D-4833-8EDB-334D5C486E5B}.Debug|x64.Deploy.0 = Debug|x64
		{DBED1DD4-F71D-4833-8EDB-334D5C486E5B}.Debug|x86.ActiveCfg = Debug|x86
		{DBED1DD4-F71D-4833-8EDB-334D5C486E5B}.Debug|x86.Build.0 = Debug|x86
		{DBED1DD4-F71D-4833-8EDB-334D5C486E5B}.Debug|x86.Deploy.0 = Debug|x86
		{DBED1DD4-F71D-4833-8EDB-334D5C486E5B}.Release|Any CPU.ActiveCfg = Release|x64
		{DBED1DD4-F71D-4833-8EDB-334D5C486E5B}.Release|Any CPU.Build.0 = Release|x64
		{DBED1DD4-F71D-4833-8EDB-334D5C486E5B}.Release|Any CPU.Deploy.0 = Release|x64
		{DBED1DD4-F71D-4833-8EDB-334D5C486E5B}.Release|ARM.ActiveCfg = Release|ARM
		{DBED1DD4-F71D-4833-8EDB-334D5C486E5B}.Release|ARM.Build.0 = Release|ARM
		{DBED1DD4-F71D-4833-8EDB-334D5C486E5B}.Release|ARM.Deploy.0 = Release|ARM
		{DBED1DD4-F71D-4833-8EDB-334D5C486E5B}.Release|iPhone.ActiveCfg = Release|x64
		{DBED1DD4-F71D-4833-8EDB-334D5C486E5B}.Release|iPhone.Build.0 = Release|x64
		{DBED1DD4-F71D-4833-8EDB-334D5C486E5B}.Release|iPhone.Deploy.0 = Release|x64
		{DBED1DD4-F71D-4833-8EDB-334D5C486E5B}.Release|iPhoneSimulator.ActiveCfg = Release|x64
		{DBED1DD4-F71D-4833-8EDB-334D5C486E5B}.Release|iPhoneSimulator.Build.0 = Release|x64
		{DBED1DD4-F71D-4833-8EDB-334D5C486E5B}.Release|iPhoneSimulator.Deploy.0 = Release|x64
		{DBED1DD4-F71D-4833-8EDB-334D5C486E5B}.Release|x64.ActiveCfg = Release|x64
		{DBED1DD4-F71D-4833-8EDB-334D5C486E5B}.Release|x64.Build.0 = Release|x64
		{DBED1DD4-F71D-4833-8EDB-334D5C486E5B}.Release|x64.Deploy.0 = Release|x64
		{DBED1DD4-F71D-4833-8EDB-334D5C486E5B}.Release|x86.ActiveCfg = Release|x86
		{DBED1DD4-F71D-4833-8EDB-334D5C486E5B}.Release|x86.Build.0 = Release|x86
		{DBED1DD4-F71D-4833-8EDB-334D5C486E5B}.Release|x86.Deploy.0 = Release|x86
		{7BFC18E4-1F14-4AE6-9D04-731716AFDE6C}.Debug|Any CPU.ActiveCfg = Debug|Any CPU
		{7BFC18E4-1F14-4AE6-9D04-731716AFDE6C}.Debug|Any CPU.Build.0 = Debug|Any CPU
		{7BFC18E4-1F14-4AE6-9D04-731716AFDE6C}.Debug|Any CPU.Deploy.0 = Debug|Any CPU
		{7BFC18E4-1F14-4AE6-9D04-731716AFDE6C}.Debug|ARM.ActiveCfg = Debug|Any CPU
		{7BFC18E4-1F14-4AE6-9D04-731716AFDE6C}.Debug|ARM.Build.0 = Debug|Any CPU
		{7BFC18E4-1F14-4AE6-9D04-731716AFDE6C}.Debug|ARM.Deploy.0 = Debug|Any CPU
		{7BFC18E4-1F14-4AE6-9D04-731716AFDE6C}.Debug|iPhone.ActiveCfg = Debug|Any CPU
		{7BFC18E4-1F14-4AE6-9D04-731716AFDE6C}.Debug|iPhone.Build.0 = Debug|Any CPU
		{7BFC18E4-1F14-4AE6-9D04-731716AFDE6C}.Debug|iPhone.Deploy.0 = Debug|Any CPU
		{7BFC18E4-1F14-4AE6-9D04-731716AFDE6C}.Debug|iPhoneSimulator.ActiveCfg = Debug|Any CPU
		{7BFC18E4-1F14-4AE6-9D04-731716AFDE6C}.Debug|iPhoneSimulator.Build.0 = Debug|Any CPU
		{7BFC18E4-1F14-4AE6-9D04-731716AFDE6C}.Debug|iPhoneSimulator.Deploy.0 = Debug|Any CPU
		{7BFC18E4-1F14-4AE6-9D04-731716AFDE6C}.Debug|x64.ActiveCfg = Debug|Any CPU
		{7BFC18E4-1F14-4AE6-9D04-731716AFDE6C}.Debug|x64.Build.0 = Debug|Any CPU
		{7BFC18E4-1F14-4AE6-9D04-731716AFDE6C}.Debug|x64.Deploy.0 = Debug|Any CPU
		{7BFC18E4-1F14-4AE6-9D04-731716AFDE6C}.Debug|x86.ActiveCfg = Debug|Any CPU
		{7BFC18E4-1F14-4AE6-9D04-731716AFDE6C}.Debug|x86.Build.0 = Debug|Any CPU
		{7BFC18E4-1F14-4AE6-9D04-731716AFDE6C}.Debug|x86.Deploy.0 = Debug|Any CPU
		{7BFC18E4-1F14-4AE6-9D04-731716AFDE6C}.Release|Any CPU.ActiveCfg = Release|Any CPU
		{7BFC18E4-1F14-4AE6-9D04-731716AFDE6C}.Release|Any CPU.Build.0 = Release|Any CPU
		{7BFC18E4-1F14-4AE6-9D04-731716AFDE6C}.Release|Any CPU.Deploy.0 = Release|Any CPU
		{7BFC18E4-1F14-4AE6-9D04-731716AFDE6C}.Release|ARM.ActiveCfg = Release|Any CPU
		{7BFC18E4-1F14-4AE6-9D04-731716AFDE6C}.Release|ARM.Build.0 = Release|Any CPU
		{7BFC18E4-1F14-4AE6-9D04-731716AFDE6C}.Release|ARM.Deploy.0 = Release|Any CPU
		{7BFC18E4-1F14-4AE6-9D04-731716AFDE6C}.Release|iPhone.ActiveCfg = Release|Any CPU
		{7BFC18E4-1F14-4AE6-9D04-731716AFDE6C}.Release|iPhone.Build.0 = Release|Any CPU
		{7BFC18E4-1F14-4AE6-9D04-731716AFDE6C}.Release|iPhone.Deploy.0 = Release|Any CPU
		{7BFC18E4-1F14-4AE6-9D04-731716AFDE6C}.Release|iPhoneSimulator.ActiveCfg = Release|Any CPU
		{7BFC18E4-1F14-4AE6-9D04-731716AFDE6C}.Release|iPhoneSimulator.Build.0 = Release|Any CPU
		{7BFC18E4-1F14-4AE6-9D04-731716AFDE6C}.Release|iPhoneSimulator.Deploy.0 = Release|Any CPU
		{7BFC18E4-1F14-4AE6-9D04-731716AFDE6C}.Release|x64.ActiveCfg = Release|Any CPU
		{7BFC18E4-1F14-4AE6-9D04-731716AFDE6C}.Release|x64.Build.0 = Release|Any CPU
		{7BFC18E4-1F14-4AE6-9D04-731716AFDE6C}.Release|x64.Deploy.0 = Release|Any CPU
		{7BFC18E4-1F14-4AE6-9D04-731716AFDE6C}.Release|x86.ActiveCfg = Release|Any CPU
		{7BFC18E4-1F14-4AE6-9D04-731716AFDE6C}.Release|x86.Build.0 = Release|Any CPU
		{7BFC18E4-1F14-4AE6-9D04-731716AFDE6C}.Release|x86.Deploy.0 = Release|Any CPU
		{626814B9-7E86-4FA3-B802-82D28B474EB0}.Debug|Any CPU.ActiveCfg = Debug|iPhoneSimulator
		{626814B9-7E86-4FA3-B802-82D28B474EB0}.Debug|Any CPU.Build.0 = Debug|iPhoneSimulator
		{626814B9-7E86-4FA3-B802-82D28B474EB0}.Debug|Any CPU.Deploy.0 = Debug|iPhoneSimulator
		{626814B9-7E86-4FA3-B802-82D28B474EB0}.Debug|ARM.ActiveCfg = Debug|iPhoneSimulator
		{626814B9-7E86-4FA3-B802-82D28B474EB0}.Debug|ARM.Build.0 = Debug|iPhoneSimulator
		{626814B9-7E86-4FA3-B802-82D28B474EB0}.Debug|ARM.Deploy.0 = Debug|iPhoneSimulator
		{626814B9-7E86-4FA3-B802-82D28B474EB0}.Debug|iPhone.ActiveCfg = Debug|iPhone
		{626814B9-7E86-4FA3-B802-82D28B474EB0}.Debug|iPhone.Build.0 = Debug|iPhone
		{626814B9-7E86-4FA3-B802-82D28B474EB0}.Debug|iPhone.Deploy.0 = Debug|iPhone
		{626814B9-7E86-4FA3-B802-82D28B474EB0}.Debug|iPhoneSimulator.ActiveCfg = Debug|iPhoneSimulator
		{626814B9-7E86-4FA3-B802-82D28B474EB0}.Debug|iPhoneSimulator.Build.0 = Debug|iPhoneSimulator
		{626814B9-7E86-4FA3-B802-82D28B474EB0}.Debug|iPhoneSimulator.Deploy.0 = Debug|iPhoneSimulator
		{626814B9-7E86-4FA3-B802-82D28B474EB0}.Debug|x64.ActiveCfg = Debug|iPhone
		{626814B9-7E86-4FA3-B802-82D28B474EB0}.Debug|x64.Build.0 = Debug|iPhone
		{626814B9-7E86-4FA3-B802-82D28B474EB0}.Debug|x64.Deploy.0 = Debug|iPhone
		{626814B9-7E86-4FA3-B802-82D28B474EB0}.Debug|x86.ActiveCfg = Debug|iPhoneSimulator
		{626814B9-7E86-4FA3-B802-82D28B474EB0}.Debug|x86.Build.0 = Debug|iPhoneSimulator
		{626814B9-7E86-4FA3-B802-82D28B474EB0}.Debug|x86.Deploy.0 = Debug|iPhoneSimulator
		{626814B9-7E86-4FA3-B802-82D28B474EB0}.Release|Any CPU.ActiveCfg = Release|iPhoneSimulator
		{626814B9-7E86-4FA3-B802-82D28B474EB0}.Release|Any CPU.Build.0 = Release|iPhoneSimulator
		{626814B9-7E86-4FA3-B802-82D28B474EB0}.Release|Any CPU.Deploy.0 = Release|iPhoneSimulator
		{626814B9-7E86-4FA3-B802-82D28B474EB0}.Release|ARM.ActiveCfg = Release|iPhoneSimulator
		{626814B9-7E86-4FA3-B802-82D28B474EB0}.Release|ARM.Build.0 = Release|iPhoneSimulator
		{626814B9-7E86-4FA3-B802-82D28B474EB0}.Release|ARM.Deploy.0 = Release|iPhoneSimulator
		{626814B9-7E86-4FA3-B802-82D28B474EB0}.Release|iPhone.ActiveCfg = Release|iPhone
		{626814B9-7E86-4FA3-B802-82D28B474EB0}.Release|iPhone.Build.0 = Release|iPhone
		{626814B9-7E86-4FA3-B802-82D28B474EB0}.Release|iPhone.Deploy.0 = Release|iPhone
		{626814B9-7E86-4FA3-B802-82D28B474EB0}.Release|iPhoneSimulator.ActiveCfg = Release|iPhoneSimulator
		{626814B9-7E86-4FA3-B802-82D28B474EB0}.Release|iPhoneSimulator.Build.0 = Release|iPhoneSimulator
		{626814B9-7E86-4FA3-B802-82D28B474EB0}.Release|iPhoneSimulator.Deploy.0 = Release|iPhoneSimulator
		{626814B9-7E86-4FA3-B802-82D28B474EB0}.Release|x64.ActiveCfg = Release|iPhoneSimulator
		{626814B9-7E86-4FA3-B802-82D28B474EB0}.Release|x64.Build.0 = Release|iPhoneSimulator
		{626814B9-7E86-4FA3-B802-82D28B474EB0}.Release|x64.Deploy.0 = Release|iPhoneSimulator
		{626814B9-7E86-4FA3-B802-82D28B474EB0}.Release|x86.ActiveCfg = Release|iPhoneSimulator
		{626814B9-7E86-4FA3-B802-82D28B474EB0}.Release|x86.Build.0 = Release|iPhoneSimulator
		{626814B9-7E86-4FA3-B802-82D28B474EB0}.Release|x86.Deploy.0 = Release|iPhoneSimulator
		{F7EB4778-F2E3-4F33-BAB4-706B4F8E7D36}.Debug|Any CPU.ActiveCfg = Debug|Any CPU
		{F7EB4778-F2E3-4F33-BAB4-706B4F8E7D36}.Debug|Any CPU.Build.0 = Debug|Any CPU
		{F7EB4778-F2E3-4F33-BAB4-706B4F8E7D36}.Debug|Any CPU.Deploy.0 = Debug|Any CPU
		{F7EB4778-F2E3-4F33-BAB4-706B4F8E7D36}.Debug|ARM.ActiveCfg = Debug|Any CPU
		{F7EB4778-F2E3-4F33-BAB4-706B4F8E7D36}.Debug|ARM.Build.0 = Debug|Any CPU
		{F7EB4778-F2E3-4F33-BAB4-706B4F8E7D36}.Debug|ARM.Deploy.0 = Debug|Any CPU
		{F7EB4778-F2E3-4F33-BAB4-706B4F8E7D36}.Debug|iPhone.ActiveCfg = Debug|Any CPU
		{F7EB4778-F2E3-4F33-BAB4-706B4F8E7D36}.Debug|iPhone.Build.0 = Debug|Any CPU
		{F7EB4778-F2E3-4F33-BAB4-706B4F8E7D36}.Debug|iPhone.Deploy.0 = Debug|Any CPU
		{F7EB4778-F2E3-4F33-BAB4-706B4F8E7D36}.Debug|iPhoneSimulator.ActiveCfg = Debug|Any CPU
		{F7EB4778-F2E3-4F33-BAB4-706B4F8E7D36}.Debug|iPhoneSimulator.Build.0 = Debug|Any CPU
		{F7EB4778-F2E3-4F33-BAB4-706B4F8E7D36}.Debug|iPhoneSimulator.Deploy.0 = Debug|Any CPU
		{F7EB4778-F2E3-4F33-BAB4-706B4F8E7D36}.Debug|x64.ActiveCfg = Debug|Any CPU
		{F7EB4778-F2E3-4F33-BAB4-706B4F8E7D36}.Debug|x64.Build.0 = Debug|Any CPU
		{F7EB4778-F2E3-4F33-BAB4-706B4F8E7D36}.Debug|x64.Deploy.0 = Debug|Any CPU
		{F7EB4778-F2E3-4F33-BAB4-706B4F8E7D36}.Debug|x86.ActiveCfg = Debug|Any CPU
		{F7EB4778-F2E3-4F33-BAB4-706B4F8E7D36}.Debug|x86.Build.0 = Debug|Any CPU
		{F7EB4778-F2E3-4F33-BAB4-706B4F8E7D36}.Debug|x86.Deploy.0 = Debug|Any CPU
		{F7EB4778-F2E3-4F33-BAB4-706B4F8E7D36}.Release|Any CPU.ActiveCfg = Release|Any CPU
		{F7EB4778-F2E3-4F33-BAB4-706B4F8E7D36}.Release|Any CPU.Build.0 = Release|Any CPU
		{F7EB4778-F2E3-4F33-BAB4-706B4F8E7D36}.Release|Any CPU.Deploy.0 = Release|Any CPU
		{F7EB4778-F2E3-4F33-BAB4-706B4F8E7D36}.Release|ARM.ActiveCfg = Release|Any CPU
		{F7EB4778-F2E3-4F33-BAB4-706B4F8E7D36}.Release|ARM.Build.0 = Release|Any CPU
		{F7EB4778-F2E3-4F33-BAB4-706B4F8E7D36}.Release|ARM.Deploy.0 = Release|Any CPU
		{F7EB4778-F2E3-4F33-BAB4-706B4F8E7D36}.Release|iPhone.ActiveCfg = Release|Any CPU
		{F7EB4778-F2E3-4F33-BAB4-706B4F8E7D36}.Release|iPhone.Build.0 = Release|Any CPU
		{F7EB4778-F2E3-4F33-BAB4-706B4F8E7D36}.Release|iPhone.Deploy.0 = Release|Any CPU
		{F7EB4778-F2E3-4F33-BAB4-706B4F8E7D36}.Release|iPhoneSimulator.ActiveCfg = Release|Any CPU
		{F7EB4778-F2E3-4F33-BAB4-706B4F8E7D36}.Release|iPhoneSimulator.Build.0 = Release|Any CPU
		{F7EB4778-F2E3-4F33-BAB4-706B4F8E7D36}.Release|iPhoneSimulator.Deploy.0 = Release|Any CPU
		{F7EB4778-F2E3-4F33-BAB4-706B4F8E7D36}.Release|x64.ActiveCfg = Release|Any CPU
		{F7EB4778-F2E3-4F33-BAB4-706B4F8E7D36}.Release|x64.Build.0 = Release|Any CPU
		{F7EB4778-F2E3-4F33-BAB4-706B4F8E7D36}.Release|x64.Deploy.0 = Release|Any CPU
		{F7EB4778-F2E3-4F33-BAB4-706B4F8E7D36}.Release|x86.ActiveCfg = Release|Any CPU
		{F7EB4778-F2E3-4F33-BAB4-706B4F8E7D36}.Release|x86.Build.0 = Release|Any CPU
		{F7EB4778-F2E3-4F33-BAB4-706B4F8E7D36}.Release|x86.Deploy.0 = Release|Any CPU
	EndGlobalSection
	GlobalSection(SolutionProperties) = preSolution
		HideSolutionNode = FALSE
	EndGlobalSection
	GlobalSection(ExtensibilityGlobals) = postSolution
		SolutionGuid = {435BD8B6-FD82-4751-B70A-CEAFD957FE3A}
	EndGlobalSection
EndGlobal
