
Microsoft Visual Studio Solution File, Format Version 12.00
# Visual Studio Version 17
VisualStudioVersion = 17.1.32210.238
MinimumVisualStudioVersion = 10.0.40219.1
Project("{FAE04EC0-301F-11D3-BF4B-00C04F79EFBC}") = "OxyPlotSample.UWP", "OxyPlotSample\OxyPlotSample.UWP\OxyPlotSample.UWP.csproj", "{D173CD2D-E216-48E8-A497-22F9D4B71AF1}"
EndProject
Project("{FAE04EC0-301F-11D3-BF4B-00C04F79EFBC}") = "OxyPlotSample.Android", "OxyPlotSample\OxyPlotSample.Android\OxyPlotSample.Android.csproj", "{FB61A104-A244-4336-9A4D-2F479DCB7342}"
EndProject
Project("{FAE04EC0-301F-11D3-BF4B-00C04F79EFBC}") = "OxyPlotSample.iOS", "OxyPlotSample\OxyPlotSample.iOS\OxyPlotSample.iOS.csproj", "{BAD5B7D2-4A5F-4D8D-B014-6E5B3EE86FF8}"
EndProject
Project("{FAE04EC0-301F-11D3-BF4B-00C04F79EFBC}") = "OxyPlotSample", "OxyPlotSample\OxyPlotSample\OxyPlotSample.csproj", "{4C39A06D-068F-44FA-89DD-D125199E70A6}"
EndProject
Global
	GlobalSection(SolutionConfigurationPlatforms) = preSolution
		Debug|Any CPU = Debug|Any CPU
		Debug|ARM = Debug|ARM
		Debug|iPhone = Debug|iPhone
		Debug|iPhoneSimulator = Debug|iPhoneSimulator
		Debug|x64 = Debug|x64
		Debug|x86 = Debug|x86
		Release|Any CPU = Release|Any CPU
		Release|ARM = Release|ARM
		Release|iPhone = Release|iPhone
		Release|iPhoneSimulator = Release|iPhoneSimulator
		Release|x64 = Release|x64
		Release|x86 = Release|x86
	EndGlobalSection
	GlobalSection(ProjectConfigurationPlatforms) = postSolution
		{D173CD2D-E216-48E8-A497-22F9D4B71AF1}.Debug|Any CPU.ActiveCfg = Debug|x64
		{D173CD2D-E216-48E8-A497-22F9D4B71AF1}.Debug|Any CPU.Build.0 = Debug|x64
		{D173CD2D-E216-48E8-A497-22F9D4B71AF1}.Debug|Any CPU.Deploy.0 = Debug|x64
		{D173CD2D-E216-48E8-A497-22F9D4B71AF1}.Debug|ARM.ActiveCfg = Debug|ARM
		{D173CD2D-E216-48E8-A497-22F9D4B71AF1}.Debug|ARM.Build.0 = Debug|ARM
		{D173CD2D-E216-48E8-A497-22F9D4B71AF1}.Debug|ARM.Deploy.0 = Debug|ARM
		{D173CD2D-E216-48E8-A497-22F9D4B71AF1}.Debug|iPhone.ActiveCfg = Debug|x64
		{D173CD2D-E216-48E8-A497-22F9D4B71AF1}.Debug|iPhone.Build.0 = Debug|x64
		{D173CD2D-E216-48E8-A497-22F9D4B71AF1}.Debug|iPhone.Deploy.0 = Debug|x64
		{D173CD2D-E216-48E8-A497-22F9D4B71AF1}.Debug|iPhoneSimulator.ActiveCfg = Debug|x64
		{D173CD2D-E216-48E8-A497-22F9D4B71AF1}.Debug|iPhoneSimulator.Build.0 = Debug|x64
		{D173CD2D-E216-48E8-A497-22F9D4B71AF1}.Debug|iPhoneSimulator.Deploy.0 = Debug|x64
		{D173CD2D-E216-48E8-A497-22F9D4B71AF1}.Debug|x64.ActiveCfg = Debug|x64
		{D173CD2D-E216-48E8-A497-22F9D4B71AF1}.Debug|x64.Build.0 = Debug|x64
		{D173CD2D-E216-48E8-A497-22F9D4B71AF1}.Debug|x64.Deploy.0 = Debug|x64
		{D173CD2D-E216-48E8-A497-22F9D4B71AF1}.Debug|x86.ActiveCfg = Debug|x86
		{D173CD2D-E216-48E8-A497-22F9D4B71AF1}.Debug|x86.Build.0 = Debug|x86
		{D173CD2D-E216-48E8-A497-22F9D4B71AF1}.Debug|x86.Deploy.0 = Debug|x86
		{D173CD2D-E216-48E8-A497-22F9D4B71AF1}.Release|Any CPU.ActiveCfg = Release|x64
		{D173CD2D-E216-48E8-A497-22F9D4B71AF1}.Release|Any CPU.Build.0 = Release|x64
		{D173CD2D-E216-48E8-A497-22F9D4B71AF1}.Release|Any CPU.Deploy.0 = Release|x64
		{D173CD2D-E216-48E8-A497-22F9D4B71AF1}.Release|ARM.ActiveCfg = Release|ARM
		{D173CD2D-E216-48E8-A497-22F9D4B71AF1}.Release|ARM.Build.0 = Release|ARM
		{D173CD2D-E216-48E8-A497-22F9D4B71AF1}.Release|ARM.Deploy.0 = Release|ARM
		{D173CD2D-E216-48E8-A497-22F9D4B71AF1}.Release|iPhone.ActiveCfg = Release|x64
		{D173CD2D-E216-48E8-A497-22F9D4B71AF1}.Release|iPhone.Build.0 = Release|x64
		{D173CD2D-E216-48E8-A497-22F9D4B71AF1}.Release|iPhone.Deploy.0 = Release|x64
		{D173CD2D-E216-48E8-A497-22F9D4B71AF1}.Release|iPhoneSimulator.ActiveCfg = Release|x64
		{D173CD2D-E216-48E8-A497-22F9D4B71AF1}.Release|iPhoneSimulator.Build.0 = Release|x64
		{D173CD2D-E216-48E8-A497-22F9D4B71AF1}.Release|iPhoneSimulator.Deploy.0 = Release|x64
		{D173CD2D-E216-48E8-A497-22F9D4B71AF1}.Release|x64.ActiveCfg = Release|x64
		{D173CD2D-E216-48E8-A497-22F9D4B71AF1}.Release|x64.Build.0 = Release|x64
		{D173CD2D-E216-48E8-A497-22F9D4B71AF1}.Release|x64.Deploy.0 = Release|x64
		{D173CD2D-E216-48E8-A497-22F9D4B71AF1}.Release|x86.ActiveCfg = Release|x86
		{D173CD2D-E216-48E8-A497-22F9D4B71AF1}.Release|x86.Build.0 = Release|x86
		{D173CD2D-E216-48E8-A497-22F9D4B71AF1}.Release|x86.Deploy.0 = Release|x86
		{FB61A104-A244-4336-9A4D-2F479DCB7342}.Debug|Any CPU.ActiveCfg = Debug|Any CPU
		{FB61A104-A244-4336-9A4D-2F479DCB7342}.Debug|Any CPU.Build.0 = Debug|Any CPU
		{FB61A104-A244-4336-9A4D-2F479DCB7342}.Debug|Any CPU.Deploy.0 = Debug|Any CPU
		{FB61A104-A244-4336-9A4D-2F479DCB7342}.Debug|ARM.ActiveCfg = Debug|Any CPU
		{FB61A104-A244-4336-9A4D-2F479DCB7342}.Debug|ARM.Build.0 = Debug|Any CPU
		{FB61A104-A244-4336-9A4D-2F479DCB7342}.Debug|ARM.Deploy.0 = Debug|Any CPU
		{FB61A104-A244-4336-9A4D-2F479DCB7342}.Debug|iPhone.ActiveCfg = Debug|Any CPU
		{FB61A104-A244-4336-9A4D-2F479DCB7342}.Debug|iPhone.Build.0 = Debug|Any CPU
		{FB61A104-A244-4336-9A4D-2F479DCB7342}.Debug|iPhone.Deploy.0 = Debug|Any CPU
		{FB61A104-A244-4336-9A4D-2F479DCB7342}.Debug|iPhoneSimulator.ActiveCfg = Debug|Any CPU
		{FB61A104-A244-4336-9A4D-2F479DCB7342}.Debug|iPhoneSimulator.Build.0 = Debug|Any CPU
		{FB61A104-A244-4336-9A4D-2F479DCB7342}.Debug|iPhoneSimulator.Deploy.0 = Debug|Any CPU
		{FB61A104-A244-4336-9A4D-2F479DCB7342}.Debug|x64.ActiveCfg = Debug|Any CPU
		{FB61A104-A244-4336-9A4D-2F479DCB7342}.Debug|x64.Build.0 = Debug|Any CPU
		{FB61A104-A244-4336-9A4D-2F479DCB7342}.Debug|x64.Deploy.0 = Debug|Any CPU
		{FB61A104-A244-4336-9A4D-2F479DCB7342}.Debug|x86.ActiveCfg = Debug|Any CPU
		{FB61A104-A244-4336-9A4D-2F479DCB7342}.Debug|x86.Build.0 = Debug|Any CPU
		{FB61A104-A244-4336-9A4D-2F479DCB7342}.Debug|x86.Deploy.0 = Debug|Any CPU
		{FB61A104-A244-4336-9A4D-2F479DCB7342}.Release|Any CPU.ActiveCfg = Release|Any CPU
		{FB61A104-A244-4336-9A4D-2F479DCB7342}.Release|Any CPU.Build.0 = Release|Any CPU
		{FB61A104-A244-4336-9A4D-2F479DCB7342}.Release|Any CPU.Deploy.0 = Release|Any CPU
		{FB61A104-A244-4336-9A4D-2F479DCB7342}.Release|ARM.ActiveCfg = Release|Any CPU
		{FB61A104-A244-4336-9A4D-2F479DCB7342}.Release|ARM.Build.0 = Release|Any CPU
		{FB61A104-A244-4336-9A4D-2F479DCB7342}.Release|ARM.Deploy.0 = Release|Any CPU
		{FB61A104-A244-4336-9A4D-2F479DCB7342}.Release|iPhone.ActiveCfg = Release|Any CPU
		{FB61A104-A244-4336-9A4D-2F479DCB7342}.Release|iPhone.Build.0 = Release|Any CPU
		{FB61A104-A244-4336-9A4D-2F479DCB7342}.Release|iPhone.Deploy.0 = Release|Any CPU
		{FB61A104-A244-4336-9A4D-2F479DCB7342}.Release|iPhoneSimulator.ActiveCfg = Release|Any CPU
		{FB61A104-A244-4336-9A4D-2F479DCB7342}.Release|iPhoneSimulator.Build.0 = Release|Any CPU
		{FB61A104-A244-4336-9A4D-2F479DCB7342}.Release|iPhoneSimulator.Deploy.0 = Release|Any CPU
		{FB61A104-A244-4336-9A4D-2F479DCB7342}.Release|x64.ActiveCfg = Release|Any CPU
		{FB61A104-A244-4336-9A4D-2F479DCB7342}.Release|x64.Build.0 = Release|Any CPU
		{FB61A104-A244-4336-9A4D-2F479DCB7342}.Release|x64.Deploy.0 = Release|Any CPU
		{FB61A104-A244-4336-9A4D-2F479DCB7342}.Release|x86.ActiveCfg = Release|Any CPU
		{FB61A104-A244-4336-9A4D-2F479DCB7342}.Release|x86.Build.0 = Release|Any CPU
		{FB61A104-A244-4336-9A4D-2F479DCB7342}.Release|x86.Deploy.0 = Release|Any CPU
		{BAD5B7D2-4A5F-4D8D-B014-6E5B3EE86FF8}.Debug|Any CPU.ActiveCfg = Debug|iPhoneSimulator
		{BAD5B7D2-4A5F-4D8D-B014-6E5B3EE86FF8}.Debug|Any CPU.Build.0 = Debug|iPhoneSimulator
		{BAD5B7D2-4A5F-4D8D-B014-6E5B3EE86FF8}.Debug|Any CPU.Deploy.0 = Debug|iPhoneSimulator
		{BAD5B7D2-4A5F-4D8D-B014-6E5B3EE86FF8}.Debug|ARM.ActiveCfg = Debug|iPhoneSimulator
		{BAD5B7D2-4A5F-4D8D-B014-6E5B3EE86FF8}.Debug|ARM.Build.0 = Debug|iPhoneSimulator
		{BAD5B7D2-4A5F-4D8D-B014-6E5B3EE86FF8}.Debug|ARM.Deploy.0 = Debug|iPhoneSimulator
		{BAD5B7D2-4A5F-4D8D-B014-6E5B3EE86FF8}.Debug|iPhone.ActiveCfg = Debug|iPhone
		{BAD5B7D2-4A5F-4D8D-B014-6E5B3EE86FF8}.Debug|iPhone.Build.0 = Debug|iPhone
		{BAD5B7D2-4A5F-4D8D-B014-6E5B3EE86FF8}.Debug|iPhone.Deploy.0 = Debug|iPhone
		{BAD5B7D2-4A5F-4D8D-B014-6E5B3EE86FF8}.Debug|iPhoneSimulator.ActiveCfg = Debug|iPhoneSimulator
		{BAD5B7D2-4A5F-4D8D-B014-6E5B3EE86FF8}.Debug|iPhoneSimulator.Build.0 = Debug|iPhoneSimulator
		{BAD5B7D2-4A5F-4D8D-B014-6E5B3EE86FF8}.Debug|iPhoneSimulator.Deploy.0 = Debug|iPhoneSimulator
		{BAD5B7D2-4A5F-4D8D-B014-6E5B3EE86FF8}.Debug|x64.ActiveCfg = Debug|iPhone
		{BAD5B7D2-4A5F-4D8D-B014-6E5B3EE86FF8}.Debug|x64.Build.0 = Debug|iPhone
		{BAD5B7D2-4A5F-4D8D-B014-6E5B3EE86FF8}.Debug|x64.Deploy.0 = Debug|iPhone
		{BAD5B7D2-4A5F-4D8D-B014-6E5B3EE86FF8}.Debug|x86.ActiveCfg = Debug|iPhoneSimulator
		{BAD5B7D2-4A5F-4D8D-B014-6E5B3EE86FF8}.Debug|x86.Build.0 = Debug|iPhoneSimulator
		{BAD5B7D2-4A5F-4D8D-B014-6E5B3EE86FF8}.Debug|x86.Deploy.0 = Debug|iPhoneSimulator
		{BAD5B7D2-4A5F-4D8D-B014-6E5B3EE86FF8}.Release|Any CPU.ActiveCfg = Release|iPhoneSimulator
		{BAD5B7D2-4A5F-4D8D-B014-6E5B3EE86FF8}.Release|Any CPU.Build.0 = Release|iPhoneSimulator
		{BAD5B7D2-4A5F-4D8D-B014-6E5B3EE86FF8}.Release|Any CPU.Deploy.0 = Release|iPhoneSimulator
		{BAD5B7D2-4A5F-4D8D-B014-6E5B3EE86FF8}.Release|ARM.ActiveCfg = Release|iPhoneSimulator
		{BAD5B7D2-4A5F-4D8D-B014-6E5B3EE86FF8}.Release|ARM.Build.0 = Release|iPhoneSimulator
		{BAD5B7D2-4A5F-4D8D-B014-6E5B3EE86FF8}.Release|ARM.Deploy.0 = Release|iPhoneSimulator
		{BAD5B7D2-4A5F-4D8D-B014-6E5B3EE86FF8}.Release|iPhone.ActiveCfg = Release|iPhone
		{BAD5B7D2-4A5F-4D8D-B014-6E5B3EE86FF8}.Release|iPhone.Build.0 = Release|iPhone
		{BAD5B7D2-4A5F-4D8D-B014-6E5B3EE86FF8}.Release|iPhone.Deploy.0 = Release|iPhone
		{BAD5B7D2-4A5F-4D8D-B014-6E5B3EE86FF8}.Release|iPhoneSimulator.ActiveCfg = Release|iPhoneSimulator
		{BAD5B7D2-4A5F-4D8D-B014-6E5B3EE86FF8}.Release|iPhoneSimulator.Build.0 = Release|iPhoneSimulator
		{BAD5B7D2-4A5F-4D8D-B014-6E5B3EE86FF8}.Release|iPhoneSimulator.Deploy.0 = Release|iPhoneSimulator
		{BAD5B7D2-4A5F-4D8D-B014-6E5B3EE86FF8}.Release|x64.ActiveCfg = Release|iPhoneSimulator
		{BAD5B7D2-4A5F-4D8D-B014-6E5B3EE86FF8}.Release|x64.Build.0 = Release|iPhoneSimulator
		{BAD5B7D2-4A5F-4D8D-B014-6E5B3EE86FF8}.Release|x64.Deploy.0 = Release|iPhoneSimulator
		{BAD5B7D2-4A5F-4D8D-B014-6E5B3EE86FF8}.Release|x86.ActiveCfg = Release|iPhoneSimulator
		{BAD5B7D2-4A5F-4D8D-B014-6E5B3EE86FF8}.Release|x86.Build.0 = Release|iPhoneSimulator
		{BAD5B7D2-4A5F-4D8D-B014-6E5B3EE86FF8}.Release|x86.Deploy.0 = Release|iPhoneSimulator
		{4C39A06D-068F-44FA-89DD-D125199E70A6}.Debug|Any CPU.ActiveCfg = Debug|Any CPU
		{4C39A06D-068F-44FA-89DD-D125199E70A6}.Debug|Any CPU.Build.0 = Debug|Any CPU
		{4C39A06D-068F-44FA-89DD-D125199E70A6}.Debug|Any CPU.Deploy.0 = Debug|Any CPU
		{4C39A06D-068F-44FA-89DD-D125199E70A6}.Debug|ARM.ActiveCfg = Debug|Any CPU
		{4C39A06D-068F-44FA-89DD-D125199E70A6}.Debug|ARM.Build.0 = Debug|Any CPU
		{4C39A06D-068F-44FA-89DD-D125199E70A6}.Debug|ARM.Deploy.0 = Debug|Any CPU
		{4C39A06D-068F-44FA-89DD-D125199E70A6}.Debug|iPhone.ActiveCfg = Debug|Any CPU
		{4C39A06D-068F-44FA-89DD-D125199E70A6}.Debug|iPhone.Build.0 = Debug|Any CPU
		{4C39A06D-068F-44FA-89DD-D125199E70A6}.Debug|iPhone.Deploy.0 = Debug|Any CPU
		{4C39A06D-068F-44FA-89DD-D125199E70A6}.Debug|iPhoneSimulator.ActiveCfg = Debug|Any CPU
		{4C39A06D-068F-44FA-89DD-D125199E70A6}.Debug|iPhoneSimulator.Build.0 = Debug|Any CPU
		{4C39A06D-068F-44FA-89DD-D125199E70A6}.Debug|iPhoneSimulator.Deploy.0 = Debug|Any CPU
		{4C39A06D-068F-44FA-89DD-D125199E70A6}.Debug|x64.ActiveCfg = Debug|Any CPU
		{4C39A06D-068F-44FA-89DD-D125199E70A6}.Debug|x64.Build.0 = Debug|Any CPU
		{4C39A06D-068F-44FA-89DD-D125199E70A6}.Debug|x64.Deploy.0 = Debug|Any CPU
		{4C39A06D-068F-44FA-89DD-D125199E70A6}.Debug|x86.ActiveCfg = Debug|Any CPU
		{4C39A06D-068F-44FA-89DD-D125199E70A6}.Debug|x86.Build.0 = Debug|Any CPU
		{4C39A06D-068F-44FA-89DD-D125199E70A6}.Debug|x86.Deploy.0 = Debug|Any CPU
		{4C39A06D-068F-44FA-89DD-D125199E70A6}.Release|Any CPU.ActiveCfg = Release|Any CPU
		{4C39A06D-068F-44FA-89DD-D125199E70A6}.Release|Any CPU.Build.0 = Release|Any CPU
		{4C39A06D-068F-44FA-89DD-D125199E70A6}.Release|Any CPU.Deploy.0 = Release|Any CPU
		{4C39A06D-068F-44FA-89DD-D125199E70A6}.Release|ARM.ActiveCfg = Release|Any CPU
		{4C39A06D-068F-44FA-89DD-D125199E70A6}.Release|ARM.Build.0 = Release|Any CPU
		{4C39A06D-068F-44FA-89DD-D125199E70A6}.Release|ARM.Deploy.0 = Release|Any CPU
		{4C39A06D-068F-44FA-89DD-D125199E70A6}.Release|iPhone.ActiveCfg = Release|Any CPU
		{4C39A06D-068F-44FA-89DD-D125199E70A6}.Release|iPhone.Build.0 = Release|Any CPU
		{4C39A06D-068F-44FA-89DD-D125199E70A6}.Release|iPhone.Deploy.0 = Release|Any CPU
		{4C39A06D-068F-44FA-89DD-D125199E70A6}.Release|iPhoneSimulator.ActiveCfg = Release|Any CPU
		{4C39A06D-068F-44FA-89DD-D125199E70A6}.Release|iPhoneSimulator.Build.0 = Release|Any CPU
		{4C39A06D-068F-44FA-89DD-D125199E70A6}.Release|iPhoneSimulator.Deploy.0 = Release|Any CPU
		{4C39A06D-068F-44FA-89DD-D125199E70A6}.Release|x64.ActiveCfg = Release|Any CPU
		{4C39A06D-068F-44FA-89DD-D125199E70A6}.Release|x64.Build.0 = Release|Any CPU
		{4C39A06D-068F-44FA-89DD-D125199E70A6}.Release|x64.Deploy.0 = Release|Any CPU
		{4C39A06D-068F-44FA-89DD-D125199E70A6}.Release|x86.ActiveCfg = Release|Any CPU
		{4C39A06D-068F-44FA-89DD-D125199E70A6}.Release|x86.Build.0 = Release|Any CPU
		{4C39A06D-068F-44FA-89DD-D125199E70A6}.Release|x86.Deploy.0 = Release|Any CPU
	EndGlobalSection
	GlobalSection(SolutionProperties) = preSolution
		HideSolutionNode = FALSE
	EndGlobalSection
	GlobalSection(ExtensibilityGlobals) = postSolution
		SolutionGuid = {B9475208-BF16-415F-951A-175184704B0D}
	EndGlobalSection
EndGlobal
