
Microsoft Visual Studio Solution File, Format Version 12.00
# Visual Studio 15
VisualStudioVersion = 15.0.28307.489
MinimumVisualStudioVersion = 10.0.40219.1
Project("{FAE04EC0-301F-11D3-BF4B-00C04F79EFBC}") = "Triggers.Android", "Triggers\Triggers.Android\Triggers.Android.csproj", "{57C66EBC-1AF7-4817-A8A4-4C97F5A6D490}"
EndProject
Project("{FAE04EC0-301F-11D3-BF4B-00C04F79EFBC}") = "Triggers.iOS", "Triggers\Triggers.iOS\Triggers.iOS.csproj", "{E7A7CA53-16D4-4939-AF7D-99DAE6CD96C8}"
EndProject
Project("{FAE04EC0-301F-11D3-BF4B-00C04F79EFBC}") = "Triggers", "Triggers\Triggers\Triggers.csproj", "{559FFD64-7650-483A-888F-894D9C2D24D6}"
EndProject
Global
	GlobalSection(SolutionConfigurationPlatforms) = preSolution
		Ad-Hoc|Any CPU = Ad-Hoc|Any CPU
		Ad-Hoc|iPhone = Ad-Hoc|iPhone
		Ad-Hoc|iPhoneSimulator = Ad-Hoc|iPhoneSimulator
		AppStore|Any CPU = AppStore|Any CPU
		AppStore|iPhone = AppStore|iPhone
		AppStore|iPhoneSimulator = AppStore|iPhoneSimulator
		Debug|Any CPU = Debug|Any CPU
		Debug|iPhone = Debug|iPhone
		Debug|iPhoneSimulator = Debug|iPhoneSimulator
		Release|Any CPU = Release|Any CPU
		Release|iPhone = Release|iPhone
		Release|iPhoneSimulator = Release|iPhoneSimulator
	EndGlobalSection
	GlobalSection(ProjectConfigurationPlatforms) = postSolution
		{57C66EBC-1AF7-4817-A8A4-4C97F5A6D490}.Ad-Hoc|Any CPU.ActiveCfg = Release|Any CPU
		{57C66EBC-1AF7-4817-A8A4-4C97F5A6D490}.Ad-Hoc|Any CPU.Build.0 = Release|Any CPU
		{57C66EBC-1AF7-4817-A8A4-4C97F5A6D490}.Ad-Hoc|Any CPU.Deploy.0 = Release|Any CPU
		{57C66EBC-1AF7-4817-A8A4-4C97F5A6D490}.Ad-Hoc|iPhone.ActiveCfg = Release|Any CPU
		{57C66EBC-1AF7-4817-A8A4-4C97F5A6D490}.Ad-Hoc|iPhone.Build.0 = Release|Any CPU
		{57C66EBC-1AF7-4817-A8A4-4C97F5A6D490}.Ad-Hoc|iPhone.Deploy.0 = Release|Any CPU
		{57C66EBC-1AF7-4817-A8A4-4C97F5A6D490}.Ad-Hoc|iPhoneSimulator.ActiveCfg = Release|Any CPU
		{57C66EBC-1AF7-4817-A8A4-4C97F5A6D490}.Ad-Hoc|iPhoneSimulator.Build.0 = Release|Any CPU
		{57C66EBC-1AF7-4817-A8A4-4C97F5A6D490}.Ad-Hoc|iPhoneSimulator.Deploy.0 = Release|Any CPU
		{57C66EBC-1AF7-4817-A8A4-4C97F5A6D490}.AppStore|Any CPU.ActiveCfg = Release|Any CPU
		{57C66EBC-1AF7-4817-A8A4-4C97F5A6D490}.AppStore|Any CPU.Build.0 = Release|Any CPU
		{57C66EBC-1AF7-4817-A8A4-4C97F5A6D490}.AppStore|Any CPU.Deploy.0 = Release|Any CPU
		{57C66EBC-1AF7-4817-A8A4-4C97F5A6D490}.AppStore|iPhone.ActiveCfg = Release|Any CPU
		{57C66EBC-1AF7-4817-A8A4-4C97F5A6D490}.AppStore|iPhone.Build.0 = Release|Any CPU
		{57C66EBC-1AF7-4817-A8A4-4C97F5A6D490}.AppStore|iPhone.Deploy.0 = Release|Any CPU
		{57C66EBC-1AF7-4817-A8A4-4C97F5A6D490}.AppStore|iPhoneSimulator.ActiveCfg = Release|Any CPU
		{57C66EBC-1AF7-4817-A8A4-4C97F5A6D490}.AppStore|iPhoneSimulator.Build.0 = Release|Any CPU
		{57C66EBC-1AF7-4817-A8A4-4C97F5A6D490}.AppStore|iPhoneSimulator.Deploy.0 = Release|Any CPU
		{57C66EBC-1AF7-4817-A8A4-4C97F5A6D490}.Debug|Any CPU.ActiveCfg = Debug|Any CPU
		{57C66EBC-1AF7-4817-A8A4-4C97F5A6D490}.Debug|Any CPU.Build.0 = Debug|Any CPU
		{57C66EBC-1AF7-4817-A8A4-4C97F5A6D490}.Debug|Any CPU.Deploy.0 = Debug|Any CPU
		{57C66EBC-1AF7-4817-A8A4-4C97F5A6D490}.Debug|iPhone.ActiveCfg = Debug|Any CPU
		{57C66EBC-1AF7-4817-A8A4-4C97F5A6D490}.Debug|iPhone.Build.0 = Debug|Any CPU
		{57C66EBC-1AF7-4817-A8A4-4C97F5A6D490}.Debug|iPhone.Deploy.0 = Debug|Any CPU
		{57C66EBC-1AF7-4817-A8A4-4C97F5A6D490}.Debug|iPhoneSimulator.ActiveCfg = Debug|Any CPU
		{57C66EBC-1AF7-4817-A8A4-4C97F5A6D490}.Debug|iPhoneSimulator.Build.0 = Debug|Any CPU
		{57C66EBC-1AF7-4817-A8A4-4C97F5A6D490}.Debug|iPhoneSimulator.Deploy.0 = Debug|Any CPU
		{57C66EBC-1AF7-4817-A8A4-4C97F5A6D490}.Release|Any CPU.ActiveCfg = Release|Any CPU
		{57C66EBC-1AF7-4817-A8A4-4C97F5A6D490}.Release|Any CPU.Build.0 = Release|Any CPU
		{57C66EBC-1AF7-4817-A8A4-4C97F5A6D490}.Release|Any CPU.Deploy.0 = Release|Any CPU
		{57C66EBC-1AF7-4817-A8A4-4C97F5A6D490}.Release|iPhone.ActiveCfg = Release|Any CPU
		{57C66EBC-1AF7-4817-A8A4-4C97F5A6D490}.Release|iPhone.Build.0 = Release|Any CPU
		{57C66EBC-1AF7-4817-A8A4-4C97F5A6D490}.Release|iPhone.Deploy.0 = Release|Any CPU
		{57C66EBC-1AF7-4817-A8A4-4C97F5A6D490}.Release|iPhoneSimulator.ActiveCfg = Release|Any CPU
		{57C66EBC-1AF7-4817-A8A4-4C97F5A6D490}.Release|iPhoneSimulator.Build.0 = Release|Any CPU
		{57C66EBC-1AF7-4817-A8A4-4C97F5A6D490}.Release|iPhoneSimulator.Deploy.0 = Release|Any CPU
		{E7A7CA53-16D4-4939-AF7D-99DAE6CD96C8}.Ad-Hoc|Any CPU.ActiveCfg = Ad-Hoc|iPhone
		{E7A7CA53-16D4-4939-AF7D-99DAE6CD96C8}.Ad-Hoc|Any CPU.Build.0 = Ad-Hoc|iPhone
		{E7A7CA53-16D4-4939-AF7D-99DAE6CD96C8}.Ad-Hoc|Any CPU.Deploy.0 = Ad-Hoc|iPhone
		{E7A7CA53-16D4-4939-AF7D-99DAE6CD96C8}.Ad-Hoc|iPhone.ActiveCfg = Ad-Hoc|iPhone
		{E7A7CA53-16D4-4939-AF7D-99DAE6CD96C8}.Ad-Hoc|iPhone.Build.0 = Ad-Hoc|iPhone
		{E7A7CA53-16D4-4939-AF7D-99DAE6CD96C8}.Ad-Hoc|iPhone.Deploy.0 = Ad-Hoc|iPhone
		{E7A7CA53-16D4-4939-AF7D-99DAE6CD96C8}.Ad-Hoc|iPhoneSimulator.ActiveCfg = Ad-Hoc|iPhoneSimulator
		{E7A7CA53-16D4-4939-AF7D-99DAE6CD96C8}.Ad-Hoc|iPhoneSimulator.Build.0 = Ad-Hoc|iPhoneSimulator
		{E7A7CA53-16D4-4939-AF7D-99DAE6CD96C8}.Ad-Hoc|iPhoneSimulator.Deploy.0 = Ad-Hoc|iPhoneSimulator
		{E7A7CA53-16D4-4939-AF7D-99DAE6CD96C8}.AppStore|Any CPU.ActiveCfg = AppStore|iPhone
		{E7A7CA53-16D4-4939-AF7D-99DAE6CD96C8}.AppStore|Any CPU.Build.0 = AppStore|iPhone
		{E7A7CA53-16D4-4939-AF7D-99DAE6CD96C8}.AppStore|Any CPU.Deploy.0 = AppStore|iPhone
		{E7A7CA53-16D4-4939-AF7D-99DAE6CD96C8}.AppStore|iPhone.ActiveCfg = AppStore|iPhone
		{E7A7CA53-16D4-4939-AF7D-99DAE6CD96C8}.AppStore|iPhone.Build.0 = AppStore|iPhone
		{E7A7CA53-16D4-4939-AF7D-99DAE6CD96C8}.AppStore|iPhone.Deploy.0 = AppStore|iPhone
		{E7A7CA53-16D4-4939-AF7D-99DAE6CD96C8}.AppStore|iPhoneSimulator.ActiveCfg = AppStore|iPhoneSimulator
		{E7A7CA53-16D4-4939-AF7D-99DAE6CD96C8}.AppStore|iPhoneSimulator.Build.0 = AppStore|iPhoneSimulator
		{E7A7CA53-16D4-4939-AF7D-99DAE6CD96C8}.AppStore|iPhoneSimulator.Deploy.0 = AppStore|iPhoneSimulator
		{E7A7CA53-16D4-4939-AF7D-99DAE6CD96C8}.Debug|Any CPU.ActiveCfg = Debug|iPhoneSimulator
		{E7A7CA53-16D4-4939-AF7D-99DAE6CD96C8}.Debug|Any CPU.Build.0 = Debug|iPhoneSimulator
		{E7A7CA53-16D4-4939-AF7D-99DAE6CD96C8}.Debug|Any CPU.Deploy.0 = Debug|iPhoneSimulator
		{E7A7CA53-16D4-4939-AF7D-99DAE6CD96C8}.Debug|iPhone.ActiveCfg = Debug|iPhone
		{E7A7CA53-16D4-4939-AF7D-99DAE6CD96C8}.Debug|iPhone.Build.0 = Debug|iPhone
		{E7A7CA53-16D4-4939-AF7D-99DAE6CD96C8}.Debug|iPhone.Deploy.0 = Debug|iPhone
		{E7A7CA53-16D4-4939-AF7D-99DAE6CD96C8}.Debug|iPhoneSimulator.ActiveCfg = Debug|iPhoneSimulator
		{E7A7CA53-16D4-4939-AF7D-99DAE6CD96C8}.Debug|iPhoneSimulator.Build.0 = Debug|iPhoneSimulator
		{E7A7CA53-16D4-4939-AF7D-99DAE6CD96C8}.Debug|iPhoneSimulator.Deploy.0 = Debug|iPhoneSimulator
		{E7A7CA53-16D4-4939-AF7D-99DAE6CD96C8}.Release|Any CPU.ActiveCfg = Release|iPhone
		{E7A7CA53-16D4-4939-AF7D-99DAE6CD96C8}.Release|Any CPU.Build.0 = Release|iPhone
		{E7A7CA53-16D4-4939-AF7D-99DAE6CD96C8}.Release|Any CPU.Deploy.0 = Release|iPhone
		{E7A7CA53-16D4-4939-AF7D-99DAE6CD96C8}.Release|iPhone.ActiveCfg = Release|iPhone
		{E7A7CA53-16D4-4939-AF7D-99DAE6CD96C8}.Release|iPhone.Build.0 = Release|iPhone
		{E7A7CA53-16D4-4939-AF7D-99DAE6CD96C8}.Release|iPhone.Deploy.0 = Release|iPhone
		{E7A7CA53-16D4-4939-AF7D-99DAE6CD96C8}.Release|iPhoneSimulator.ActiveCfg = Release|iPhoneSimulator
		{E7A7CA53-16D4-4939-AF7D-99DAE6CD96C8}.Release|iPhoneSimulator.Build.0 = Release|iPhoneSimulator
		{E7A7CA53-16D4-4939-AF7D-99DAE6CD96C8}.Release|iPhoneSimulator.Deploy.0 = Release|iPhoneSimulator
		{559FFD64-7650-483A-888F-894D9C2D24D6}.Ad-Hoc|Any CPU.ActiveCfg = Debug|Any CPU
		{559FFD64-7650-483A-888F-894D9C2D24D6}.Ad-Hoc|Any CPU.Build.0 = Debug|Any CPU
		{559FFD64-7650-483A-888F-894D9C2D24D6}.Ad-Hoc|Any CPU.Deploy.0 = Debug|Any CPU
		{559FFD64-7650-483A-888F-894D9C2D24D6}.Ad-Hoc|iPhone.ActiveCfg = Debug|Any CPU
		{559FFD64-7650-483A-888F-894D9C2D24D6}.Ad-Hoc|iPhone.Build.0 = Debug|Any CPU
		{559FFD64-7650-483A-888F-894D9C2D24D6}.Ad-Hoc|iPhone.Deploy.0 = Debug|Any CPU
		{559FFD64-7650-483A-888F-894D9C2D24D6}.Ad-Hoc|iPhoneSimulator.ActiveCfg = Debug|Any CPU
		{559FFD64-7650-483A-888F-894D9C2D24D6}.Ad-Hoc|iPhoneSimulator.Build.0 = Debug|Any CPU
		{559FFD64-7650-483A-888F-894D9C2D24D6}.Ad-Hoc|iPhoneSimulator.Deploy.0 = Debug|Any CPU
		{559FFD64-7650-483A-888F-894D9C2D24D6}.AppStore|Any CPU.ActiveCfg = Debug|Any CPU
		{559FFD64-7650-483A-888F-894D9C2D24D6}.AppStore|Any CPU.Build.0 = Debug|Any CPU
		{559FFD64-7650-483A-888F-894D9C2D24D6}.AppStore|Any CPU.Deploy.0 = Debug|Any CPU
		{559FFD64-7650-483A-888F-894D9C2D24D6}.AppStore|iPhone.ActiveCfg = Debug|Any CPU
		{559FFD64-7650-483A-888F-894D9C2D24D6}.AppStore|iPhone.Build.0 = Debug|Any CPU
		{559FFD64-7650-483A-888F-894D9C2D24D6}.AppStore|iPhone.Deploy.0 = Debug|Any CPU
		{559FFD64-7650-483A-888F-894D9C2D24D6}.AppStore|iPhoneSimulator.ActiveCfg = Debug|Any CPU
		{559FFD64-7650-483A-888F-894D9C2D24D6}.AppStore|iPhoneSimulator.Build.0 = Debug|Any CPU
		{559FFD64-7650-483A-888F-894D9C2D24D6}.AppStore|iPhoneSimulator.Deploy.0 = Debug|Any CPU
		{559FFD64-7650-483A-888F-894D9C2D24D6}.Debug|Any CPU.ActiveCfg = Debug|Any CPU
		{559FFD64-7650-483A-888F-894D9C2D24D6}.Debug|Any CPU.Build.0 = Debug|Any CPU
		{559FFD64-7650-483A-888F-894D9C2D24D6}.Debug|Any CPU.Deploy.0 = Debug|Any CPU
		{559FFD64-7650-483A-888F-894D9C2D24D6}.Debug|iPhone.ActiveCfg = Debug|Any CPU
		{559FFD64-7650-483A-888F-894D9C2D24D6}.Debug|iPhone.Build.0 = Debug|Any CPU
		{559FFD64-7650-483A-888F-894D9C2D24D6}.Debug|iPhone.Deploy.0 = Debug|Any CPU
		{559FFD64-7650-483A-888F-894D9C2D24D6}.Debug|iPhoneSimulator.ActiveCfg = Debug|Any CPU
		{559FFD64-7650-483A-888F-894D9C2D24D6}.Debug|iPhoneSimulator.Build.0 = Debug|Any CPU
		{559FFD64-7650-483A-888F-894D9C2D24D6}.Debug|iPhoneSimulator.Deploy.0 = Debug|Any CPU
		{559FFD64-7650-483A-888F-894D9C2D24D6}.Release|Any CPU.ActiveCfg = Release|Any CPU
		{559FFD64-7650-483A-888F-894D9C2D24D6}.Release|Any CPU.Build.0 = Release|Any CPU
		{559FFD64-7650-483A-888F-894D9C2D24D6}.Release|Any CPU.Deploy.0 = Release|Any CPU
		{559FFD64-7650-483A-888F-894D9C2D24D6}.Release|iPhone.ActiveCfg = Release|Any CPU
		{559FFD64-7650-483A-888F-894D9C2D24D6}.Release|iPhone.Build.0 = Release|Any CPU
		{559FFD64-7650-483A-888F-894D9C2D24D6}.Release|iPhone.Deploy.0 = Release|Any CPU
		{559FFD64-7650-483A-888F-894D9C2D24D6}.Release|iPhoneSimulator.ActiveCfg = Release|Any CPU
		{559FFD64-7650-483A-888F-894D9C2D24D6}.Release|iPhoneSimulator.Build.0 = Release|Any CPU
		{559FFD64-7650-483A-888F-894D9C2D24D6}.Release|iPhoneSimulator.Deploy.0 = Release|Any CPU
	EndGlobalSection
	GlobalSection(SolutionProperties) = preSolution
		HideSolutionNode = FALSE
	EndGlobalSection
	GlobalSection(ExtensibilityGlobals) = postSolution
		SolutionGuid = {53ADAEE4-65FC-4D98-80A5-A98E47F6DBBF}
	EndGlobalSection
EndGlobal
