
Microsoft Visual Studio Solution File, Format Version 12.00
# Visual Studio 15
VisualStudioVersion = 15.0.28307.489
MinimumVisualStudioVersion = 10.0.40219.1
Project("{FAE04EC0-301F-11D3-BF4B-00C04F79EFBC}") = "UsingFonts.Android", "UsingFonts\UsingFonts.Android\UsingFonts.Android.csproj", "{4B29CF3C-B73B-48E3-AE3D-33CBB5961140}"
EndProject
Project("{FAE04EC0-301F-11D3-BF4B-00C04F79EFBC}") = "UsingFonts.iOS", "UsingFonts\UsingFonts.iOS\UsingFonts.iOS.csproj", "{CDD7C6A8-43A3-4191-BDC4-60406B791E7C}"
EndProject
Project("{FAE04EC0-301F-11D3-BF4B-00C04F79EFBC}") = "UsingFonts", "UsingFonts\UsingFonts\UsingFonts.csproj", "{7D5003CC-30B3-469E-960E-9ED5EDC74D95}"
EndProject
Global
	GlobalSection(SolutionConfigurationPlatforms) = preSolution
		Ad-Hoc|Any CPU = Ad-Hoc|Any CPU
		Ad-Hoc|iPhone = Ad-Hoc|iPhone
		Ad-Hoc|iPhoneSimulator = Ad-Hoc|iPhoneSimulator
		AppStore|Any CPU = AppStore|Any CPU
		AppStore|iPhone = AppStore|iPhone
		AppStore|iPhoneSimulator = AppStore|iPhoneSimulator
		Debug|Any CPU = Debug|Any CPU
		Debug|iPhone = Debug|iPhone
		Debug|iPhoneSimulator = Debug|iPhoneSimulator
		Release|Any CPU = Release|Any CPU
		Release|iPhone = Release|iPhone
		Release|iPhoneSimulator = Release|iPhoneSimulator
	EndGlobalSection
	GlobalSection(ProjectConfigurationPlatforms) = postSolution
		{4B29CF3C-B73B-48E3-AE3D-33CBB5961140}.Ad-Hoc|Any CPU.ActiveCfg = Release|Any CPU
		{4B29CF3C-B73B-48E3-AE3D-33CBB5961140}.Ad-Hoc|Any CPU.Build.0 = Release|Any CPU
		{4B29CF3C-B73B-48E3-AE3D-33CBB5961140}.Ad-Hoc|Any CPU.Deploy.0 = Release|Any CPU
		{4B29CF3C-B73B-48E3-AE3D-33CBB5961140}.Ad-Hoc|iPhone.ActiveCfg = Release|Any CPU
		{4B29CF3C-B73B-48E3-AE3D-33CBB5961140}.Ad-Hoc|iPhone.Build.0 = Release|Any CPU
		{4B29CF3C-B73B-48E3-AE3D-33CBB5961140}.Ad-Hoc|iPhone.Deploy.0 = Release|Any CPU
		{4B29CF3C-B73B-48E3-AE3D-33CBB5961140}.Ad-Hoc|iPhoneSimulator.ActiveCfg = Release|Any CPU
		{4B29CF3C-B73B-48E3-AE3D-33CBB5961140}.Ad-Hoc|iPhoneSimulator.Build.0 = Release|Any CPU
		{4B29CF3C-B73B-48E3-AE3D-33CBB5961140}.Ad-Hoc|iPhoneSimulator.Deploy.0 = Release|Any CPU
		{4B29CF3C-B73B-48E3-AE3D-33CBB5961140}.AppStore|Any CPU.ActiveCfg = Release|Any CPU
		{4B29CF3C-B73B-48E3-AE3D-33CBB5961140}.AppStore|Any CPU.Build.0 = Release|Any CPU
		{4B29CF3C-B73B-48E3-AE3D-33CBB5961140}.AppStore|Any CPU.Deploy.0 = Release|Any CPU
		{4B29CF3C-B73B-48E3-AE3D-33CBB5961140}.AppStore|iPhone.ActiveCfg = Release|Any CPU
		{4B29CF3C-B73B-48E3-AE3D-33CBB5961140}.AppStore|iPhone.Build.0 = Release|Any CPU
		{4B29CF3C-B73B-48E3-AE3D-33CBB5961140}.AppStore|iPhone.Deploy.0 = Release|Any CPU
		{4B29CF3C-B73B-48E3-AE3D-33CBB5961140}.AppStore|iPhoneSimulator.ActiveCfg = Release|Any CPU
		{4B29CF3C-B73B-48E3-AE3D-33CBB5961140}.AppStore|iPhoneSimulator.Build.0 = Release|Any CPU
		{4B29CF3C-B73B-48E3-AE3D-33CBB5961140}.AppStore|iPhoneSimulator.Deploy.0 = Release|Any CPU
		{4B29CF3C-B73B-48E3-AE3D-33CBB5961140}.Debug|Any CPU.ActiveCfg = Debug|Any CPU
		{4B29CF3C-B73B-48E3-AE3D-33CBB5961140}.Debug|Any CPU.Build.0 = Debug|Any CPU
		{4B29CF3C-B73B-48E3-AE3D-33CBB5961140}.Debug|Any CPU.Deploy.0 = Debug|Any CPU
		{4B29CF3C-B73B-48E3-AE3D-33CBB5961140}.Debug|iPhone.ActiveCfg = Debug|Any CPU
		{4B29CF3C-B73B-48E3-AE3D-33CBB5961140}.Debug|iPhone.Build.0 = Debug|Any CPU
		{4B29CF3C-B73B-48E3-AE3D-33CBB5961140}.Debug|iPhone.Deploy.0 = Debug|Any CPU
		{4B29CF3C-B73B-48E3-AE3D-33CBB5961140}.Debug|iPhoneSimulator.ActiveCfg = Debug|Any CPU
		{4B29CF3C-B73B-48E3-AE3D-33CBB5961140}.Debug|iPhoneSimulator.Build.0 = Debug|Any CPU
		{4B29CF3C-B73B-48E3-AE3D-33CBB5961140}.Debug|iPhoneSimulator.Deploy.0 = Debug|Any CPU
		{4B29CF3C-B73B-48E3-AE3D-33CBB5961140}.Release|Any CPU.ActiveCfg = Release|Any CPU
		{4B29CF3C-B73B-48E3-AE3D-33CBB5961140}.Release|Any CPU.Build.0 = Release|Any CPU
		{4B29CF3C-B73B-48E3-AE3D-33CBB5961140}.Release|Any CPU.Deploy.0 = Release|Any CPU
		{4B29CF3C-B73B-48E3-AE3D-33CBB5961140}.Release|iPhone.ActiveCfg = Release|Any CPU
		{4B29CF3C-B73B-48E3-AE3D-33CBB5961140}.Release|iPhone.Build.0 = Release|Any CPU
		{4B29CF3C-B73B-48E3-AE3D-33CBB5961140}.Release|iPhone.Deploy.0 = Release|Any CPU
		{4B29CF3C-B73B-48E3-AE3D-33CBB5961140}.Release|iPhoneSimulator.ActiveCfg = Release|Any CPU
		{4B29CF3C-B73B-48E3-AE3D-33CBB5961140}.Release|iPhoneSimulator.Build.0 = Release|Any CPU
		{4B29CF3C-B73B-48E3-AE3D-33CBB5961140}.Release|iPhoneSimulator.Deploy.0 = Release|Any CPU
		{CDD7C6A8-43A3-4191-BDC4-60406B791E7C}.Ad-Hoc|Any CPU.ActiveCfg = Ad-Hoc|iPhone
		{CDD7C6A8-43A3-4191-BDC4-60406B791E7C}.Ad-Hoc|Any CPU.Build.0 = Ad-Hoc|iPhone
		{CDD7C6A8-43A3-4191-BDC4-60406B791E7C}.Ad-Hoc|Any CPU.Deploy.0 = Ad-Hoc|iPhone
		{CDD7C6A8-43A3-4191-BDC4-60406B791E7C}.Ad-Hoc|iPhone.ActiveCfg = Ad-Hoc|iPhone
		{CDD7C6A8-43A3-4191-BDC4-60406B791E7C}.Ad-Hoc|iPhone.Build.0 = Ad-Hoc|iPhone
		{CDD7C6A8-43A3-4191-BDC4-60406B791E7C}.Ad-Hoc|iPhone.Deploy.0 = Ad-Hoc|iPhone
		{CDD7C6A8-43A3-4191-BDC4-60406B791E7C}.Ad-Hoc|iPhoneSimulator.ActiveCfg = Ad-Hoc|iPhoneSimulator
		{CDD7C6A8-43A3-4191-BDC4-60406B791E7C}.Ad-Hoc|iPhoneSimulator.Build.0 = Ad-Hoc|iPhoneSimulator
		{CDD7C6A8-43A3-4191-BDC4-60406B791E7C}.Ad-Hoc|iPhoneSimulator.Deploy.0 = Ad-Hoc|iPhoneSimulator
		{CDD7C6A8-43A3-4191-BDC4-60406B791E7C}.AppStore|Any CPU.ActiveCfg = AppStore|iPhone
		{CDD7C6A8-43A3-4191-BDC4-60406B791E7C}.AppStore|Any CPU.Build.0 = AppStore|iPhone
		{CDD7C6A8-43A3-4191-BDC4-60406B791E7C}.AppStore|Any CPU.Deploy.0 = AppStore|iPhone
		{CDD7C6A8-43A3-4191-BDC4-60406B791E7C}.AppStore|iPhone.ActiveCfg = AppStore|iPhone
		{CDD7C6A8-43A3-4191-BDC4-60406B791E7C}.AppStore|iPhone.Build.0 = AppStore|iPhone
		{CDD7C6A8-43A3-4191-BDC4-60406B791E7C}.AppStore|iPhone.Deploy.0 = AppStore|iPhone
		{CDD7C6A8-43A3-4191-BDC4-60406B791E7C}.AppStore|iPhoneSimulator.ActiveCfg = AppStore|iPhoneSimulator
		{CDD7C6A8-43A3-4191-BDC4-60406B791E7C}.AppStore|iPhoneSimulator.Build.0 = AppStore|iPhoneSimulator
		{CDD7C6A8-43A3-4191-BDC4-60406B791E7C}.AppStore|iPhoneSimulator.Deploy.0 = AppStore|iPhoneSimulator
		{CDD7C6A8-43A3-4191-BDC4-60406B791E7C}.Debug|Any CPU.ActiveCfg = Debug|iPhoneSimulator
		{CDD7C6A8-43A3-4191-BDC4-60406B791E7C}.Debug|Any CPU.Build.0 = Debug|iPhoneSimulator
		{CDD7C6A8-43A3-4191-BDC4-60406B791E7C}.Debug|Any CPU.Deploy.0 = Debug|iPhoneSimulator
		{CDD7C6A8-43A3-4191-BDC4-60406B791E7C}.Debug|iPhone.ActiveCfg = Debug|iPhone
		{CDD7C6A8-43A3-4191-BDC4-60406B791E7C}.Debug|iPhone.Build.0 = Debug|iPhone
		{CDD7C6A8-43A3-4191-BDC4-60406B791E7C}.Debug|iPhone.Deploy.0 = Debug|iPhone
		{CDD7C6A8-43A3-4191-BDC4-60406B791E7C}.Debug|iPhoneSimulator.ActiveCfg = Debug|iPhoneSimulator
		{CDD7C6A8-43A3-4191-BDC4-60406B791E7C}.Debug|iPhoneSimulator.Build.0 = Debug|iPhoneSimulator
		{CDD7C6A8-43A3-4191-BDC4-60406B791E7C}.Debug|iPhoneSimulator.Deploy.0 = Debug|iPhoneSimulator
		{CDD7C6A8-43A3-4191-BDC4-60406B791E7C}.Release|Any CPU.ActiveCfg = Release|iPhone
		{CDD7C6A8-43A3-4191-BDC4-60406B791E7C}.Release|Any CPU.Build.0 = Release|iPhone
		{CDD7C6A8-43A3-4191-BDC4-60406B791E7C}.Release|Any CPU.Deploy.0 = Release|iPhone
		{CDD7C6A8-43A3-4191-BDC4-60406B791E7C}.Release|iPhone.ActiveCfg = Release|iPhone
		{CDD7C6A8-43A3-4191-BDC4-60406B791E7C}.Release|iPhone.Build.0 = Release|iPhone
		{CDD7C6A8-43A3-4191-BDC4-60406B791E7C}.Release|iPhone.Deploy.0 = Release|iPhone
		{CDD7C6A8-43A3-4191-BDC4-60406B791E7C}.Release|iPhoneSimulator.ActiveCfg = Release|iPhoneSimulator
		{CDD7C6A8-43A3-4191-BDC4-60406B791E7C}.Release|iPhoneSimulator.Build.0 = Release|iPhoneSimulator
		{CDD7C6A8-43A3-4191-BDC4-60406B791E7C}.Release|iPhoneSimulator.Deploy.0 = Release|iPhoneSimulator
		{7D5003CC-30B3-469E-960E-9ED5EDC74D95}.Ad-Hoc|Any CPU.ActiveCfg = Debug|Any CPU
		{7D5003CC-30B3-469E-960E-9ED5EDC74D95}.Ad-Hoc|Any CPU.Build.0 = Debug|Any CPU
		{7D5003CC-30B3-469E-960E-9ED5EDC74D95}.Ad-Hoc|Any CPU.Deploy.0 = Debug|Any CPU
		{7D5003CC-30B3-469E-960E-9ED5EDC74D95}.Ad-Hoc|iPhone.ActiveCfg = Debug|Any CPU
		{7D5003CC-30B3-469E-960E-9ED5EDC74D95}.Ad-Hoc|iPhone.Build.0 = Debug|Any CPU
		{7D5003CC-30B3-469E-960E-9ED5EDC74D95}.Ad-Hoc|iPhone.Deploy.0 = Debug|Any CPU
		{7D5003CC-30B3-469E-960E-9ED5EDC74D95}.Ad-Hoc|iPhoneSimulator.ActiveCfg = Debug|Any CPU
		{7D5003CC-30B3-469E-960E-9ED5EDC74D95}.Ad-Hoc|iPhoneSimulator.Build.0 = Debug|Any CPU
		{7D5003CC-30B3-469E-960E-9ED5EDC74D95}.Ad-Hoc|iPhoneSimulator.Deploy.0 = Debug|Any CPU
		{7D5003CC-30B3-469E-960E-9ED5EDC74D95}.AppStore|Any CPU.ActiveCfg = Debug|Any CPU
		{7D5003CC-30B3-469E-960E-9ED5EDC74D95}.AppStore|Any CPU.Build.0 = Debug|Any CPU
		{7D5003CC-30B3-469E-960E-9ED5EDC74D95}.AppStore|Any CPU.Deploy.0 = Debug|Any CPU
		{7D5003CC-30B3-469E-960E-9ED5EDC74D95}.AppStore|iPhone.ActiveCfg = Debug|Any CPU
		{7D5003CC-30B3-469E-960E-9ED5EDC74D95}.AppStore|iPhone.Build.0 = Debug|Any CPU
		{7D5003CC-30B3-469E-960E-9ED5EDC74D95}.AppStore|iPhone.Deploy.0 = Debug|Any CPU
		{7D5003CC-30B3-469E-960E-9ED5EDC74D95}.AppStore|iPhoneSimulator.ActiveCfg = Debug|Any CPU
		{7D5003CC-30B3-469E-960E-9ED5EDC74D95}.AppStore|iPhoneSimulator.Build.0 = Debug|Any CPU
		{7D5003CC-30B3-469E-960E-9ED5EDC74D95}.AppStore|iPhoneSimulator.Deploy.0 = Debug|Any CPU
		{7D5003CC-30B3-469E-960E-9ED5EDC74D95}.Debug|Any CPU.ActiveCfg = Debug|Any CPU
		{7D5003CC-30B3-469E-960E-9ED5EDC74D95}.Debug|Any CPU.Build.0 = Debug|Any CPU
		{7D5003CC-30B3-469E-960E-9ED5EDC74D95}.Debug|Any CPU.Deploy.0 = Debug|Any CPU
		{7D5003CC-30B3-469E-960E-9ED5EDC74D95}.Debug|iPhone.ActiveCfg = Debug|Any CPU
		{7D5003CC-30B3-469E-960E-9ED5EDC74D95}.Debug|iPhone.Build.0 = Debug|Any CPU
		{7D5003CC-30B3-469E-960E-9ED5EDC74D95}.Debug|iPhone.Deploy.0 = Debug|Any CPU
		{7D5003CC-30B3-469E-960E-9ED5EDC74D95}.Debug|iPhoneSimulator.ActiveCfg = Debug|Any CPU
		{7D5003CC-30B3-469E-960E-9ED5EDC74D95}.Debug|iPhoneSimulator.Build.0 = Debug|Any CPU
		{7D5003CC-30B3-469E-960E-9ED5EDC74D95}.Debug|iPhoneSimulator.Deploy.0 = Debug|Any CPU
		{7D5003CC-30B3-469E-960E-9ED5EDC74D95}.Release|Any CPU.ActiveCfg = Release|Any CPU
		{7D5003CC-30B3-469E-960E-9ED5EDC74D95}.Release|Any CPU.Build.0 = Release|Any CPU
		{7D5003CC-30B3-469E-960E-9ED5EDC74D95}.Release|Any CPU.Deploy.0 = Release|Any CPU
		{7D5003CC-30B3-469E-960E-9ED5EDC74D95}.Release|iPhone.ActiveCfg = Release|Any CPU
		{7D5003CC-30B3-469E-960E-9ED5EDC74D95}.Release|iPhone.Build.0 = Release|Any CPU
		{7D5003CC-30B3-469E-960E-9ED5EDC74D95}.Release|iPhone.Deploy.0 = Release|Any CPU
		{7D5003CC-30B3-469E-960E-9ED5EDC74D95}.Release|iPhoneSimulator.ActiveCfg = Release|Any CPU
		{7D5003CC-30B3-469E-960E-9ED5EDC74D95}.Release|iPhoneSimulator.Build.0 = Release|Any CPU
		{7D5003CC-30B3-469E-960E-9ED5EDC74D95}.Release|iPhoneSimulator.Deploy.0 = Release|Any CPU
	EndGlobalSection
	GlobalSection(SolutionProperties) = preSolution
		HideSolutionNode = FALSE
	EndGlobalSection
	GlobalSection(ExtensibilityGlobals) = postSolution
		SolutionGuid = {8B2AFFF5-015D-463C-8895-DE254D9FB112}
	EndGlobalSection
EndGlobal
