
Microsoft Visual Studio Solution File, Format Version 12.00
# Visual Studio 15
VisualStudioVersion = 15.0.28010.2041
MinimumVisualStudioVersion = 10.0.40219.1
Project("{FAE04EC0-301F-11D3-BF4B-00C04F79EFBC}") = "XFAlarms.Android", "XFAlarms\XFAlarms.Android\XFAlarms.Android.csproj", "{0208DDB5-07F6-41B3-835E-1BDC385105E1}"
EndProject
Project("{FAE04EC0-301F-11D3-BF4B-00C04F79EFBC}") = "XFAlarms.iOS", "XFAlarms\XFAlarms.iOS\XFAlarms.iOS.csproj", "{6CAB6720-88A1-416D-8C92-D5D1E4E7D1B8}"
EndProject
Project("{FAE04EC0-301F-11D3-BF4B-00C04F79EFBC}") = "XFAlarms", "XFAlarms\XFAlarms\XFAlarms.csproj", "{EB228FA9-E1A1-4C8B-90B6-5DB94360E97A}"
EndProject
Global
	GlobalSection(SolutionConfigurationPlatforms) = preSolution
		Ad-Hoc|Any CPU = Ad-Hoc|Any CPU
		Ad-Hoc|iPhone = Ad-Hoc|iPhone
		Ad-Hoc|iPhoneSimulator = Ad-Hoc|iPhoneSimulator
		AppStore|Any CPU = AppStore|Any CPU
		AppStore|iPhone = AppStore|iPhone
		AppStore|iPhoneSimulator = AppStore|iPhoneSimulator
		Debug|Any CPU = Debug|Any CPU
		Debug|iPhone = Debug|iPhone
		Debug|iPhoneSimulator = Debug|iPhoneSimulator
		Release|Any CPU = Release|Any CPU
		Release|iPhone = Release|iPhone
		Release|iPhoneSimulator = Release|iPhoneSimulator
	EndGlobalSection
	GlobalSection(ProjectConfigurationPlatforms) = postSolution
		{0208DDB5-07F6-41B3-835E-1BDC385105E1}.Ad-Hoc|Any CPU.ActiveCfg = Release|Any CPU
		{0208DDB5-07F6-41B3-835E-1BDC385105E1}.Ad-Hoc|Any CPU.Build.0 = Release|Any CPU
		{0208DDB5-07F6-41B3-835E-1BDC385105E1}.Ad-Hoc|Any CPU.Deploy.0 = Release|Any CPU
		{0208DDB5-07F6-41B3-835E-1BDC385105E1}.Ad-Hoc|iPhone.ActiveCfg = Release|Any CPU
		{0208DDB5-07F6-41B3-835E-1BDC385105E1}.Ad-Hoc|iPhone.Build.0 = Release|Any CPU
		{0208DDB5-07F6-41B3-835E-1BDC385105E1}.Ad-Hoc|iPhone.Deploy.0 = Release|Any CPU
		{0208DDB5-07F6-41B3-835E-1BDC385105E1}.Ad-Hoc|iPhoneSimulator.ActiveCfg = Release|Any CPU
		{0208DDB5-07F6-41B3-835E-1BDC385105E1}.Ad-Hoc|iPhoneSimulator.Build.0 = Release|Any CPU
		{0208DDB5-07F6-41B3-835E-1BDC385105E1}.Ad-Hoc|iPhoneSimulator.Deploy.0 = Release|Any CPU
		{0208DDB5-07F6-41B3-835E-1BDC385105E1}.AppStore|Any CPU.ActiveCfg = Release|Any CPU
		{0208DDB5-07F6-41B3-835E-1BDC385105E1}.AppStore|Any CPU.Build.0 = Release|Any CPU
		{0208DDB5-07F6-41B3-835E-1BDC385105E1}.AppStore|Any CPU.Deploy.0 = Release|Any CPU
		{0208DDB5-07F6-41B3-835E-1BDC385105E1}.AppStore|iPhone.ActiveCfg = Release|Any CPU
		{0208DDB5-07F6-41B3-835E-1BDC385105E1}.AppStore|iPhone.Build.0 = Release|Any CPU
		{0208DDB5-07F6-41B3-835E-1BDC385105E1}.AppStore|iPhone.Deploy.0 = Release|Any CPU
		{0208DDB5-07F6-41B3-835E-1BDC385105E1}.AppStore|iPhoneSimulator.ActiveCfg = Release|Any CPU
		{0208DDB5-07F6-41B3-835E-1BDC385105E1}.AppStore|iPhoneSimulator.Build.0 = Release|Any CPU
		{0208DDB5-07F6-41B3-835E-1BDC385105E1}.AppStore|iPhoneSimulator.Deploy.0 = Release|Any CPU
		{0208DDB5-07F6-41B3-835E-1BDC385105E1}.Debug|Any CPU.ActiveCfg = Debug|Any CPU
		{0208DDB5-07F6-41B3-835E-1BDC385105E1}.Debug|Any CPU.Build.0 = Debug|Any CPU
		{0208DDB5-07F6-41B3-835E-1BDC385105E1}.Debug|Any CPU.Deploy.0 = Debug|Any CPU
		{0208DDB5-07F6-41B3-835E-1BDC385105E1}.Debug|iPhone.ActiveCfg = Debug|Any CPU
		{0208DDB5-07F6-41B3-835E-1BDC385105E1}.Debug|iPhone.Build.0 = Debug|Any CPU
		{0208DDB5-07F6-41B3-835E-1BDC385105E1}.Debug|iPhone.Deploy.0 = Debug|Any CPU
		{0208DDB5-07F6-41B3-835E-1BDC385105E1}.Debug|iPhoneSimulator.ActiveCfg = Debug|Any CPU
		{0208DDB5-07F6-41B3-835E-1BDC385105E1}.Debug|iPhoneSimulator.Build.0 = Debug|Any CPU
		{0208DDB5-07F6-41B3-835E-1BDC385105E1}.Debug|iPhoneSimulator.Deploy.0 = Debug|Any CPU
		{0208DDB5-07F6-41B3-835E-1BDC385105E1}.Release|Any CPU.ActiveCfg = Release|Any CPU
		{0208DDB5-07F6-41B3-835E-1BDC385105E1}.Release|Any CPU.Build.0 = Release|Any CPU
		{0208DDB5-07F6-41B3-835E-1BDC385105E1}.Release|Any CPU.Deploy.0 = Release|Any CPU
		{0208DDB5-07F6-41B3-835E-1BDC385105E1}.Release|iPhone.ActiveCfg = Release|Any CPU
		{0208DDB5-07F6-41B3-835E-1BDC385105E1}.Release|iPhone.Build.0 = Release|Any CPU
		{0208DDB5-07F6-41B3-835E-1BDC385105E1}.Release|iPhone.Deploy.0 = Release|Any CPU
		{0208DDB5-07F6-41B3-835E-1BDC385105E1}.Release|iPhoneSimulator.ActiveCfg = Release|Any CPU
		{0208DDB5-07F6-41B3-835E-1BDC385105E1}.Release|iPhoneSimulator.Build.0 = Release|Any CPU
		{0208DDB5-07F6-41B3-835E-1BDC385105E1}.Release|iPhoneSimulator.Deploy.0 = Release|Any CPU
		{6CAB6720-88A1-416D-8C92-D5D1E4E7D1B8}.Ad-Hoc|Any CPU.ActiveCfg = Ad-Hoc|iPhone
		{6CAB6720-88A1-416D-8C92-D5D1E4E7D1B8}.Ad-Hoc|Any CPU.Build.0 = Ad-Hoc|iPhone
		{6CAB6720-88A1-416D-8C92-D5D1E4E7D1B8}.Ad-Hoc|Any CPU.Deploy.0 = Ad-Hoc|iPhone
		{6CAB6720-88A1-416D-8C92-D5D1E4E7D1B8}.Ad-Hoc|iPhone.ActiveCfg = Ad-Hoc|iPhone
		{6CAB6720-88A1-416D-8C92-D5D1E4E7D1B8}.Ad-Hoc|iPhone.Build.0 = Ad-Hoc|iPhone
		{6CAB6720-88A1-416D-8C92-D5D1E4E7D1B8}.Ad-Hoc|iPhone.Deploy.0 = Ad-Hoc|iPhone
		{6CAB6720-88A1-416D-8C92-D5D1E4E7D1B8}.Ad-Hoc|iPhoneSimulator.ActiveCfg = Ad-Hoc|iPhoneSimulator
		{6CAB6720-88A1-416D-8C92-D5D1E4E7D1B8}.Ad-Hoc|iPhoneSimulator.Build.0 = Ad-Hoc|iPhoneSimulator
		{6CAB6720-88A1-416D-8C92-D5D1E4E7D1B8}.Ad-Hoc|iPhoneSimulator.Deploy.0 = Ad-Hoc|iPhoneSimulator
		{6CAB6720-88A1-416D-8C92-D5D1E4E7D1B8}.AppStore|Any CPU.ActiveCfg = AppStore|iPhone
		{6CAB6720-88A1-416D-8C92-D5D1E4E7D1B8}.AppStore|Any CPU.Build.0 = AppStore|iPhone
		{6CAB6720-88A1-416D-8C92-D5D1E4E7D1B8}.AppStore|Any CPU.Deploy.0 = AppStore|iPhone
		{6CAB6720-88A1-416D-8C92-D5D1E4E7D1B8}.AppStore|iPhone.ActiveCfg = AppStore|iPhone
		{6CAB6720-88A1-416D-8C92-D5D1E4E7D1B8}.AppStore|iPhone.Build.0 = AppStore|iPhone
		{6CAB6720-88A1-416D-8C92-D5D1E4E7D1B8}.AppStore|iPhone.Deploy.0 = AppStore|iPhone
		{6CAB6720-88A1-416D-8C92-D5D1E4E7D1B8}.AppStore|iPhoneSimulator.ActiveCfg = AppStore|iPhoneSimulator
		{6CAB6720-88A1-416D-8C92-D5D1E4E7D1B8}.AppStore|iPhoneSimulator.Build.0 = AppStore|iPhoneSimulator
		{6CAB6720-88A1-416D-8C92-D5D1E4E7D1B8}.AppStore|iPhoneSimulator.Deploy.0 = AppStore|iPhoneSimulator
		{6CAB6720-88A1-416D-8C92-D5D1E4E7D1B8}.Debug|Any CPU.ActiveCfg = Debug|iPhoneSimulator
		{6CAB6720-88A1-416D-8C92-D5D1E4E7D1B8}.Debug|Any CPU.Build.0 = Debug|iPhoneSimulator
		{6CAB6720-88A1-416D-8C92-D5D1E4E7D1B8}.Debug|Any CPU.Deploy.0 = Debug|iPhoneSimulator
		{6CAB6720-88A1-416D-8C92-D5D1E4E7D1B8}.Debug|iPhone.ActiveCfg = Debug|iPhone
		{6CAB6720-88A1-416D-8C92-D5D1E4E7D1B8}.Debug|iPhone.Build.0 = Debug|iPhone
		{6CAB6720-88A1-416D-8C92-D5D1E4E7D1B8}.Debug|iPhone.Deploy.0 = Debug|iPhone
		{6CAB6720-88A1-416D-8C92-D5D1E4E7D1B8}.Debug|iPhoneSimulator.ActiveCfg = Debug|iPhoneSimulator
		{6CAB6720-88A1-416D-8C92-D5D1E4E7D1B8}.Debug|iPhoneSimulator.Build.0 = Debug|iPhoneSimulator
		{6CAB6720-88A1-416D-8C92-D5D1E4E7D1B8}.Debug|iPhoneSimulator.Deploy.0 = Debug|iPhoneSimulator
		{6CAB6720-88A1-416D-8C92-D5D1E4E7D1B8}.Release|Any CPU.ActiveCfg = Release|iPhone
		{6CAB6720-88A1-416D-8C92-D5D1E4E7D1B8}.Release|Any CPU.Build.0 = Release|iPhone
		{6CAB6720-88A1-416D-8C92-D5D1E4E7D1B8}.Release|Any CPU.Deploy.0 = Release|iPhone
		{6CAB6720-88A1-416D-8C92-D5D1E4E7D1B8}.Release|iPhone.ActiveCfg = Release|iPhone
		{6CAB6720-88A1-416D-8C92-D5D1E4E7D1B8}.Release|iPhone.Build.0 = Release|iPhone
		{6CAB6720-88A1-416D-8C92-D5D1E4E7D1B8}.Release|iPhone.Deploy.0 = Release|iPhone
		{6CAB6720-88A1-416D-8C92-D5D1E4E7D1B8}.Release|iPhoneSimulator.ActiveCfg = Release|iPhoneSimulator
		{6CAB6720-88A1-416D-8C92-D5D1E4E7D1B8}.Release|iPhoneSimulator.Build.0 = Release|iPhoneSimulator
		{6CAB6720-88A1-416D-8C92-D5D1E4E7D1B8}.Release|iPhoneSimulator.Deploy.0 = Release|iPhoneSimulator
		{EB228FA9-E1A1-4C8B-90B6-5DB94360E97A}.Ad-Hoc|Any CPU.ActiveCfg = Debug|Any CPU
		{EB228FA9-E1A1-4C8B-90B6-5DB94360E97A}.Ad-Hoc|Any CPU.Build.0 = Debug|Any CPU
		{EB228FA9-E1A1-4C8B-90B6-5DB94360E97A}.Ad-Hoc|Any CPU.Deploy.0 = Debug|Any CPU
		{EB228FA9-E1A1-4C8B-90B6-5DB94360E97A}.Ad-Hoc|iPhone.ActiveCfg = Debug|Any CPU
		{EB228FA9-E1A1-4C8B-90B6-5DB94360E97A}.Ad-Hoc|iPhone.Build.0 = Debug|Any CPU
		{EB228FA9-E1A1-4C8B-90B6-5DB94360E97A}.Ad-Hoc|iPhone.Deploy.0 = Debug|Any CPU
		{EB228FA9-E1A1-4C8B-90B6-5DB94360E97A}.Ad-Hoc|iPhoneSimulator.ActiveCfg = Debug|Any CPU
		{EB228FA9-E1A1-4C8B-90B6-5DB94360E97A}.Ad-Hoc|iPhoneSimulator.Build.0 = Debug|Any CPU
		{EB228FA9-E1A1-4C8B-90B6-5DB94360E97A}.Ad-Hoc|iPhoneSimulator.Deploy.0 = Debug|Any CPU
		{EB228FA9-E1A1-4C8B-90B6-5DB94360E97A}.AppStore|Any CPU.ActiveCfg = Debug|Any CPU
		{EB228FA9-E1A1-4C8B-90B6-5DB94360E97A}.AppStore|Any CPU.Build.0 = Debug|Any CPU
		{EB228FA9-E1A1-4C8B-90B6-5DB94360E97A}.AppStore|Any CPU.Deploy.0 = Debug|Any CPU
		{EB228FA9-E1A1-4C8B-90B6-5DB94360E97A}.AppStore|iPhone.ActiveCfg = Debug|Any CPU
		{EB228FA9-E1A1-4C8B-90B6-5DB94360E97A}.AppStore|iPhone.Build.0 = Debug|Any CPU
		{EB228FA9-E1A1-4C8B-90B6-5DB94360E97A}.AppStore|iPhone.Deploy.0 = Debug|Any CPU
		{EB228FA9-E1A1-4C8B-90B6-5DB94360E97A}.AppStore|iPhoneSimulator.ActiveCfg = Debug|Any CPU
		{EB228FA9-E1A1-4C8B-90B6-5DB94360E97A}.AppStore|iPhoneSimulator.Build.0 = Debug|Any CPU
		{EB228FA9-E1A1-4C8B-90B6-5DB94360E97A}.AppStore|iPhoneSimulator.Deploy.0 = Debug|Any CPU
		{EB228FA9-E1A1-4C8B-90B6-5DB94360E97A}.Debug|Any CPU.ActiveCfg = Debug|Any CPU
		{EB228FA9-E1A1-4C8B-90B6-5DB94360E97A}.Debug|Any CPU.Build.0 = Debug|Any CPU
		{EB228FA9-E1A1-4C8B-90B6-5DB94360E97A}.Debug|Any CPU.Deploy.0 = Debug|Any CPU
		{EB228FA9-E1A1-4C8B-90B6-5DB94360E97A}.Debug|iPhone.ActiveCfg = Debug|Any CPU
		{EB228FA9-E1A1-4C8B-90B6-5DB94360E97A}.Debug|iPhone.Build.0 = Debug|Any CPU
		{EB228FA9-E1A1-4C8B-90B6-5DB94360E97A}.Debug|iPhone.Deploy.0 = Debug|Any CPU
		{EB228FA9-E1A1-4C8B-90B6-5DB94360E97A}.Debug|iPhoneSimulator.ActiveCfg = Debug|Any CPU
		{EB228FA9-E1A1-4C8B-90B6-5DB94360E97A}.Debug|iPhoneSimulator.Build.0 = Debug|Any CPU
		{EB228FA9-E1A1-4C8B-90B6-5DB94360E97A}.Debug|iPhoneSimulator.Deploy.0 = Debug|Any CPU
		{EB228FA9-E1A1-4C8B-90B6-5DB94360E97A}.Release|Any CPU.ActiveCfg = Release|Any CPU
		{EB228FA9-E1A1-4C8B-90B6-5DB94360E97A}.Release|Any CPU.Build.0 = Release|Any CPU
		{EB228FA9-E1A1-4C8B-90B6-5DB94360E97A}.Release|Any CPU.Deploy.0 = Release|Any CPU
		{EB228FA9-E1A1-4C8B-90B6-5DB94360E97A}.Release|iPhone.ActiveCfg = Release|Any CPU
		{EB228FA9-E1A1-4C8B-90B6-5DB94360E97A}.Release|iPhone.Build.0 = Release|Any CPU
		{EB228FA9-E1A1-4C8B-90B6-5DB94360E97A}.Release|iPhone.Deploy.0 = Release|Any CPU
		{EB228FA9-E1A1-4C8B-90B6-5DB94360E97A}.Release|iPhoneSimulator.ActiveCfg = Release|Any CPU
		{EB228FA9-E1A1-4C8B-90B6-5DB94360E97A}.Release|iPhoneSimulator.Build.0 = Release|Any CPU
		{EB228FA9-E1A1-4C8B-90B6-5DB94360E97A}.Release|iPhoneSimulator.Deploy.0 = Release|Any CPU
	EndGlobalSection
	GlobalSection(SolutionProperties) = preSolution
		HideSolutionNode = FALSE
	EndGlobalSection
	GlobalSection(ExtensibilityGlobals) = postSolution
		SolutionGuid = {9AF1C10F-C8ED-4F73-BA69-AF089588C68E}
	EndGlobalSection
EndGlobal
