
Microsoft Visual Studio Solution File, Format Version 12.00
# Visual Studio Version 16
VisualStudioVersion = 16.0.31105.61
MinimumVisualStudioVersion = 10.0.40219.1
Project("{FAE04EC0-301F-11D3-BF4B-00C04F79EFBC}") = "XamComToolkitSample.Android", "XamComToolkitSample\XamComToolkitSample.Android\XamComToolkitSample.Android.csproj", "{F226EEA3-1FE3-4941-955C-FAFD1B036C99}"
EndProject
Project("{FAE04EC0-301F-11D3-BF4B-00C04F79EFBC}") = "XamComToolkitSample.iOS", "XamComToolkitSample\XamComToolkitSample.iOS\XamComToolkitSample.iOS.csproj", "{E626B043-D683-40D4-AE59-0E34D059C74C}"
EndProject
Project("{FAE04EC0-301F-11D3-BF4B-00C04F79EFBC}") = "XamComToolkitSample", "XamComToolkitSample\XamComToolkitSample\XamComToolkitSample.csproj", "{6577C89F-DA55-4EA7-8484-74CFC10A7154}"
EndProject
Global
	GlobalSection(SolutionConfigurationPlatforms) = preSolution
		Debug|Any CPU = Debug|Any CPU
		Debug|iPhone = Debug|iPhone
		Debug|iPhoneSimulator = Debug|iPhoneSimulator
		Release|Any CPU = Release|Any CPU
		Release|iPhone = Release|iPhone
		Release|iPhoneSimulator = Release|iPhoneSimulator
	EndGlobalSection
	GlobalSection(ProjectConfigurationPlatforms) = postSolution
		{F226EEA3-1FE3-4941-955C-FAFD1B036C99}.Debug|Any CPU.ActiveCfg = Debug|Any CPU
		{F226EEA3-1FE3-4941-955C-FAFD1B036C99}.Debug|Any CPU.Build.0 = Debug|Any CPU
		{F226EEA3-1FE3-4941-955C-FAFD1B036C99}.Debug|Any CPU.Deploy.0 = Debug|Any CPU
		{F226EEA3-1FE3-4941-955C-FAFD1B036C99}.Debug|iPhone.ActiveCfg = Debug|Any CPU
		{F226EEA3-1FE3-4941-955C-FAFD1B036C99}.Debug|iPhone.Build.0 = Debug|Any CPU
		{F226EEA3-1FE3-4941-955C-FAFD1B036C99}.Debug|iPhone.Deploy.0 = Debug|Any CPU
		{F226EEA3-1FE3-4941-955C-FAFD1B036C99}.Debug|iPhoneSimulator.ActiveCfg = Debug|Any CPU
		{F226EEA3-1FE3-4941-955C-FAFD1B036C99}.Debug|iPhoneSimulator.Build.0 = Debug|Any CPU
		{F226EEA3-1FE3-4941-955C-FAFD1B036C99}.Debug|iPhoneSimulator.Deploy.0 = Debug|Any CPU
		{F226EEA3-1FE3-4941-955C-FAFD1B036C99}.Release|Any CPU.ActiveCfg = Release|Any CPU
		{F226EEA3-1FE3-4941-955C-FAFD1B036C99}.Release|Any CPU.Build.0 = Release|Any CPU
		{F226EEA3-1FE3-4941-955C-FAFD1B036C99}.Release|Any CPU.Deploy.0 = Release|Any CPU
		{F226EEA3-1FE3-4941-955C-FAFD1B036C99}.Release|iPhone.ActiveCfg = Release|Any CPU
		{F226EEA3-1FE3-4941-955C-FAFD1B036C99}.Release|iPhone.Build.0 = Release|Any CPU
		{F226EEA3-1FE3-4941-955C-FAFD1B036C99}.Release|iPhone.Deploy.0 = Release|Any CPU
		{F226EEA3-1FE3-4941-955C-FAFD1B036C99}.Release|iPhoneSimulator.ActiveCfg = Release|Any CPU
		{F226EEA3-1FE3-4941-955C-FAFD1B036C99}.Release|iPhoneSimulator.Build.0 = Release|Any CPU
		{F226EEA3-1FE3-4941-955C-FAFD1B036C99}.Release|iPhoneSimulator.Deploy.0 = Release|Any CPU
		{E626B043-D683-40D4-AE59-0E34D059C74C}.Debug|Any CPU.ActiveCfg = Debug|iPhone
		{E626B043-D683-40D4-AE59-0E34D059C74C}.Debug|Any CPU.Build.0 = Debug|iPhone
		{E626B043-D683-40D4-AE59-0E34D059C74C}.Debug|Any CPU.Deploy.0 = Debug|iPhone
		{E626B043-D683-40D4-AE59-0E34D059C74C}.Debug|iPhone.ActiveCfg = Debug|iPhone
		{E626B043-D683-40D4-AE59-0E34D059C74C}.Debug|iPhone.Build.0 = Debug|iPhone
		{E626B043-D683-40D4-AE59-0E34D059C74C}.Debug|iPhone.Deploy.0 = Debug|iPhone
		{E626B043-D683-40D4-AE59-0E34D059C74C}.Debug|iPhoneSimulator.ActiveCfg = Debug|iPhoneSimulator
		{E626B043-D683-40D4-AE59-0E34D059C74C}.Debug|iPhoneSimulator.Build.0 = Debug|iPhoneSimulator
		{E626B043-D683-40D4-AE59-0E34D059C74C}.Debug|iPhoneSimulator.Deploy.0 = Debug|iPhoneSimulator
		{E626B043-D683-40D4-AE59-0E34D059C74C}.Release|Any CPU.ActiveCfg = Release|iPhoneSimulator
		{E626B043-D683-40D4-AE59-0E34D059C74C}.Release|Any CPU.Build.0 = Release|iPhoneSimulator
		{E626B043-D683-40D4-AE59-0E34D059C74C}.Release|Any CPU.Deploy.0 = Release|iPhoneSimulator
		{E626B043-D683-40D4-AE59-0E34D059C74C}.Release|iPhone.ActiveCfg = Release|iPhone
		{E626B043-D683-40D4-AE59-0E34D059C74C}.Release|iPhone.Build.0 = Release|iPhone
		{E626B043-D683-40D4-AE59-0E34D059C74C}.Release|iPhone.Deploy.0 = Release|iPhone
		{E626B043-D683-40D4-AE59-0E34D059C74C}.Release|iPhoneSimulator.ActiveCfg = Release|iPhoneSimulator
		{E626B043-D683-40D4-AE59-0E34D059C74C}.Release|iPhoneSimulator.Build.0 = Release|iPhoneSimulator
		{E626B043-D683-40D4-AE59-0E34D059C74C}.Release|iPhoneSimulator.Deploy.0 = Release|iPhoneSimulator
		{6577C89F-DA55-4EA7-8484-74CFC10A7154}.Debug|Any CPU.ActiveCfg = Debug|Any CPU
		{6577C89F-DA55-4EA7-8484-74CFC10A7154}.Debug|Any CPU.Build.0 = Debug|Any CPU
		{6577C89F-DA55-4EA7-8484-74CFC10A7154}.Debug|Any CPU.Deploy.0 = Debug|Any CPU
		{6577C89F-DA55-4EA7-8484-74CFC10A7154}.Debug|iPhone.ActiveCfg = Debug|Any CPU
		{6577C89F-DA55-4EA7-8484-74CFC10A7154}.Debug|iPhone.Build.0 = Debug|Any CPU
		{6577C89F-DA55-4EA7-8484-74CFC10A7154}.Debug|iPhone.Deploy.0 = Debug|Any CPU
		{6577C89F-DA55-4EA7-8484-74CFC10A7154}.Debug|iPhoneSimulator.ActiveCfg = Debug|Any CPU
		{6577C89F-DA55-4EA7-8484-74CFC10A7154}.Debug|iPhoneSimulator.Build.0 = Debug|Any CPU
		{6577C89F-DA55-4EA7-8484-74CFC10A7154}.Debug|iPhoneSimulator.Deploy.0 = Debug|Any CPU
		{6577C89F-DA55-4EA7-8484-74CFC10A7154}.Release|Any CPU.ActiveCfg = Release|Any CPU
		{6577C89F-DA55-4EA7-8484-74CFC10A7154}.Release|Any CPU.Build.0 = Release|Any CPU
		{6577C89F-DA55-4EA7-8484-74CFC10A7154}.Release|Any CPU.Deploy.0 = Release|Any CPU
		{6577C89F-DA55-4EA7-8484-74CFC10A7154}.Release|iPhone.ActiveCfg = Release|Any CPU
		{6577C89F-DA55-4EA7-8484-74CFC10A7154}.Release|iPhone.Build.0 = Release|Any CPU
		{6577C89F-DA55-4EA7-8484-74CFC10A7154}.Release|iPhone.Deploy.0 = Release|Any CPU
		{6577C89F-DA55-4EA7-8484-74CFC10A7154}.Release|iPhoneSimulator.ActiveCfg = Release|Any CPU
		{6577C89F-DA55-4EA7-8484-74CFC10A7154}.Release|iPhoneSimulator.Build.0 = Release|Any CPU
		{6577C89F-DA55-4EA7-8484-74CFC10A7154}.Release|iPhoneSimulator.Deploy.0 = Release|Any CPU
	EndGlobalSection
	GlobalSection(SolutionProperties) = preSolution
		HideSolutionNode = FALSE
	EndGlobalSection
	GlobalSection(ExtensibilityGlobals) = postSolution
		SolutionGuid = {A5C65518-151F-4AA7-AD3F-2675C5CF3B29}
	EndGlobalSection
EndGlobal
