
Microsoft Visual Studio Solution File, Format Version 12.00
# Visual Studio Version 16
VisualStudioVersion = 16.0.31321.278
MinimumVisualStudioVersion = 10.0.40219.1
Project("{FAE04EC0-301F-11D3-BF4B-00C04F79EFBC}") = "AppSignalR.Android", "AppSignalR\AppSignalR.Android\AppSignalR.Android.csproj", "{A69DF6DD-1BD1-447E-9ACF-67C796F4DC6C}"
EndProject
Project("{FAE04EC0-301F-11D3-BF4B-00C04F79EFBC}") = "AppSignalR.iOS", "AppSignalR\AppSignalR.iOS\AppSignalR.iOS.csproj", "{D19E346A-839D-433A-B2EE-405F67FEBFF5}"
EndProject
Project("{FAE04EC0-301F-11D3-BF4B-00C04F79EFBC}") = "AppSignalR", "AppSignalR\AppSignalR\AppSignalR.csproj", "{C5B2F30A-0C21-4DDA-A3E6-55B69C9BBE5D}"
EndProject
Global
	GlobalSection(SolutionConfigurationPlatforms) = preSolution
		Debug|Any CPU = Debug|Any CPU
		Debug|iPhone = Debug|iPhone
		Debug|iPhoneSimulator = Debug|iPhoneSimulator
		Release|Any CPU = Release|Any CPU
		Release|iPhone = Release|iPhone
		Release|iPhoneSimulator = Release|iPhoneSimulator
	EndGlobalSection
	GlobalSection(ProjectConfigurationPlatforms) = postSolution
		{A69DF6DD-1BD1-447E-9ACF-67C796F4DC6C}.Debug|Any CPU.ActiveCfg = Debug|Any CPU
		{A69DF6DD-1BD1-447E-9ACF-67C796F4DC6C}.Debug|Any CPU.Build.0 = Debug|Any CPU
		{A69DF6DD-1BD1-447E-9ACF-67C796F4DC6C}.Debug|Any CPU.Deploy.0 = Debug|Any CPU
		{A69DF6DD-1BD1-447E-9ACF-67C796F4DC6C}.Debug|iPhone.ActiveCfg = Debug|Any CPU
		{A69DF6DD-1BD1-447E-9ACF-67C796F4DC6C}.Debug|iPhone.Build.0 = Debug|Any CPU
		{A69DF6DD-1BD1-447E-9ACF-67C796F4DC6C}.Debug|iPhone.Deploy.0 = Debug|Any CPU
		{A69DF6DD-1BD1-447E-9ACF-67C796F4DC6C}.Debug|iPhoneSimulator.ActiveCfg = Debug|Any CPU
		{A69DF6DD-1BD1-447E-9ACF-67C796F4DC6C}.Debug|iPhoneSimulator.Build.0 = Debug|Any CPU
		{A69DF6DD-1BD1-447E-9ACF-67C796F4DC6C}.Debug|iPhoneSimulator.Deploy.0 = Debug|Any CPU
		{A69DF6DD-1BD1-447E-9ACF-67C796F4DC6C}.Release|Any CPU.ActiveCfg = Release|Any CPU
		{A69DF6DD-1BD1-447E-9ACF-67C796F4DC6C}.Release|Any CPU.Build.0 = Release|Any CPU
		{A69DF6DD-1BD1-447E-9ACF-67C796F4DC6C}.Release|Any CPU.Deploy.0 = Release|Any CPU
		{A69DF6DD-1BD1-447E-9ACF-67C796F4DC6C}.Release|iPhone.ActiveCfg = Release|Any CPU
		{A69DF6DD-1BD1-447E-9ACF-67C796F4DC6C}.Release|iPhone.Build.0 = Release|Any CPU
		{A69DF6DD-1BD1-447E-9ACF-67C796F4DC6C}.Release|iPhone.Deploy.0 = Release|Any CPU
		{A69DF6DD-1BD1-447E-9ACF-67C796F4DC6C}.Release|iPhoneSimulator.ActiveCfg = Release|Any CPU
		{A69DF6DD-1BD1-447E-9ACF-67C796F4DC6C}.Release|iPhoneSimulator.Build.0 = Release|Any CPU
		{A69DF6DD-1BD1-447E-9ACF-67C796F4DC6C}.Release|iPhoneSimulator.Deploy.0 = Release|Any CPU
		{D19E346A-839D-433A-B2EE-405F67FEBFF5}.Debug|Any CPU.ActiveCfg = Debug|iPhone
		{D19E346A-839D-433A-B2EE-405F67FEBFF5}.Debug|Any CPU.Build.0 = Debug|iPhone
		{D19E346A-839D-433A-B2EE-405F67FEBFF5}.Debug|Any CPU.Deploy.0 = Debug|iPhone
		{D19E346A-839D-433A-B2EE-405F67FEBFF5}.Debug|iPhone.ActiveCfg = Debug|iPhone
		{D19E346A-839D-433A-B2EE-405F67FEBFF5}.Debug|iPhone.Build.0 = Debug|iPhone
		{D19E346A-839D-433A-B2EE-405F67FEBFF5}.Debug|iPhone.Deploy.0 = Debug|iPhone
		{D19E346A-839D-433A-B2EE-405F67FEBFF5}.Debug|iPhoneSimulator.ActiveCfg = Debug|iPhoneSimulator
		{D19E346A-839D-433A-B2EE-405F67FEBFF5}.Debug|iPhoneSimulator.Build.0 = Debug|iPhoneSimulator
		{D19E346A-839D-433A-B2EE-405F67FEBFF5}.Debug|iPhoneSimulator.Deploy.0 = Debug|iPhoneSimulator
		{D19E346A-839D-433A-B2EE-405F67FEBFF5}.Release|Any CPU.ActiveCfg = Release|iPhoneSimulator
		{D19E346A-839D-433A-B2EE-405F67FEBFF5}.Release|Any CPU.Build.0 = Release|iPhoneSimulator
		{D19E346A-839D-433A-B2EE-405F67FEBFF5}.Release|Any CPU.Deploy.0 = Release|iPhoneSimulator
		{D19E346A-839D-433A-B2EE-405F67FEBFF5}.Release|iPhone.ActiveCfg = Release|iPhone
		{D19E346A-839D-433A-B2EE-405F67FEBFF5}.Release|iPhone.Build.0 = Release|iPhone
		{D19E346A-839D-433A-B2EE-405F67FEBFF5}.Release|iPhone.Deploy.0 = Release|iPhone
		{D19E346A-839D-433A-B2EE-405F67FEBFF5}.Release|iPhoneSimulator.ActiveCfg = Release|iPhoneSimulator
		{D19E346A-839D-433A-B2EE-405F67FEBFF5}.Release|iPhoneSimulator.Build.0 = Release|iPhoneSimulator
		{D19E346A-839D-433A-B2EE-405F67FEBFF5}.Release|iPhoneSimulator.Deploy.0 = Release|iPhoneSimulator
		{C5B2F30A-0C21-4DDA-A3E6-55B69C9BBE5D}.Debug|Any CPU.ActiveCfg = Debug|Any CPU
		{C5B2F30A-0C21-4DDA-A3E6-55B69C9BBE5D}.Debug|Any CPU.Build.0 = Debug|Any CPU
		{C5B2F30A-0C21-4DDA-A3E6-55B69C9BBE5D}.Debug|Any CPU.Deploy.0 = Debug|Any CPU
		{C5B2F30A-0C21-4DDA-A3E6-55B69C9BBE5D}.Debug|iPhone.ActiveCfg = Debug|Any CPU
		{C5B2F30A-0C21-4DDA-A3E6-55B69C9BBE5D}.Debug|iPhone.Build.0 = Debug|Any CPU
		{C5B2F30A-0C21-4DDA-A3E6-55B69C9BBE5D}.Debug|iPhone.Deploy.0 = Debug|Any CPU
		{C5B2F30A-0C21-4DDA-A3E6-55B69C9BBE5D}.Debug|iPhoneSimulator.ActiveCfg = Debug|Any CPU
		{C5B2F30A-0C21-4DDA-A3E6-55B69C9BBE5D}.Debug|iPhoneSimulator.Build.0 = Debug|Any CPU
		{C5B2F30A-0C21-4DDA-A3E6-55B69C9BBE5D}.Debug|iPhoneSimulator.Deploy.0 = Debug|Any CPU
		{C5B2F30A-0C21-4DDA-A3E6-55B69C9BBE5D}.Release|Any CPU.ActiveCfg = Release|Any CPU
		{C5B2F30A-0C21-4DDA-A3E6-55B69C9BBE5D}.Release|Any CPU.Build.0 = Release|Any CPU
		{C5B2F30A-0C21-4DDA-A3E6-55B69C9BBE5D}.Release|Any CPU.Deploy.0 = Release|Any CPU
		{C5B2F30A-0C21-4DDA-A3E6-55B69C9BBE5D}.Release|iPhone.ActiveCfg = Release|Any CPU
		{C5B2F30A-0C21-4DDA-A3E6-55B69C9BBE5D}.Release|iPhone.Build.0 = Release|Any CPU
		{C5B2F30A-0C21-4DDA-A3E6-55B69C9BBE5D}.Release|iPhone.Deploy.0 = Release|Any CPU
		{C5B2F30A-0C21-4DDA-A3E6-55B69C9BBE5D}.Release|iPhoneSimulator.ActiveCfg = Release|Any CPU
		{C5B2F30A-0C21-4DDA-A3E6-55B69C9BBE5D}.Release|iPhoneSimulator.Build.0 = Release|Any CPU
		{C5B2F30A-0C21-4DDA-A3E6-55B69C9BBE5D}.Release|iPhoneSimulator.Deploy.0 = Release|Any CPU
	EndGlobalSection
	GlobalSection(SolutionProperties) = preSolution
		HideSolutionNode = FALSE
	EndGlobalSection
	GlobalSection(ExtensibilityGlobals) = postSolution
		SolutionGuid = {E4587B41-A0F0-4A2A-B471-35D79FAAE31E}
	EndGlobalSection
EndGlobal
