
Microsoft Visual Studio Solution File, Format Version 12.00
# Visual Studio Version 16
VisualStudioVersion = 16.0.31727.386
MinimumVisualStudioVersion = 10.0.40219.1
Project("{FAE04EC0-301F-11D3-BF4B-00C04F79EFBC}") = "DynamicDataExample.Android", "DynamicDataExample\DynamicDataExample.Android\DynamicDataExample.Android.csproj", "{C97409D6-9A9A-4E59-BA70-63037FDF2F32}"
EndProject
Project("{FAE04EC0-301F-11D3-BF4B-00C04F79EFBC}") = "DynamicDataExample.iOS", "DynamicDataExample\DynamicDataExample.iOS\DynamicDataExample.iOS.csproj", "{C1EC33B7-3C0A-4DA0-BC21-F2159B1F998B}"
EndProject
Project("{FAE04EC0-301F-11D3-BF4B-00C04F79EFBC}") = "DynamicDataExample", "DynamicDataExample\DynamicDataExample\DynamicDataExample.csproj", "{E0DCBE08-F516-4F9D-99A7-38BE4F058B66}"
EndProject
Global
	GlobalSection(SolutionConfigurationPlatforms) = preSolution
		Debug|Any CPU = Debug|Any CPU
		Debug|iPhone = Debug|iPhone
		Debug|iPhoneSimulator = Debug|iPhoneSimulator
		Release|Any CPU = Release|Any CPU
		Release|iPhone = Release|iPhone
		Release|iPhoneSimulator = Release|iPhoneSimulator
	EndGlobalSection
	GlobalSection(ProjectConfigurationPlatforms) = postSolution
		{C97409D6-9A9A-4E59-BA70-63037FDF2F32}.Debug|Any CPU.ActiveCfg = Debug|Any CPU
		{C97409D6-9A9A-4E59-BA70-63037FDF2F32}.Debug|Any CPU.Build.0 = Debug|Any CPU
		{C97409D6-9A9A-4E59-BA70-63037FDF2F32}.Debug|Any CPU.Deploy.0 = Debug|Any CPU
		{C97409D6-9A9A-4E59-BA70-63037FDF2F32}.Debug|iPhone.ActiveCfg = Debug|Any CPU
		{C97409D6-9A9A-4E59-BA70-63037FDF2F32}.Debug|iPhone.Build.0 = Debug|Any CPU
		{C97409D6-9A9A-4E59-BA70-63037FDF2F32}.Debug|iPhone.Deploy.0 = Debug|Any CPU
		{C97409D6-9A9A-4E59-BA70-63037FDF2F32}.Debug|iPhoneSimulator.ActiveCfg = Debug|Any CPU
		{C97409D6-9A9A-4E59-BA70-63037FDF2F32}.Debug|iPhoneSimulator.Build.0 = Debug|Any CPU
		{C97409D6-9A9A-4E59-BA70-63037FDF2F32}.Debug|iPhoneSimulator.Deploy.0 = Debug|Any CPU
		{C97409D6-9A9A-4E59-BA70-63037FDF2F32}.Release|Any CPU.ActiveCfg = Release|Any CPU
		{C97409D6-9A9A-4E59-BA70-63037FDF2F32}.Release|Any CPU.Build.0 = Release|Any CPU
		{C97409D6-9A9A-4E59-BA70-63037FDF2F32}.Release|Any CPU.Deploy.0 = Release|Any CPU
		{C97409D6-9A9A-4E59-BA70-63037FDF2F32}.Release|iPhone.ActiveCfg = Release|Any CPU
		{C97409D6-9A9A-4E59-BA70-63037FDF2F32}.Release|iPhone.Build.0 = Release|Any CPU
		{C97409D6-9A9A-4E59-BA70-63037FDF2F32}.Release|iPhone.Deploy.0 = Release|Any CPU
		{C97409D6-9A9A-4E59-BA70-63037FDF2F32}.Release|iPhoneSimulator.ActiveCfg = Release|Any CPU
		{C97409D6-9A9A-4E59-BA70-63037FDF2F32}.Release|iPhoneSimulator.Build.0 = Release|Any CPU
		{C97409D6-9A9A-4E59-BA70-63037FDF2F32}.Release|iPhoneSimulator.Deploy.0 = Release|Any CPU
		{C1EC33B7-3C0A-4DA0-BC21-F2159B1F998B}.Debug|Any CPU.ActiveCfg = Debug|iPhone
		{C1EC33B7-3C0A-4DA0-BC21-F2159B1F998B}.Debug|Any CPU.Build.0 = Debug|iPhone
		{C1EC33B7-3C0A-4DA0-BC21-F2159B1F998B}.Debug|Any CPU.Deploy.0 = Debug|iPhone
		{C1EC33B7-3C0A-4DA0-BC21-F2159B1F998B}.Debug|iPhone.ActiveCfg = Debug|iPhone
		{C1EC33B7-3C0A-4DA0-BC21-F2159B1F998B}.Debug|iPhone.Build.0 = Debug|iPhone
		{C1EC33B7-3C0A-4DA0-BC21-F2159B1F998B}.Debug|iPhone.Deploy.0 = Debug|iPhone
		{C1EC33B7-3C0A-4DA0-BC21-F2159B1F998B}.Debug|iPhoneSimulator.ActiveCfg = Debug|iPhoneSimulator
		{C1EC33B7-3C0A-4DA0-BC21-F2159B1F998B}.Debug|iPhoneSimulator.Build.0 = Debug|iPhoneSimulator
		{C1EC33B7-3C0A-4DA0-BC21-F2159B1F998B}.Debug|iPhoneSimulator.Deploy.0 = Debug|iPhoneSimulator
		{C1EC33B7-3C0A-4DA0-BC21-F2159B1F998B}.Release|Any CPU.ActiveCfg = Release|iPhoneSimulator
		{C1EC33B7-3C0A-4DA0-BC21-F2159B1F998B}.Release|Any CPU.Build.0 = Release|iPhoneSimulator
		{C1EC33B7-3C0A-4DA0-BC21-F2159B1F998B}.Release|Any CPU.Deploy.0 = Release|iPhoneSimulator
		{C1EC33B7-3C0A-4DA0-BC21-F2159B1F998B}.Release|iPhone.ActiveCfg = Release|iPhone
		{C1EC33B7-3C0A-4DA0-BC21-F2159B1F998B}.Release|iPhone.Build.0 = Release|iPhone
		{C1EC33B7-3C0A-4DA0-BC21-F2159B1F998B}.Release|iPhone.Deploy.0 = Release|iPhone
		{C1EC33B7-3C0A-4DA0-BC21-F2159B1F998B}.Release|iPhoneSimulator.ActiveCfg = Release|iPhoneSimulator
		{C1EC33B7-3C0A-4DA0-BC21-F2159B1F998B}.Release|iPhoneSimulator.Build.0 = Release|iPhoneSimulator
		{C1EC33B7-3C0A-4DA0-BC21-F2159B1F998B}.Release|iPhoneSimulator.Deploy.0 = Release|iPhoneSimulator
		{E0DCBE08-F516-4F9D-99A7-38BE4F058B66}.Debug|Any CPU.ActiveCfg = Debug|Any CPU
		{E0DCBE08-F516-4F9D-99A7-38BE4F058B66}.Debug|Any CPU.Build.0 = Debug|Any CPU
		{E0DCBE08-F516-4F9D-99A7-38BE4F058B66}.Debug|Any CPU.Deploy.0 = Debug|Any CPU
		{E0DCBE08-F516-4F9D-99A7-38BE4F058B66}.Debug|iPhone.ActiveCfg = Debug|Any CPU
		{E0DCBE08-F516-4F9D-99A7-38BE4F058B66}.Debug|iPhone.Build.0 = Debug|Any CPU
		{E0DCBE08-F516-4F9D-99A7-38BE4F058B66}.Debug|iPhone.Deploy.0 = Debug|Any CPU
		{E0DCBE08-F516-4F9D-99A7-38BE4F058B66}.Debug|iPhoneSimulator.ActiveCfg = Debug|Any CPU
		{E0DCBE08-F516-4F9D-99A7-38BE4F058B66}.Debug|iPhoneSimulator.Build.0 = Debug|Any CPU
		{E0DCBE08-F516-4F9D-99A7-38BE4F058B66}.Debug|iPhoneSimulator.Deploy.0 = Debug|Any CPU
		{E0DCBE08-F516-4F9D-99A7-38BE4F058B66}.Release|Any CPU.ActiveCfg = Release|Any CPU
		{E0DCBE08-F516-4F9D-99A7-38BE4F058B66}.Release|Any CPU.Build.0 = Release|Any CPU
		{E0DCBE08-F516-4F9D-99A7-38BE4F058B66}.Release|Any CPU.Deploy.0 = Release|Any CPU
		{E0DCBE08-F516-4F9D-99A7-38BE4F058B66}.Release|iPhone.ActiveCfg = Release|Any CPU
		{E0DCBE08-F516-4F9D-99A7-38BE4F058B66}.Release|iPhone.Build.0 = Release|Any CPU
		{E0DCBE08-F516-4F9D-99A7-38BE4F058B66}.Release|iPhone.Deploy.0 = Release|Any CPU
		{E0DCBE08-F516-4F9D-99A7-38BE4F058B66}.Release|iPhoneSimulator.ActiveCfg = Release|Any CPU
		{E0DCBE08-F516-4F9D-99A7-38BE4F058B66}.Release|iPhoneSimulator.Build.0 = Release|Any CPU
		{E0DCBE08-F516-4F9D-99A7-38BE4F058B66}.Release|iPhoneSimulator.Deploy.0 = Release|Any CPU
	EndGlobalSection
	GlobalSection(SolutionProperties) = preSolution
		HideSolutionNode = FALSE
	EndGlobalSection
	GlobalSection(ExtensibilityGlobals) = postSolution
		SolutionGuid = {F371D5E4-97A3-4057-9941-4138A8734B90}
	EndGlobalSection
EndGlobal
