
Microsoft Visual Studio Solution File, Format Version 12.00
# Visual Studio Version 16
VisualStudioVersion = 16.0.29215.179
MinimumVisualStudioVersion = 10.0.40219.1
Project("{FAE04EC0-301F-11D3-BF4B-00C04F79EFBC}") = "UninstallSample.Android", "UninstallSample\UninstallSample.Android\UninstallSample.Android.csproj", "{2A9F53ED-D3AD-4B78-A0A4-755DD3898338}"
EndProject
Project("{FAE04EC0-301F-11D3-BF4B-00C04F79EFBC}") = "UninstallSample.iOS", "UninstallSample\UninstallSample.iOS\UninstallSample.iOS.csproj", "{A40441AA-B982-4493-9264-6E31E01AD90B}"
EndProject
Project("{FAE04EC0-301F-11D3-BF4B-00C04F79EFBC}") = "UninstallSample", "UninstallSample\UninstallSample\UninstallSample.csproj", "{2E17F044-ED24-49DF-B096-3A3127BEDEB9}"
EndProject
Global
	GlobalSection(SolutionConfigurationPlatforms) = preSolution
		Debug|Any CPU = Debug|Any CPU
		Debug|iPhone = Debug|iPhone
		Debug|iPhoneSimulator = Debug|iPhoneSimulator
		Release|Any CPU = Release|Any CPU
		Release|iPhone = Release|iPhone
		Release|iPhoneSimulator = Release|iPhoneSimulator
	EndGlobalSection
	GlobalSection(ProjectConfigurationPlatforms) = postSolution
		{2A9F53ED-D3AD-4B78-A0A4-755DD3898338}.Debug|Any CPU.ActiveCfg = Debug|Any CPU
		{2A9F53ED-D3AD-4B78-A0A4-755DD3898338}.Debug|Any CPU.Build.0 = Debug|Any CPU
		{2A9F53ED-D3AD-4B78-A0A4-755DD3898338}.Debug|Any CPU.Deploy.0 = Debug|Any CPU
		{2A9F53ED-D3AD-4B78-A0A4-755DD3898338}.Debug|iPhone.ActiveCfg = Debug|Any CPU
		{2A9F53ED-D3AD-4B78-A0A4-755DD3898338}.Debug|iPhone.Build.0 = Debug|Any CPU
		{2A9F53ED-D3AD-4B78-A0A4-755DD3898338}.Debug|iPhone.Deploy.0 = Debug|Any CPU
		{2A9F53ED-D3AD-4B78-A0A4-755DD3898338}.Debug|iPhoneSimulator.ActiveCfg = Debug|Any CPU
		{2A9F53ED-D3AD-4B78-A0A4-755DD3898338}.Debug|iPhoneSimulator.Build.0 = Debug|Any CPU
		{2A9F53ED-D3AD-4B78-A0A4-755DD3898338}.Debug|iPhoneSimulator.Deploy.0 = Debug|Any CPU
		{2A9F53ED-D3AD-4B78-A0A4-755DD3898338}.Release|Any CPU.ActiveCfg = Release|Any CPU
		{2A9F53ED-D3AD-4B78-A0A4-755DD3898338}.Release|Any CPU.Build.0 = Release|Any CPU
		{2A9F53ED-D3AD-4B78-A0A4-755DD3898338}.Release|Any CPU.Deploy.0 = Release|Any CPU
		{2A9F53ED-D3AD-4B78-A0A4-755DD3898338}.Release|iPhone.ActiveCfg = Release|Any CPU
		{2A9F53ED-D3AD-4B78-A0A4-755DD3898338}.Release|iPhone.Build.0 = Release|Any CPU
		{2A9F53ED-D3AD-4B78-A0A4-755DD3898338}.Release|iPhone.Deploy.0 = Release|Any CPU
		{2A9F53ED-D3AD-4B78-A0A4-755DD3898338}.Release|iPhoneSimulator.ActiveCfg = Release|Any CPU
		{2A9F53ED-D3AD-4B78-A0A4-755DD3898338}.Release|iPhoneSimulator.Build.0 = Release|Any CPU
		{2A9F53ED-D3AD-4B78-A0A4-755DD3898338}.Release|iPhoneSimulator.Deploy.0 = Release|Any CPU
		{A40441AA-B982-4493-9264-6E31E01AD90B}.Debug|Any CPU.ActiveCfg = Debug|iPhoneSimulator
		{A40441AA-B982-4493-9264-6E31E01AD90B}.Debug|Any CPU.Build.0 = Debug|iPhoneSimulator
		{A40441AA-B982-4493-9264-6E31E01AD90B}.Debug|Any CPU.Deploy.0 = Debug|iPhoneSimulator
		{A40441AA-B982-4493-9264-6E31E01AD90B}.Debug|iPhone.ActiveCfg = Debug|iPhone
		{A40441AA-B982-4493-9264-6E31E01AD90B}.Debug|iPhone.Build.0 = Debug|iPhone
		{A40441AA-B982-4493-9264-6E31E01AD90B}.Debug|iPhone.Deploy.0 = Debug|iPhone
		{A40441AA-B982-4493-9264-6E31E01AD90B}.Debug|iPhoneSimulator.ActiveCfg = Debug|iPhoneSimulator
		{A40441AA-B982-4493-9264-6E31E01AD90B}.Debug|iPhoneSimulator.Build.0 = Debug|iPhoneSimulator
		{A40441AA-B982-4493-9264-6E31E01AD90B}.Debug|iPhoneSimulator.Deploy.0 = Debug|iPhoneSimulator
		{A40441AA-B982-4493-9264-6E31E01AD90B}.Release|Any CPU.ActiveCfg = Release|iPhone
		{A40441AA-B982-4493-9264-6E31E01AD90B}.Release|Any CPU.Build.0 = Release|iPhone
		{A40441AA-B982-4493-9264-6E31E01AD90B}.Release|Any CPU.Deploy.0 = Release|iPhone
		{A40441AA-B982-4493-9264-6E31E01AD90B}.Release|iPhone.ActiveCfg = Release|iPhone
		{A40441AA-B982-4493-9264-6E31E01AD90B}.Release|iPhone.Build.0 = Release|iPhone
		{A40441AA-B982-4493-9264-6E31E01AD90B}.Release|iPhone.Deploy.0 = Release|iPhone
		{A40441AA-B982-4493-9264-6E31E01AD90B}.Release|iPhoneSimulator.ActiveCfg = Release|iPhoneSimulator
		{A40441AA-B982-4493-9264-6E31E01AD90B}.Release|iPhoneSimulator.Build.0 = Release|iPhoneSimulator
		{A40441AA-B982-4493-9264-6E31E01AD90B}.Release|iPhoneSimulator.Deploy.0 = Release|iPhoneSimulator
		{2E17F044-ED24-49DF-B096-3A3127BEDEB9}.Debug|Any CPU.ActiveCfg = Debug|Any CPU
		{2E17F044-ED24-49DF-B096-3A3127BEDEB9}.Debug|Any CPU.Build.0 = Debug|Any CPU
		{2E17F044-ED24-49DF-B096-3A3127BEDEB9}.Debug|Any CPU.Deploy.0 = Debug|Any CPU
		{2E17F044-ED24-49DF-B096-3A3127BEDEB9}.Debug|iPhone.ActiveCfg = Debug|Any CPU
		{2E17F044-ED24-49DF-B096-3A3127BEDEB9}.Debug|iPhone.Build.0 = Debug|Any CPU
		{2E17F044-ED24-49DF-B096-3A3127BEDEB9}.Debug|iPhone.Deploy.0 = Debug|Any CPU
		{2E17F044-ED24-49DF-B096-3A3127BEDEB9}.Debug|iPhoneSimulator.ActiveCfg = Debug|Any CPU
		{2E17F044-ED24-49DF-B096-3A3127BEDEB9}.Debug|iPhoneSimulator.Build.0 = Debug|Any CPU
		{2E17F044-ED24-49DF-B096-3A3127BEDEB9}.Debug|iPhoneSimulator.Deploy.0 = Debug|Any CPU
		{2E17F044-ED24-49DF-B096-3A3127BEDEB9}.Release|Any CPU.ActiveCfg = Release|Any CPU
		{2E17F044-ED24-49DF-B096-3A3127BEDEB9}.Release|Any CPU.Build.0 = Release|Any CPU
		{2E17F044-ED24-49DF-B096-3A3127BEDEB9}.Release|Any CPU.Deploy.0 = Release|Any CPU
		{2E17F044-ED24-49DF-B096-3A3127BEDEB9}.Release|iPhone.ActiveCfg = Release|Any CPU
		{2E17F044-ED24-49DF-B096-3A3127BEDEB9}.Release|iPhone.Build.0 = Release|Any CPU
		{2E17F044-ED24-49DF-B096-3A3127BEDEB9}.Release|iPhone.Deploy.0 = Release|Any CPU
		{2E17F044-ED24-49DF-B096-3A3127BEDEB9}.Release|iPhoneSimulator.ActiveCfg = Release|Any CPU
		{2E17F044-ED24-49DF-B096-3A3127BEDEB9}.Release|iPhoneSimulator.Build.0 = Release|Any CPU
		{2E17F044-ED24-49DF-B096-3A3127BEDEB9}.Release|iPhoneSimulator.Deploy.0 = Release|Any CPU
	EndGlobalSection
	GlobalSection(SolutionProperties) = preSolution
		HideSolutionNode = FALSE
	EndGlobalSection
	GlobalSection(ExtensibilityGlobals) = postSolution
		SolutionGuid = {1146F277-BC7E-412F-BDF7-F1C99367ACA9}
	EndGlobalSection
EndGlobal
