
Microsoft Visual Studio Solution File, Format Version 12.00
# Visual Studio 15
VisualStudioVersion = 15.0.28307.438
MinimumVisualStudioVersion = 10.0.40219.1
Project("{FAE04EC0-301F-11D3-BF4B-00C04F79EFBC}") = "NotifyTask.Android", "NotifyTask\NotifyTask.Android\NotifyTask.Android.csproj", "{B6237DF5-6A9B-4E6B-AE8C-CCDB974A97D0}"
EndProject
Project("{FAE04EC0-301F-11D3-BF4B-00C04F79EFBC}") = "NotifyTask.iOS", "NotifyTask\NotifyTask.iOS\NotifyTask.iOS.csproj", "{71CFAC5C-FC99-4B59-AE5E-604EF8ED80BE}"
EndProject
Project("{FAE04EC0-301F-11D3-BF4B-00C04F79EFBC}") = "NotifyTask", "NotifyTask\NotifyTask\NotifyTask.csproj", "{A52E172B-053D-4F26-BBBA-07ED6E877634}"
EndProject
Global
	GlobalSection(SolutionConfigurationPlatforms) = preSolution
		Ad-Hoc|Any CPU = Ad-Hoc|Any CPU
		Ad-Hoc|iPhone = Ad-Hoc|iPhone
		Ad-Hoc|iPhoneSimulator = Ad-Hoc|iPhoneSimulator
		AppStore|Any CPU = AppStore|Any CPU
		AppStore|iPhone = AppStore|iPhone
		AppStore|iPhoneSimulator = AppStore|iPhoneSimulator
		Debug|Any CPU = Debug|Any CPU
		Debug|iPhone = Debug|iPhone
		Debug|iPhoneSimulator = Debug|iPhoneSimulator
		Release|Any CPU = Release|Any CPU
		Release|iPhone = Release|iPhone
		Release|iPhoneSimulator = Release|iPhoneSimulator
	EndGlobalSection
	GlobalSection(ProjectConfigurationPlatforms) = postSolution
		{B6237DF5-6A9B-4E6B-AE8C-CCDB974A97D0}.Ad-Hoc|Any CPU.ActiveCfg = Release|Any CPU
		{B6237DF5-6A9B-4E6B-AE8C-CCDB974A97D0}.Ad-Hoc|Any CPU.Build.0 = Release|Any CPU
		{B6237DF5-6A9B-4E6B-AE8C-CCDB974A97D0}.Ad-Hoc|Any CPU.Deploy.0 = Release|Any CPU
		{B6237DF5-6A9B-4E6B-AE8C-CCDB974A97D0}.Ad-Hoc|iPhone.ActiveCfg = Release|Any CPU
		{B6237DF5-6A9B-4E6B-AE8C-CCDB974A97D0}.Ad-Hoc|iPhone.Build.0 = Release|Any CPU
		{B6237DF5-6A9B-4E6B-AE8C-CCDB974A97D0}.Ad-Hoc|iPhone.Deploy.0 = Release|Any CPU
		{B6237DF5-6A9B-4E6B-AE8C-CCDB974A97D0}.Ad-Hoc|iPhoneSimulator.ActiveCfg = Release|Any CPU
		{B6237DF5-6A9B-4E6B-AE8C-CCDB974A97D0}.Ad-Hoc|iPhoneSimulator.Build.0 = Release|Any CPU
		{B6237DF5-6A9B-4E6B-AE8C-CCDB974A97D0}.Ad-Hoc|iPhoneSimulator.Deploy.0 = Release|Any CPU
		{B6237DF5-6A9B-4E6B-AE8C-CCDB974A97D0}.AppStore|Any CPU.ActiveCfg = Release|Any CPU
		{B6237DF5-6A9B-4E6B-AE8C-CCDB974A97D0}.AppStore|Any CPU.Build.0 = Release|Any CPU
		{B6237DF5-6A9B-4E6B-AE8C-CCDB974A97D0}.AppStore|Any CPU.Deploy.0 = Release|Any CPU
		{B6237DF5-6A9B-4E6B-AE8C-CCDB974A97D0}.AppStore|iPhone.ActiveCfg = Release|Any CPU
		{B6237DF5-6A9B-4E6B-AE8C-CCDB974A97D0}.AppStore|iPhone.Build.0 = Release|Any CPU
		{B6237DF5-6A9B-4E6B-AE8C-CCDB974A97D0}.AppStore|iPhone.Deploy.0 = Release|Any CPU
		{B6237DF5-6A9B-4E6B-AE8C-CCDB974A97D0}.AppStore|iPhoneSimulator.ActiveCfg = Release|Any CPU
		{B6237DF5-6A9B-4E6B-AE8C-CCDB974A97D0}.AppStore|iPhoneSimulator.Build.0 = Release|Any CPU
		{B6237DF5-6A9B-4E6B-AE8C-CCDB974A97D0}.AppStore|iPhoneSimulator.Deploy.0 = Release|Any CPU
		{B6237DF5-6A9B-4E6B-AE8C-CCDB974A97D0}.Debug|Any CPU.ActiveCfg = Debug|Any CPU
		{B6237DF5-6A9B-4E6B-AE8C-CCDB974A97D0}.Debug|Any CPU.Build.0 = Debug|Any CPU
		{B6237DF5-6A9B-4E6B-AE8C-CCDB974A97D0}.Debug|Any CPU.Deploy.0 = Debug|Any CPU
		{B6237DF5-6A9B-4E6B-AE8C-CCDB974A97D0}.Debug|iPhone.ActiveCfg = Debug|Any CPU
		{B6237DF5-6A9B-4E6B-AE8C-CCDB974A97D0}.Debug|iPhone.Build.0 = Debug|Any CPU
		{B6237DF5-6A9B-4E6B-AE8C-CCDB974A97D0}.Debug|iPhone.Deploy.0 = Debug|Any CPU
		{B6237DF5-6A9B-4E6B-AE8C-CCDB974A97D0}.Debug|iPhoneSimulator.ActiveCfg = Debug|Any CPU
		{B6237DF5-6A9B-4E6B-AE8C-CCDB974A97D0}.Debug|iPhoneSimulator.Build.0 = Debug|Any CPU
		{B6237DF5-6A9B-4E6B-AE8C-CCDB974A97D0}.Debug|iPhoneSimulator.Deploy.0 = Debug|Any CPU
		{B6237DF5-6A9B-4E6B-AE8C-CCDB974A97D0}.Release|Any CPU.ActiveCfg = Release|Any CPU
		{B6237DF5-6A9B-4E6B-AE8C-CCDB974A97D0}.Release|Any CPU.Build.0 = Release|Any CPU
		{B6237DF5-6A9B-4E6B-AE8C-CCDB974A97D0}.Release|Any CPU.Deploy.0 = Release|Any CPU
		{B6237DF5-6A9B-4E6B-AE8C-CCDB974A97D0}.Release|iPhone.ActiveCfg = Release|Any CPU
		{B6237DF5-6A9B-4E6B-AE8C-CCDB974A97D0}.Release|iPhone.Build.0 = Release|Any CPU
		{B6237DF5-6A9B-4E6B-AE8C-CCDB974A97D0}.Release|iPhone.Deploy.0 = Release|Any CPU
		{B6237DF5-6A9B-4E6B-AE8C-CCDB974A97D0}.Release|iPhoneSimulator.ActiveCfg = Release|Any CPU
		{B6237DF5-6A9B-4E6B-AE8C-CCDB974A97D0}.Release|iPhoneSimulator.Build.0 = Release|Any CPU
		{B6237DF5-6A9B-4E6B-AE8C-CCDB974A97D0}.Release|iPhoneSimulator.Deploy.0 = Release|Any CPU
		{71CFAC5C-FC99-4B59-AE5E-604EF8ED80BE}.Ad-Hoc|Any CPU.ActiveCfg = Ad-Hoc|iPhone
		{71CFAC5C-FC99-4B59-AE5E-604EF8ED80BE}.Ad-Hoc|Any CPU.Build.0 = Ad-Hoc|iPhone
		{71CFAC5C-FC99-4B59-AE5E-604EF8ED80BE}.Ad-Hoc|Any CPU.Deploy.0 = Ad-Hoc|iPhone
		{71CFAC5C-FC99-4B59-AE5E-604EF8ED80BE}.Ad-Hoc|iPhone.ActiveCfg = Ad-Hoc|iPhone
		{71CFAC5C-FC99-4B59-AE5E-604EF8ED80BE}.Ad-Hoc|iPhone.Build.0 = Ad-Hoc|iPhone
		{71CFAC5C-FC99-4B59-AE5E-604EF8ED80BE}.Ad-Hoc|iPhone.Deploy.0 = Ad-Hoc|iPhone
		{71CFAC5C-FC99-4B59-AE5E-604EF8ED80BE}.Ad-Hoc|iPhoneSimulator.ActiveCfg = Ad-Hoc|iPhoneSimulator
		{71CFAC5C-FC99-4B59-AE5E-604EF8ED80BE}.Ad-Hoc|iPhoneSimulator.Build.0 = Ad-Hoc|iPhoneSimulator
		{71CFAC5C-FC99-4B59-AE5E-604EF8ED80BE}.Ad-Hoc|iPhoneSimulator.Deploy.0 = Ad-Hoc|iPhoneSimulator
		{71CFAC5C-FC99-4B59-AE5E-604EF8ED80BE}.AppStore|Any CPU.ActiveCfg = AppStore|iPhone
		{71CFAC5C-FC99-4B59-AE5E-604EF8ED80BE}.AppStore|Any CPU.Build.0 = AppStore|iPhone
		{71CFAC5C-FC99-4B59-AE5E-604EF8ED80BE}.AppStore|Any CPU.Deploy.0 = AppStore|iPhone
		{71CFAC5C-FC99-4B59-AE5E-604EF8ED80BE}.AppStore|iPhone.ActiveCfg = AppStore|iPhone
		{71CFAC5C-FC99-4B59-AE5E-604EF8ED80BE}.AppStore|iPhone.Build.0 = AppStore|iPhone
		{71CFAC5C-FC99-4B59-AE5E-604EF8ED80BE}.AppStore|iPhone.Deploy.0 = AppStore|iPhone
		{71CFAC5C-FC99-4B59-AE5E-604EF8ED80BE}.AppStore|iPhoneSimulator.ActiveCfg = AppStore|iPhoneSimulator
		{71CFAC5C-FC99-4B59-AE5E-604EF8ED80BE}.AppStore|iPhoneSimulator.Build.0 = AppStore|iPhoneSimulator
		{71CFAC5C-FC99-4B59-AE5E-604EF8ED80BE}.AppStore|iPhoneSimulator.Deploy.0 = AppStore|iPhoneSimulator
		{71CFAC5C-FC99-4B59-AE5E-604EF8ED80BE}.Debug|Any CPU.ActiveCfg = Debug|iPhoneSimulator
		{71CFAC5C-FC99-4B59-AE5E-604EF8ED80BE}.Debug|Any CPU.Build.0 = Debug|iPhoneSimulator
		{71CFAC5C-FC99-4B59-AE5E-604EF8ED80BE}.Debug|Any CPU.Deploy.0 = Debug|iPhoneSimulator
		{71CFAC5C-FC99-4B59-AE5E-604EF8ED80BE}.Debug|iPhone.ActiveCfg = Debug|iPhone
		{71CFAC5C-FC99-4B59-AE5E-604EF8ED80BE}.Debug|iPhone.Build.0 = Debug|iPhone
		{71CFAC5C-FC99-4B59-AE5E-604EF8ED80BE}.Debug|iPhone.Deploy.0 = Debug|iPhone
		{71CFAC5C-FC99-4B59-AE5E-604EF8ED80BE}.Debug|iPhoneSimulator.ActiveCfg = Debug|iPhoneSimulator
		{71CFAC5C-FC99-4B59-AE5E-604EF8ED80BE}.Debug|iPhoneSimulator.Build.0 = Debug|iPhoneSimulator
		{71CFAC5C-FC99-4B59-AE5E-604EF8ED80BE}.Debug|iPhoneSimulator.Deploy.0 = Debug|iPhoneSimulator
		{71CFAC5C-FC99-4B59-AE5E-604EF8ED80BE}.Release|Any CPU.ActiveCfg = Release|iPhone
		{71CFAC5C-FC99-4B59-AE5E-604EF8ED80BE}.Release|Any CPU.Build.0 = Release|iPhone
		{71CFAC5C-FC99-4B59-AE5E-604EF8ED80BE}.Release|Any CPU.Deploy.0 = Release|iPhone
		{71CFAC5C-FC99-4B59-AE5E-604EF8ED80BE}.Release|iPhone.ActiveCfg = Release|iPhone
		{71CFAC5C-FC99-4B59-AE5E-604EF8ED80BE}.Release|iPhone.Build.0 = Release|iPhone
		{71CFAC5C-FC99-4B59-AE5E-604EF8ED80BE}.Release|iPhone.Deploy.0 = Release|iPhone
		{71CFAC5C-FC99-4B59-AE5E-604EF8ED80BE}.Release|iPhoneSimulator.ActiveCfg = Release|iPhoneSimulator
		{71CFAC5C-FC99-4B59-AE5E-604EF8ED80BE}.Release|iPhoneSimulator.Build.0 = Release|iPhoneSimulator
		{71CFAC5C-FC99-4B59-AE5E-604EF8ED80BE}.Release|iPhoneSimulator.Deploy.0 = Release|iPhoneSimulator
		{A52E172B-053D-4F26-BBBA-07ED6E877634}.Ad-Hoc|Any CPU.ActiveCfg = Debug|Any CPU
		{A52E172B-053D-4F26-BBBA-07ED6E877634}.Ad-Hoc|Any CPU.Build.0 = Debug|Any CPU
		{A52E172B-053D-4F26-BBBA-07ED6E877634}.Ad-Hoc|Any CPU.Deploy.0 = Debug|Any CPU
		{A52E172B-053D-4F26-BBBA-07ED6E877634}.Ad-Hoc|iPhone.ActiveCfg = Debug|Any CPU
		{A52E172B-053D-4F26-BBBA-07ED6E877634}.Ad-Hoc|iPhone.Build.0 = Debug|Any CPU
		{A52E172B-053D-4F26-BBBA-07ED6E877634}.Ad-Hoc|iPhone.Deploy.0 = Debug|Any CPU
		{A52E172B-053D-4F26-BBBA-07ED6E877634}.Ad-Hoc|iPhoneSimulator.ActiveCfg = Debug|Any CPU
		{A52E172B-053D-4F26-BBBA-07ED6E877634}.Ad-Hoc|iPhoneSimulator.Build.0 = Debug|Any CPU
		{A52E172B-053D-4F26-BBBA-07ED6E877634}.Ad-Hoc|iPhoneSimulator.Deploy.0 = Debug|Any CPU
		{A52E172B-053D-4F26-BBBA-07ED6E877634}.AppStore|Any CPU.ActiveCfg = Debug|Any CPU
		{A52E172B-053D-4F26-BBBA-07ED6E877634}.AppStore|Any CPU.Build.0 = Debug|Any CPU
		{A52E172B-053D-4F26-BBBA-07ED6E877634}.AppStore|Any CPU.Deploy.0 = Debug|Any CPU
		{A52E172B-053D-4F26-BBBA-07ED6E877634}.AppStore|iPhone.ActiveCfg = Debug|Any CPU
		{A52E172B-053D-4F26-BBBA-07ED6E877634}.AppStore|iPhone.Build.0 = Debug|Any CPU
		{A52E172B-053D-4F26-BBBA-07ED6E877634}.AppStore|iPhone.Deploy.0 = Debug|Any CPU
		{A52E172B-053D-4F26-BBBA-07ED6E877634}.AppStore|iPhoneSimulator.ActiveCfg = Debug|Any CPU
		{A52E172B-053D-4F26-BBBA-07ED6E877634}.AppStore|iPhoneSimulator.Build.0 = Debug|Any CPU
		{A52E172B-053D-4F26-BBBA-07ED6E877634}.AppStore|iPhoneSimulator.Deploy.0 = Debug|Any CPU
		{A52E172B-053D-4F26-BBBA-07ED6E877634}.Debug|Any CPU.ActiveCfg = Debug|Any CPU
		{A52E172B-053D-4F26-BBBA-07ED6E877634}.Debug|Any CPU.Build.0 = Debug|Any CPU
		{A52E172B-053D-4F26-BBBA-07ED6E877634}.Debug|Any CPU.Deploy.0 = Debug|Any CPU
		{A52E172B-053D-4F26-BBBA-07ED6E877634}.Debug|iPhone.ActiveCfg = Debug|Any CPU
		{A52E172B-053D-4F26-BBBA-07ED6E877634}.Debug|iPhone.Build.0 = Debug|Any CPU
		{A52E172B-053D-4F26-BBBA-07ED6E877634}.Debug|iPhone.Deploy.0 = Debug|Any CPU
		{A52E172B-053D-4F26-BBBA-07ED6E877634}.Debug|iPhoneSimulator.ActiveCfg = Debug|Any CPU
		{A52E172B-053D-4F26-BBBA-07ED6E877634}.Debug|iPhoneSimulator.Build.0 = Debug|Any CPU
		{A52E172B-053D-4F26-BBBA-07ED6E877634}.Debug|iPhoneSimulator.Deploy.0 = Debug|Any CPU
		{A52E172B-053D-4F26-BBBA-07ED6E877634}.Release|Any CPU.ActiveCfg = Release|Any CPU
		{A52E172B-053D-4F26-BBBA-07ED6E877634}.Release|Any CPU.Build.0 = Release|Any CPU
		{A52E172B-053D-4F26-BBBA-07ED6E877634}.Release|Any CPU.Deploy.0 = Release|Any CPU
		{A52E172B-053D-4F26-BBBA-07ED6E877634}.Release|iPhone.ActiveCfg = Release|Any CPU
		{A52E172B-053D-4F26-BBBA-07ED6E877634}.Release|iPhone.Build.0 = Release|Any CPU
		{A52E172B-053D-4F26-BBBA-07ED6E877634}.Release|iPhone.Deploy.0 = Release|Any CPU
		{A52E172B-053D-4F26-BBBA-07ED6E877634}.Release|iPhoneSimulator.ActiveCfg = Release|Any CPU
		{A52E172B-053D-4F26-BBBA-07ED6E877634}.Release|iPhoneSimulator.Build.0 = Release|Any CPU
		{A52E172B-053D-4F26-BBBA-07ED6E877634}.Release|iPhoneSimulator.Deploy.0 = Release|Any CPU
	EndGlobalSection
	GlobalSection(SolutionProperties) = preSolution
		HideSolutionNode = FALSE
	EndGlobalSection
	GlobalSection(ExtensibilityGlobals) = postSolution
		SolutionGuid = {BD1E7020-D532-4821-9494-9AE30E3C9A51}
	EndGlobalSection
EndGlobal
