
Microsoft Visual Studio Solution File, Format Version 12.00
# Visual Studio Version 16
VisualStudioVersion = 16.0.31205.134
MinimumVisualStudioVersion = 10.0.40219.1
Project("{FAE04EC0-301F-11D3-BF4B-00C04F79EFBC}") = "XFVisualStates.UWP", "XFVisualStates.UWP\XFVisualStates.UWP.csproj", "{899C43FD-700F-4E90-BE7C-F8EB1E26569D}"
EndProject
Project("{FAE04EC0-301F-11D3-BF4B-00C04F79EFBC}") = "XFVisualStates.Android", "XFVisualStates.Android\XFVisualStates.Android.csproj", "{D97BB4EF-ED15-49F8-ACEC-52CE7695B538}"
EndProject
Project("{FAE04EC0-301F-11D3-BF4B-00C04F79EFBC}") = "XFVisualStates.iOS", "XFVisualStates.iOS\XFVisualStates.iOS.csproj", "{8E64B248-1063-415A-B7DE-81493DEDE20F}"
EndProject
Project("{FAE04EC0-301F-11D3-BF4B-00C04F79EFBC}") = "XFVisualStates", "XFVisualStates\XFVisualStates.csproj", "{429A9C2C-F8B9-4A64-AB5E-937EAE822641}"
EndProject
Global
	GlobalSection(SolutionConfigurationPlatforms) = preSolution
		Debug|Any CPU = Debug|Any CPU
		Debug|ARM = Debug|ARM
		Debug|iPhone = Debug|iPhone
		Debug|iPhoneSimulator = Debug|iPhoneSimulator
		Debug|x64 = Debug|x64
		Debug|x86 = Debug|x86
		Release|Any CPU = Release|Any CPU
		Release|ARM = Release|ARM
		Release|iPhone = Release|iPhone
		Release|iPhoneSimulator = Release|iPhoneSimulator
		Release|x64 = Release|x64
		Release|x86 = Release|x86
	EndGlobalSection
	GlobalSection(ProjectConfigurationPlatforms) = postSolution
		{899C43FD-700F-4E90-BE7C-F8EB1E26569D}.Debug|Any CPU.ActiveCfg = Debug|x86
		{899C43FD-700F-4E90-BE7C-F8EB1E26569D}.Debug|Any CPU.Build.0 = Debug|x86
		{899C43FD-700F-4E90-BE7C-F8EB1E26569D}.Debug|Any CPU.Deploy.0 = Debug|x86
		{899C43FD-700F-4E90-BE7C-F8EB1E26569D}.Debug|ARM.ActiveCfg = Debug|ARM
		{899C43FD-700F-4E90-BE7C-F8EB1E26569D}.Debug|ARM.Build.0 = Debug|ARM
		{899C43FD-700F-4E90-BE7C-F8EB1E26569D}.Debug|ARM.Deploy.0 = Debug|ARM
		{899C43FD-700F-4E90-BE7C-F8EB1E26569D}.Debug|iPhone.ActiveCfg = Debug|x86
		{899C43FD-700F-4E90-BE7C-F8EB1E26569D}.Debug|iPhone.Build.0 = Debug|x86
		{899C43FD-700F-4E90-BE7C-F8EB1E26569D}.Debug|iPhone.Deploy.0 = Debug|x86
		{899C43FD-700F-4E90-BE7C-F8EB1E26569D}.Debug|iPhoneSimulator.ActiveCfg = Debug|x86
		{899C43FD-700F-4E90-BE7C-F8EB1E26569D}.Debug|iPhoneSimulator.Build.0 = Debug|x86
		{899C43FD-700F-4E90-BE7C-F8EB1E26569D}.Debug|iPhoneSimulator.Deploy.0 = Debug|x86
		{899C43FD-700F-4E90-BE7C-F8EB1E26569D}.Debug|x64.ActiveCfg = Debug|x64
		{899C43FD-700F-4E90-BE7C-F8EB1E26569D}.Debug|x64.Build.0 = Debug|x64
		{899C43FD-700F-4E90-BE7C-F8EB1E26569D}.Debug|x64.Deploy.0 = Debug|x64
		{899C43FD-700F-4E90-BE7C-F8EB1E26569D}.Debug|x86.ActiveCfg = Debug|x86
		{899C43FD-700F-4E90-BE7C-F8EB1E26569D}.Debug|x86.Build.0 = Debug|x86
		{899C43FD-700F-4E90-BE7C-F8EB1E26569D}.Debug|x86.Deploy.0 = Debug|x86
		{899C43FD-700F-4E90-BE7C-F8EB1E26569D}.Release|Any CPU.ActiveCfg = Release|x86
		{899C43FD-700F-4E90-BE7C-F8EB1E26569D}.Release|Any CPU.Build.0 = Release|x86
		{899C43FD-700F-4E90-BE7C-F8EB1E26569D}.Release|Any CPU.Deploy.0 = Release|x86
		{899C43FD-700F-4E90-BE7C-F8EB1E26569D}.Release|ARM.ActiveCfg = Release|ARM
		{899C43FD-700F-4E90-BE7C-F8EB1E26569D}.Release|ARM.Build.0 = Release|ARM
		{899C43FD-700F-4E90-BE7C-F8EB1E26569D}.Release|ARM.Deploy.0 = Release|ARM
		{899C43FD-700F-4E90-BE7C-F8EB1E26569D}.Release|iPhone.ActiveCfg = Release|x86
		{899C43FD-700F-4E90-BE7C-F8EB1E26569D}.Release|iPhone.Build.0 = Release|x86
		{899C43FD-700F-4E90-BE7C-F8EB1E26569D}.Release|iPhone.Deploy.0 = Release|x86
		{899C43FD-700F-4E90-BE7C-F8EB1E26569D}.Release|iPhoneSimulator.ActiveCfg = Release|x86
		{899C43FD-700F-4E90-BE7C-F8EB1E26569D}.Release|iPhoneSimulator.Build.0 = Release|x86
		{899C43FD-700F-4E90-BE7C-F8EB1E26569D}.Release|iPhoneSimulator.Deploy.0 = Release|x86
		{899C43FD-700F-4E90-BE7C-F8EB1E26569D}.Release|x64.ActiveCfg = Release|x64
		{899C43FD-700F-4E90-BE7C-F8EB1E26569D}.Release|x64.Build.0 = Release|x64
		{899C43FD-700F-4E90-BE7C-F8EB1E26569D}.Release|x64.Deploy.0 = Release|x64
		{899C43FD-700F-4E90-BE7C-F8EB1E26569D}.Release|x86.ActiveCfg = Release|x86
		{899C43FD-700F-4E90-BE7C-F8EB1E26569D}.Release|x86.Build.0 = Release|x86
		{899C43FD-700F-4E90-BE7C-F8EB1E26569D}.Release|x86.Deploy.0 = Release|x86
		{D97BB4EF-ED15-49F8-ACEC-52CE7695B538}.Debug|Any CPU.ActiveCfg = Debug|Any CPU
		{D97BB4EF-ED15-49F8-ACEC-52CE7695B538}.Debug|Any CPU.Build.0 = Debug|Any CPU
		{D97BB4EF-ED15-49F8-ACEC-52CE7695B538}.Debug|Any CPU.Deploy.0 = Debug|Any CPU
		{D97BB4EF-ED15-49F8-ACEC-52CE7695B538}.Debug|ARM.ActiveCfg = Debug|Any CPU
		{D97BB4EF-ED15-49F8-ACEC-52CE7695B538}.Debug|ARM.Build.0 = Debug|Any CPU
		{D97BB4EF-ED15-49F8-ACEC-52CE7695B538}.Debug|ARM.Deploy.0 = Debug|Any CPU
		{D97BB4EF-ED15-49F8-ACEC-52CE7695B538}.Debug|iPhone.ActiveCfg = Debug|Any CPU
		{D97BB4EF-ED15-49F8-ACEC-52CE7695B538}.Debug|iPhone.Build.0 = Debug|Any CPU
		{D97BB4EF-ED15-49F8-ACEC-52CE7695B538}.Debug|iPhone.Deploy.0 = Debug|Any CPU
		{D97BB4EF-ED15-49F8-ACEC-52CE7695B538}.Debug|iPhoneSimulator.ActiveCfg = Debug|Any CPU
		{D97BB4EF-ED15-49F8-ACEC-52CE7695B538}.Debug|iPhoneSimulator.Build.0 = Debug|Any CPU
		{D97BB4EF-ED15-49F8-ACEC-52CE7695B538}.Debug|iPhoneSimulator.Deploy.0 = Debug|Any CPU
		{D97BB4EF-ED15-49F8-ACEC-52CE7695B538}.Debug|x64.ActiveCfg = Debug|Any CPU
		{D97BB4EF-ED15-49F8-ACEC-52CE7695B538}.Debug|x64.Build.0 = Debug|Any CPU
		{D97BB4EF-ED15-49F8-ACEC-52CE7695B538}.Debug|x64.Deploy.0 = Debug|Any CPU
		{D97BB4EF-ED15-49F8-ACEC-52CE7695B538}.Debug|x86.ActiveCfg = Debug|Any CPU
		{D97BB4EF-ED15-49F8-ACEC-52CE7695B538}.Debug|x86.Build.0 = Debug|Any CPU
		{D97BB4EF-ED15-49F8-ACEC-52CE7695B538}.Debug|x86.Deploy.0 = Debug|Any CPU
		{D97BB4EF-ED15-49F8-ACEC-52CE7695B538}.Release|Any CPU.ActiveCfg = Release|Any CPU
		{D97BB4EF-ED15-49F8-ACEC-52CE7695B538}.Release|Any CPU.Build.0 = Release|Any CPU
		{D97BB4EF-ED15-49F8-ACEC-52CE7695B538}.Release|Any CPU.Deploy.0 = Release|Any CPU
		{D97BB4EF-ED15-49F8-ACEC-52CE7695B538}.Release|ARM.ActiveCfg = Release|Any CPU
		{D97BB4EF-ED15-49F8-ACEC-52CE7695B538}.Release|ARM.Build.0 = Release|Any CPU
		{D97BB4EF-ED15-49F8-ACEC-52CE7695B538}.Release|ARM.Deploy.0 = Release|Any CPU
		{D97BB4EF-ED15-49F8-ACEC-52CE7695B538}.Release|iPhone.ActiveCfg = Release|Any CPU
		{D97BB4EF-ED15-49F8-ACEC-52CE7695B538}.Release|iPhone.Build.0 = Release|Any CPU
		{D97BB4EF-ED15-49F8-ACEC-52CE7695B538}.Release|iPhone.Deploy.0 = Release|Any CPU
		{D97BB4EF-ED15-49F8-ACEC-52CE7695B538}.Release|iPhoneSimulator.ActiveCfg = Release|Any CPU
		{D97BB4EF-ED15-49F8-ACEC-52CE7695B538}.Release|iPhoneSimulator.Build.0 = Release|Any CPU
		{D97BB4EF-ED15-49F8-ACEC-52CE7695B538}.Release|iPhoneSimulator.Deploy.0 = Release|Any CPU
		{D97BB4EF-ED15-49F8-ACEC-52CE7695B538}.Release|x64.ActiveCfg = Release|Any CPU
		{D97BB4EF-ED15-49F8-ACEC-52CE7695B538}.Release|x64.Build.0 = Release|Any CPU
		{D97BB4EF-ED15-49F8-ACEC-52CE7695B538}.Release|x64.Deploy.0 = Release|Any CPU
		{D97BB4EF-ED15-49F8-ACEC-52CE7695B538}.Release|x86.ActiveCfg = Release|Any CPU
		{D97BB4EF-ED15-49F8-ACEC-52CE7695B538}.Release|x86.Build.0 = Release|Any CPU
		{D97BB4EF-ED15-49F8-ACEC-52CE7695B538}.Release|x86.Deploy.0 = Release|Any CPU
		{8E64B248-1063-415A-B7DE-81493DEDE20F}.Debug|Any CPU.ActiveCfg = Debug|iPhoneSimulator
		{8E64B248-1063-415A-B7DE-81493DEDE20F}.Debug|Any CPU.Build.0 = Debug|iPhoneSimulator
		{8E64B248-1063-415A-B7DE-81493DEDE20F}.Debug|Any CPU.Deploy.0 = Debug|iPhoneSimulator
		{8E64B248-1063-415A-B7DE-81493DEDE20F}.Debug|ARM.ActiveCfg = Debug|iPhone
		{8E64B248-1063-415A-B7DE-81493DEDE20F}.Debug|ARM.Build.0 = Debug|iPhone
		{8E64B248-1063-415A-B7DE-81493DEDE20F}.Debug|ARM.Deploy.0 = Debug|iPhone
		{8E64B248-1063-415A-B7DE-81493DEDE20F}.Debug|iPhone.ActiveCfg = Debug|iPhone
		{8E64B248-1063-415A-B7DE-81493DEDE20F}.Debug|iPhone.Build.0 = Debug|iPhone
		{8E64B248-1063-415A-B7DE-81493DEDE20F}.Debug|iPhone.Deploy.0 = Debug|iPhone
		{8E64B248-1063-415A-B7DE-81493DEDE20F}.Debug|iPhoneSimulator.ActiveCfg = Debug|iPhoneSimulator
		{8E64B248-1063-415A-B7DE-81493DEDE20F}.Debug|iPhoneSimulator.Build.0 = Debug|iPhoneSimulator
		{8E64B248-1063-415A-B7DE-81493DEDE20F}.Debug|iPhoneSimulator.Deploy.0 = Debug|iPhoneSimulator
		{8E64B248-1063-415A-B7DE-81493DEDE20F}.Debug|x64.ActiveCfg = Debug|iPhoneSimulator
		{8E64B248-1063-415A-B7DE-81493DEDE20F}.Debug|x64.Build.0 = Debug|iPhoneSimulator
		{8E64B248-1063-415A-B7DE-81493DEDE20F}.Debug|x64.Deploy.0 = Debug|iPhoneSimulator
		{8E64B248-1063-415A-B7DE-81493DEDE20F}.Debug|x86.ActiveCfg = Debug|iPhoneSimulator
		{8E64B248-1063-415A-B7DE-81493DEDE20F}.Debug|x86.Build.0 = Debug|iPhoneSimulator
		{8E64B248-1063-415A-B7DE-81493DEDE20F}.Debug|x86.Deploy.0 = Debug|iPhoneSimulator
		{8E64B248-1063-415A-B7DE-81493DEDE20F}.Release|Any CPU.ActiveCfg = Release|iPhoneSimulator
		{8E64B248-1063-415A-B7DE-81493DEDE20F}.Release|Any CPU.Build.0 = Release|iPhoneSimulator
		{8E64B248-1063-415A-B7DE-81493DEDE20F}.Release|Any CPU.Deploy.0 = Release|iPhoneSimulator
		{8E64B248-1063-415A-B7DE-81493DEDE20F}.Release|ARM.ActiveCfg = Release|iPhoneSimulator
		{8E64B248-1063-415A-B7DE-81493DEDE20F}.Release|ARM.Build.0 = Release|iPhoneSimulator
		{8E64B248-1063-415A-B7DE-81493DEDE20F}.Release|ARM.Deploy.0 = Release|iPhoneSimulator
		{8E64B248-1063-415A-B7DE-81493DEDE20F}.Release|iPhone.ActiveCfg = Release|iPhone
		{8E64B248-1063-415A-B7DE-81493DEDE20F}.Release|iPhone.Build.0 = Release|iPhone
		{8E64B248-1063-415A-B7DE-81493DEDE20F}.Release|iPhone.Deploy.0 = Release|iPhone
		{8E64B248-1063-415A-B7DE-81493DEDE20F}.Release|iPhoneSimulator.ActiveCfg = Release|iPhoneSimulator
		{8E64B248-1063-415A-B7DE-81493DEDE20F}.Release|iPhoneSimulator.Build.0 = Release|iPhoneSimulator
		{8E64B248-1063-415A-B7DE-81493DEDE20F}.Release|iPhoneSimulator.Deploy.0 = Release|iPhoneSimulator
		{8E64B248-1063-415A-B7DE-81493DEDE20F}.Release|x64.ActiveCfg = Release|iPhoneSimulator
		{8E64B248-1063-415A-B7DE-81493DEDE20F}.Release|x64.Build.0 = Release|iPhoneSimulator
		{8E64B248-1063-415A-B7DE-81493DEDE20F}.Release|x64.Deploy.0 = Release|iPhoneSimulator
		{8E64B248-1063-415A-B7DE-81493DEDE20F}.Release|x86.ActiveCfg = Release|iPhoneSimulator
		{8E64B248-1063-415A-B7DE-81493DEDE20F}.Release|x86.Build.0 = Release|iPhoneSimulator
		{8E64B248-1063-415A-B7DE-81493DEDE20F}.Release|x86.Deploy.0 = Release|iPhoneSimulator
		{429A9C2C-F8B9-4A64-AB5E-937EAE822641}.Debug|Any CPU.ActiveCfg = Debug|Any CPU
		{429A9C2C-F8B9-4A64-AB5E-937EAE822641}.Debug|Any CPU.Build.0 = Debug|Any CPU
		{429A9C2C-F8B9-4A64-AB5E-937EAE822641}.Debug|Any CPU.Deploy.0 = Debug|Any CPU
		{429A9C2C-F8B9-4A64-AB5E-937EAE822641}.Debug|ARM.ActiveCfg = Debug|Any CPU
		{429A9C2C-F8B9-4A64-AB5E-937EAE822641}.Debug|ARM.Build.0 = Debug|Any CPU
		{429A9C2C-F8B9-4A64-AB5E-937EAE822641}.Debug|ARM.Deploy.0 = Debug|Any CPU
		{429A9C2C-F8B9-4A64-AB5E-937EAE822641}.Debug|iPhone.ActiveCfg = Debug|Any CPU
		{429A9C2C-F8B9-4A64-AB5E-937EAE822641}.Debug|iPhone.Build.0 = Debug|Any CPU
		{429A9C2C-F8B9-4A64-AB5E-937EAE822641}.Debug|iPhone.Deploy.0 = Debug|Any CPU
		{429A9C2C-F8B9-4A64-AB5E-937EAE822641}.Debug|iPhoneSimulator.ActiveCfg = Debug|Any CPU
		{429A9C2C-F8B9-4A64-AB5E-937EAE822641}.Debug|iPhoneSimulator.Build.0 = Debug|Any CPU
		{429A9C2C-F8B9-4A64-AB5E-937EAE822641}.Debug|iPhoneSimulator.Deploy.0 = Debug|Any CPU
		{429A9C2C-F8B9-4A64-AB5E-937EAE822641}.Debug|x64.ActiveCfg = Debug|Any CPU
		{429A9C2C-F8B9-4A64-AB5E-937EAE822641}.Debug|x64.Build.0 = Debug|Any CPU
		{429A9C2C-F8B9-4A64-AB5E-937EAE822641}.Debug|x64.Deploy.0 = Debug|Any CPU
		{429A9C2C-F8B9-4A64-AB5E-937EAE822641}.Debug|x86.ActiveCfg = Debug|Any CPU
		{429A9C2C-F8B9-4A64-AB5E-937EAE822641}.Debug|x86.Build.0 = Debug|Any CPU
		{429A9C2C-F8B9-4A64-AB5E-937EAE822641}.Debug|x86.Deploy.0 = Debug|Any CPU
		{429A9C2C-F8B9-4A64-AB5E-937EAE822641}.Release|Any CPU.ActiveCfg = Release|Any CPU
		{429A9C2C-F8B9-4A64-AB5E-937EAE822641}.Release|Any CPU.Build.0 = Release|Any CPU
		{429A9C2C-F8B9-4A64-AB5E-937EAE822641}.Release|Any CPU.Deploy.0 = Release|Any CPU
		{429A9C2C-F8B9-4A64-AB5E-937EAE822641}.Release|ARM.ActiveCfg = Release|Any CPU
		{429A9C2C-F8B9-4A64-AB5E-937EAE822641}.Release|ARM.Build.0 = Release|Any CPU
		{429A9C2C-F8B9-4A64-AB5E-937EAE822641}.Release|ARM.Deploy.0 = Release|Any CPU
		{429A9C2C-F8B9-4A64-AB5E-937EAE822641}.Release|iPhone.ActiveCfg = Release|Any CPU
		{429A9C2C-F8B9-4A64-AB5E-937EAE822641}.Release|iPhone.Build.0 = Release|Any CPU
		{429A9C2C-F8B9-4A64-AB5E-937EAE822641}.Release|iPhone.Deploy.0 = Release|Any CPU
		{429A9C2C-F8B9-4A64-AB5E-937EAE822641}.Release|iPhoneSimulator.ActiveCfg = Release|Any CPU
		{429A9C2C-F8B9-4A64-AB5E-937EAE822641}.Release|iPhoneSimulator.Build.0 = Release|Any CPU
		{429A9C2C-F8B9-4A64-AB5E-937EAE822641}.Release|iPhoneSimulator.Deploy.0 = Release|Any CPU
		{429A9C2C-F8B9-4A64-AB5E-937EAE822641}.Release|x64.ActiveCfg = Release|Any CPU
		{429A9C2C-F8B9-4A64-AB5E-937EAE822641}.Release|x64.Build.0 = Release|Any CPU
		{429A9C2C-F8B9-4A64-AB5E-937EAE822641}.Release|x64.Deploy.0 = Release|Any CPU
		{429A9C2C-F8B9-4A64-AB5E-937EAE822641}.Release|x86.ActiveCfg = Release|Any CPU
		{429A9C2C-F8B9-4A64-AB5E-937EAE822641}.Release|x86.Build.0 = Release|Any CPU
		{429A9C2C-F8B9-4A64-AB5E-937EAE822641}.Release|x86.Deploy.0 = Release|Any CPU
	EndGlobalSection
	GlobalSection(SolutionProperties) = preSolution
		HideSolutionNode = FALSE
	EndGlobalSection
	GlobalSection(ExtensibilityGlobals) = postSolution
		SolutionGuid = {7A11D761-EE39-4A67-B2CA-66C7C13DF917}
	EndGlobalSection
EndGlobal
