
Microsoft Visual Studio Solution File, Format Version 12.00
# Visual Studio Version 17
VisualStudioVersion = 17.1.32407.343
MinimumVisualStudioVersion = 10.0.40219.1
Project("{FAE04EC0-301F-11D3-BF4B-00C04F79EFBC}") = "SampleRefresh.UWP", "SampleRefresh\SampleRefresh.UWP\SampleRefresh.UWP.csproj", "{224C477C-06F0-4D66-AA28-AFEA455DB39B}"
EndProject
Project("{FAE04EC0-301F-11D3-BF4B-00C04F79EFBC}") = "SampleRefresh.Android", "SampleRefresh\SampleRefresh.Android\SampleRefresh.Android.csproj", "{B6B55D66-35E1-4FE2-9C5D-ACBD3C8A0DCA}"
EndProject
Project("{FAE04EC0-301F-11D3-BF4B-00C04F79EFBC}") = "SampleRefresh.iOS", "SampleRefresh\SampleRefresh.iOS\SampleRefresh.iOS.csproj", "{67164B31-A8F8-4829-BB58-9A18124239D1}"
EndProject
Project("{FAE04EC0-301F-11D3-BF4B-00C04F79EFBC}") = "SampleRefresh", "SampleRefresh\SampleRefresh\SampleRefresh.csproj", "{5E7C27D5-D1AA-4474-B9FD-62A2EC54DC05}"
EndProject
Global
	GlobalSection(SolutionConfigurationPlatforms) = preSolution
		Debug|Any CPU = Debug|Any CPU
		Debug|ARM = Debug|ARM
		Debug|iPhone = Debug|iPhone
		Debug|iPhoneSimulator = Debug|iPhoneSimulator
		Debug|x64 = Debug|x64
		Debug|x86 = Debug|x86
		Release|Any CPU = Release|Any CPU
		Release|ARM = Release|ARM
		Release|iPhone = Release|iPhone
		Release|iPhoneSimulator = Release|iPhoneSimulator
		Release|x64 = Release|x64
		Release|x86 = Release|x86
	EndGlobalSection
	GlobalSection(ProjectConfigurationPlatforms) = postSolution
		{224C477C-06F0-4D66-AA28-AFEA455DB39B}.Debug|Any CPU.ActiveCfg = Debug|x64
		{224C477C-06F0-4D66-AA28-AFEA455DB39B}.Debug|Any CPU.Build.0 = Debug|x64
		{224C477C-06F0-4D66-AA28-AFEA455DB39B}.Debug|Any CPU.Deploy.0 = Debug|x64
		{224C477C-06F0-4D66-AA28-AFEA455DB39B}.Debug|ARM.ActiveCfg = Debug|ARM
		{224C477C-06F0-4D66-AA28-AFEA455DB39B}.Debug|ARM.Build.0 = Debug|ARM
		{224C477C-06F0-4D66-AA28-AFEA455DB39B}.Debug|ARM.Deploy.0 = Debug|ARM
		{224C477C-06F0-4D66-AA28-AFEA455DB39B}.Debug|iPhone.ActiveCfg = Debug|x64
		{224C477C-06F0-4D66-AA28-AFEA455DB39B}.Debug|iPhone.Build.0 = Debug|x64
		{224C477C-06F0-4D66-AA28-AFEA455DB39B}.Debug|iPhone.Deploy.0 = Debug|x64
		{224C477C-06F0-4D66-AA28-AFEA455DB39B}.Debug|iPhoneSimulator.ActiveCfg = Debug|x64
		{224C477C-06F0-4D66-AA28-AFEA455DB39B}.Debug|iPhoneSimulator.Build.0 = Debug|x64
		{224C477C-06F0-4D66-AA28-AFEA455DB39B}.Debug|iPhoneSimulator.Deploy.0 = Debug|x64
		{224C477C-06F0-4D66-AA28-AFEA455DB39B}.Debug|x64.ActiveCfg = Debug|x64
		{224C477C-06F0-4D66-AA28-AFEA455DB39B}.Debug|x64.Build.0 = Debug|x64
		{224C477C-06F0-4D66-AA28-AFEA455DB39B}.Debug|x64.Deploy.0 = Debug|x64
		{224C477C-06F0-4D66-AA28-AFEA455DB39B}.Debug|x86.ActiveCfg = Debug|x86
		{224C477C-06F0-4D66-AA28-AFEA455DB39B}.Debug|x86.Build.0 = Debug|x86
		{224C477C-06F0-4D66-AA28-AFEA455DB39B}.Debug|x86.Deploy.0 = Debug|x86
		{224C477C-06F0-4D66-AA28-AFEA455DB39B}.Release|Any CPU.ActiveCfg = Release|x64
		{224C477C-06F0-4D66-AA28-AFEA455DB39B}.Release|Any CPU.Build.0 = Release|x64
		{224C477C-06F0-4D66-AA28-AFEA455DB39B}.Release|Any CPU.Deploy.0 = Release|x64
		{224C477C-06F0-4D66-AA28-AFEA455DB39B}.Release|ARM.ActiveCfg = Release|ARM
		{224C477C-06F0-4D66-AA28-AFEA455DB39B}.Release|ARM.Build.0 = Release|ARM
		{224C477C-06F0-4D66-AA28-AFEA455DB39B}.Release|ARM.Deploy.0 = Release|ARM
		{224C477C-06F0-4D66-AA28-AFEA455DB39B}.Release|iPhone.ActiveCfg = Release|x64
		{224C477C-06F0-4D66-AA28-AFEA455DB39B}.Release|iPhone.Build.0 = Release|x64
		{224C477C-06F0-4D66-AA28-AFEA455DB39B}.Release|iPhone.Deploy.0 = Release|x64
		{224C477C-06F0-4D66-AA28-AFEA455DB39B}.Release|iPhoneSimulator.ActiveCfg = Release|x64
		{224C477C-06F0-4D66-AA28-AFEA455DB39B}.Release|iPhoneSimulator.Build.0 = Release|x64
		{224C477C-06F0-4D66-AA28-AFEA455DB39B}.Release|iPhoneSimulator.Deploy.0 = Release|x64
		{224C477C-06F0-4D66-AA28-AFEA455DB39B}.Release|x64.ActiveCfg = Release|x64
		{224C477C-06F0-4D66-AA28-AFEA455DB39B}.Release|x64.Build.0 = Release|x64
		{224C477C-06F0-4D66-AA28-AFEA455DB39B}.Release|x64.Deploy.0 = Release|x64
		{224C477C-06F0-4D66-AA28-AFEA455DB39B}.Release|x86.ActiveCfg = Release|x86
		{224C477C-06F0-4D66-AA28-AFEA455DB39B}.Release|x86.Build.0 = Release|x86
		{224C477C-06F0-4D66-AA28-AFEA455DB39B}.Release|x86.Deploy.0 = Release|x86
		{B6B55D66-35E1-4FE2-9C5D-ACBD3C8A0DCA}.Debug|Any CPU.ActiveCfg = Debug|Any CPU
		{B6B55D66-35E1-4FE2-9C5D-ACBD3C8A0DCA}.Debug|Any CPU.Build.0 = Debug|Any CPU
		{B6B55D66-35E1-4FE2-9C5D-ACBD3C8A0DCA}.Debug|Any CPU.Deploy.0 = Debug|Any CPU
		{B6B55D66-35E1-4FE2-9C5D-ACBD3C8A0DCA}.Debug|ARM.ActiveCfg = Debug|Any CPU
		{B6B55D66-35E1-4FE2-9C5D-ACBD3C8A0DCA}.Debug|ARM.Build.0 = Debug|Any CPU
		{B6B55D66-35E1-4FE2-9C5D-ACBD3C8A0DCA}.Debug|ARM.Deploy.0 = Debug|Any CPU
		{B6B55D66-35E1-4FE2-9C5D-ACBD3C8A0DCA}.Debug|iPhone.ActiveCfg = Debug|Any CPU
		{B6B55D66-35E1-4FE2-9C5D-ACBD3C8A0DCA}.Debug|iPhone.Build.0 = Debug|Any CPU
		{B6B55D66-35E1-4FE2-9C5D-ACBD3C8A0DCA}.Debug|iPhone.Deploy.0 = Debug|Any CPU
		{B6B55D66-35E1-4FE2-9C5D-ACBD3C8A0DCA}.Debug|iPhoneSimulator.ActiveCfg = Debug|Any CPU
		{B6B55D66-35E1-4FE2-9C5D-ACBD3C8A0DCA}.Debug|iPhoneSimulator.Build.0 = Debug|Any CPU
		{B6B55D66-35E1-4FE2-9C5D-ACBD3C8A0DCA}.Debug|iPhoneSimulator.Deploy.0 = Debug|Any CPU
		{B6B55D66-35E1-4FE2-9C5D-ACBD3C8A0DCA}.Debug|x64.ActiveCfg = Debug|Any CPU
		{B6B55D66-35E1-4FE2-9C5D-ACBD3C8A0DCA}.Debug|x64.Build.0 = Debug|Any CPU
		{B6B55D66-35E1-4FE2-9C5D-ACBD3C8A0DCA}.Debug|x64.Deploy.0 = Debug|Any CPU
		{B6B55D66-35E1-4FE2-9C5D-ACBD3C8A0DCA}.Debug|x86.ActiveCfg = Debug|Any CPU
		{B6B55D66-35E1-4FE2-9C5D-ACBD3C8A0DCA}.Debug|x86.Build.0 = Debug|Any CPU
		{B6B55D66-35E1-4FE2-9C5D-ACBD3C8A0DCA}.Debug|x86.Deploy.0 = Debug|Any CPU
		{B6B55D66-35E1-4FE2-9C5D-ACBD3C8A0DCA}.Release|Any CPU.ActiveCfg = Release|Any CPU
		{B6B55D66-35E1-4FE2-9C5D-ACBD3C8A0DCA}.Release|Any CPU.Build.0 = Release|Any CPU
		{B6B55D66-35E1-4FE2-9C5D-ACBD3C8A0DCA}.Release|Any CPU.Deploy.0 = Release|Any CPU
		{B6B55D66-35E1-4FE2-9C5D-ACBD3C8A0DCA}.Release|ARM.ActiveCfg = Release|Any CPU
		{B6B55D66-35E1-4FE2-9C5D-ACBD3C8A0DCA}.Release|ARM.Build.0 = Release|Any CPU
		{B6B55D66-35E1-4FE2-9C5D-ACBD3C8A0DCA}.Release|ARM.Deploy.0 = Release|Any CPU
		{B6B55D66-35E1-4FE2-9C5D-ACBD3C8A0DCA}.Release|iPhone.ActiveCfg = Release|Any CPU
		{B6B55D66-35E1-4FE2-9C5D-ACBD3C8A0DCA}.Release|iPhone.Build.0 = Release|Any CPU
		{B6B55D66-35E1-4FE2-9C5D-ACBD3C8A0DCA}.Release|iPhone.Deploy.0 = Release|Any CPU
		{B6B55D66-35E1-4FE2-9C5D-ACBD3C8A0DCA}.Release|iPhoneSimulator.ActiveCfg = Release|Any CPU
		{B6B55D66-35E1-4FE2-9C5D-ACBD3C8A0DCA}.Release|iPhoneSimulator.Build.0 = Release|Any CPU
		{B6B55D66-35E1-4FE2-9C5D-ACBD3C8A0DCA}.Release|iPhoneSimulator.Deploy.0 = Release|Any CPU
		{B6B55D66-35E1-4FE2-9C5D-ACBD3C8A0DCA}.Release|x64.ActiveCfg = Release|Any CPU
		{B6B55D66-35E1-4FE2-9C5D-ACBD3C8A0DCA}.Release|x64.Build.0 = Release|Any CPU
		{B6B55D66-35E1-4FE2-9C5D-ACBD3C8A0DCA}.Release|x64.Deploy.0 = Release|Any CPU
		{B6B55D66-35E1-4FE2-9C5D-ACBD3C8A0DCA}.Release|x86.ActiveCfg = Release|Any CPU
		{B6B55D66-35E1-4FE2-9C5D-ACBD3C8A0DCA}.Release|x86.Build.0 = Release|Any CPU
		{B6B55D66-35E1-4FE2-9C5D-ACBD3C8A0DCA}.Release|x86.Deploy.0 = Release|Any CPU
		{67164B31-A8F8-4829-BB58-9A18124239D1}.Debug|Any CPU.ActiveCfg = Debug|iPhoneSimulator
		{67164B31-A8F8-4829-BB58-9A18124239D1}.Debug|Any CPU.Build.0 = Debug|iPhoneSimulator
		{67164B31-A8F8-4829-BB58-9A18124239D1}.Debug|Any CPU.Deploy.0 = Debug|iPhoneSimulator
		{67164B31-A8F8-4829-BB58-9A18124239D1}.Debug|ARM.ActiveCfg = Debug|iPhoneSimulator
		{67164B31-A8F8-4829-BB58-9A18124239D1}.Debug|ARM.Build.0 = Debug|iPhoneSimulator
		{67164B31-A8F8-4829-BB58-9A18124239D1}.Debug|ARM.Deploy.0 = Debug|iPhoneSimulator
		{67164B31-A8F8-4829-BB58-9A18124239D1}.Debug|iPhone.ActiveCfg = Debug|iPhone
		{67164B31-A8F8-4829-BB58-9A18124239D1}.Debug|iPhone.Build.0 = Debug|iPhone
		{67164B31-A8F8-4829-BB58-9A18124239D1}.Debug|iPhone.Deploy.0 = Debug|iPhone
		{67164B31-A8F8-4829-BB58-9A18124239D1}.Debug|iPhoneSimulator.ActiveCfg = Debug|iPhoneSimulator
		{67164B31-A8F8-4829-BB58-9A18124239D1}.Debug|iPhoneSimulator.Build.0 = Debug|iPhoneSimulator
		{67164B31-A8F8-4829-BB58-9A18124239D1}.Debug|iPhoneSimulator.Deploy.0 = Debug|iPhoneSimulator
		{67164B31-A8F8-4829-BB58-9A18124239D1}.Debug|x64.ActiveCfg = Debug|iPhone
		{67164B31-A8F8-4829-BB58-9A18124239D1}.Debug|x64.Build.0 = Debug|iPhone
		{67164B31-A8F8-4829-BB58-9A18124239D1}.Debug|x64.Deploy.0 = Debug|iPhone
		{67164B31-A8F8-4829-BB58-9A18124239D1}.Debug|x86.ActiveCfg = Debug|iPhoneSimulator
		{67164B31-A8F8-4829-BB58-9A18124239D1}.Debug|x86.Build.0 = Debug|iPhoneSimulator
		{67164B31-A8F8-4829-BB58-9A18124239D1}.Debug|x86.Deploy.0 = Debug|iPhoneSimulator
		{67164B31-A8F8-4829-BB58-9A18124239D1}.Release|Any CPU.ActiveCfg = Release|iPhoneSimulator
		{67164B31-A8F8-4829-BB58-9A18124239D1}.Release|Any CPU.Build.0 = Release|iPhoneSimulator
		{67164B31-A8F8-4829-BB58-9A18124239D1}.Release|Any CPU.Deploy.0 = Release|iPhoneSimulator
		{67164B31-A8F8-4829-BB58-9A18124239D1}.Release|ARM.ActiveCfg = Release|iPhoneSimulator
		{67164B31-A8F8-4829-BB58-9A18124239D1}.Release|ARM.Build.0 = Release|iPhoneSimulator
		{67164B31-A8F8-4829-BB58-9A18124239D1}.Release|ARM.Deploy.0 = Release|iPhoneSimulator
		{67164B31-A8F8-4829-BB58-9A18124239D1}.Release|iPhone.ActiveCfg = Release|iPhone
		{67164B31-A8F8-4829-BB58-9A18124239D1}.Release|iPhone.Build.0 = Release|iPhone
		{67164B31-A8F8-4829-BB58-9A18124239D1}.Release|iPhone.Deploy.0 = Release|iPhone
		{67164B31-A8F8-4829-BB58-9A18124239D1}.Release|iPhoneSimulator.ActiveCfg = Release|iPhoneSimulator
		{67164B31-A8F8-4829-BB58-9A18124239D1}.Release|iPhoneSimulator.Build.0 = Release|iPhoneSimulator
		{67164B31-A8F8-4829-BB58-9A18124239D1}.Release|iPhoneSimulator.Deploy.0 = Release|iPhoneSimulator
		{67164B31-A8F8-4829-BB58-9A18124239D1}.Release|x64.ActiveCfg = Release|iPhoneSimulator
		{67164B31-A8F8-4829-BB58-9A18124239D1}.Release|x64.Build.0 = Release|iPhoneSimulator
		{67164B31-A8F8-4829-BB58-9A18124239D1}.Release|x64.Deploy.0 = Release|iPhoneSimulator
		{67164B31-A8F8-4829-BB58-9A18124239D1}.Release|x86.ActiveCfg = Release|iPhoneSimulator
		{67164B31-A8F8-4829-BB58-9A18124239D1}.Release|x86.Build.0 = Release|iPhoneSimulator
		{67164B31-A8F8-4829-BB58-9A18124239D1}.Release|x86.Deploy.0 = Release|iPhoneSimulator
		{5E7C27D5-D1AA-4474-B9FD-62A2EC54DC05}.Debug|Any CPU.ActiveCfg = Debug|Any CPU
		{5E7C27D5-D1AA-4474-B9FD-62A2EC54DC05}.Debug|Any CPU.Build.0 = Debug|Any CPU
		{5E7C27D5-D1AA-4474-B9FD-62A2EC54DC05}.Debug|Any CPU.Deploy.0 = Debug|Any CPU
		{5E7C27D5-D1AA-4474-B9FD-62A2EC54DC05}.Debug|ARM.ActiveCfg = Debug|Any CPU
		{5E7C27D5-D1AA-4474-B9FD-62A2EC54DC05}.Debug|ARM.Build.0 = Debug|Any CPU
		{5E7C27D5-D1AA-4474-B9FD-62A2EC54DC05}.Debug|ARM.Deploy.0 = Debug|Any CPU
		{5E7C27D5-D1AA-4474-B9FD-62A2EC54DC05}.Debug|iPhone.ActiveCfg = Debug|Any CPU
		{5E7C27D5-D1AA-4474-B9FD-62A2EC54DC05}.Debug|iPhone.Build.0 = Debug|Any CPU
		{5E7C27D5-D1AA-4474-B9FD-62A2EC54DC05}.Debug|iPhone.Deploy.0 = Debug|Any CPU
		{5E7C27D5-D1AA-4474-B9FD-62A2EC54DC05}.Debug|iPhoneSimulator.ActiveCfg = Debug|Any CPU
		{5E7C27D5-D1AA-4474-B9FD-62A2EC54DC05}.Debug|iPhoneSimulator.Build.0 = Debug|Any CPU
		{5E7C27D5-D1AA-4474-B9FD-62A2EC54DC05}.Debug|iPhoneSimulator.Deploy.0 = Debug|Any CPU
		{5E7C27D5-D1AA-4474-B9FD-62A2EC54DC05}.Debug|x64.ActiveCfg = Debug|Any CPU
		{5E7C27D5-D1AA-4474-B9FD-62A2EC54DC05}.Debug|x64.Build.0 = Debug|Any CPU
		{5E7C27D5-D1AA-4474-B9FD-62A2EC54DC05}.Debug|x64.Deploy.0 = Debug|Any CPU
		{5E7C27D5-D1AA-4474-B9FD-62A2EC54DC05}.Debug|x86.ActiveCfg = Debug|Any CPU
		{5E7C27D5-D1AA-4474-B9FD-62A2EC54DC05}.Debug|x86.Build.0 = Debug|Any CPU
		{5E7C27D5-D1AA-4474-B9FD-62A2EC54DC05}.Debug|x86.Deploy.0 = Debug|Any CPU
		{5E7C27D5-D1AA-4474-B9FD-62A2EC54DC05}.Release|Any CPU.ActiveCfg = Release|Any CPU
		{5E7C27D5-D1AA-4474-B9FD-62A2EC54DC05}.Release|Any CPU.Build.0 = Release|Any CPU
		{5E7C27D5-D1AA-4474-B9FD-62A2EC54DC05}.Release|Any CPU.Deploy.0 = Release|Any CPU
		{5E7C27D5-D1AA-4474-B9FD-62A2EC54DC05}.Release|ARM.ActiveCfg = Release|Any CPU
		{5E7C27D5-D1AA-4474-B9FD-62A2EC54DC05}.Release|ARM.Build.0 = Release|Any CPU
		{5E7C27D5-D1AA-4474-B9FD-62A2EC54DC05}.Release|ARM.Deploy.0 = Release|Any CPU
		{5E7C27D5-D1AA-4474-B9FD-62A2EC54DC05}.Release|iPhone.ActiveCfg = Release|Any CPU
		{5E7C27D5-D1AA-4474-B9FD-62A2EC54DC05}.Release|iPhone.Build.0 = Release|Any CPU
		{5E7C27D5-D1AA-4474-B9FD-62A2EC54DC05}.Release|iPhone.Deploy.0 = Release|Any CPU
		{5E7C27D5-D1AA-4474-B9FD-62A2EC54DC05}.Release|iPhoneSimulator.ActiveCfg = Release|Any CPU
		{5E7C27D5-D1AA-4474-B9FD-62A2EC54DC05}.Release|iPhoneSimulator.Build.0 = Release|Any CPU
		{5E7C27D5-D1AA-4474-B9FD-62A2EC54DC05}.Release|iPhoneSimulator.Deploy.0 = Release|Any CPU
		{5E7C27D5-D1AA-4474-B9FD-62A2EC54DC05}.Release|x64.ActiveCfg = Release|Any CPU
		{5E7C27D5-D1AA-4474-B9FD-62A2EC54DC05}.Release|x64.Build.0 = Release|Any CPU
		{5E7C27D5-D1AA-4474-B9FD-62A2EC54DC05}.Release|x64.Deploy.0 = Release|Any CPU
		{5E7C27D5-D1AA-4474-B9FD-62A2EC54DC05}.Release|x86.ActiveCfg = Release|Any CPU
		{5E7C27D5-D1AA-4474-B9FD-62A2EC54DC05}.Release|x86.Build.0 = Release|Any CPU
		{5E7C27D5-D1AA-4474-B9FD-62A2EC54DC05}.Release|x86.Deploy.0 = Release|Any CPU
	EndGlobalSection
	GlobalSection(SolutionProperties) = preSolution
		HideSolutionNode = FALSE
	EndGlobalSection
	GlobalSection(ExtensibilityGlobals) = postSolution
		SolutionGuid = {C967E078-D073-4D41-9224-787858EFC4FA}
	EndGlobalSection
EndGlobal
