
Microsoft Visual Studio Solution File, Format Version 12.00
# Visual Studio Version 16
VisualStudioVersion = 16.0.29403.142
MinimumVisualStudioVersion = 10.0.40219.1
Project("{FAE04EC0-301F-11D3-BF4B-00C04F79EFBC}") = "XFSecondDisplay.Android", "XFSecondDisplay\XFSecondDisplay.Android\XFSecondDisplay.Android.csproj", "{F425EF12-DF27-4F41-802B-3155C897DD4F}"
EndProject
Project("{FAE04EC0-301F-11D3-BF4B-00C04F79EFBC}") = "XFSecondDisplay", "XFSecondDisplay\XFSecondDisplay\XFSecondDisplay.csproj", "{AD360B74-3895-47EA-AB2C-D2DA7CD083E5}"
EndProject
Global
	GlobalSection(SolutionConfigurationPlatforms) = preSolution
		Debug|Any CPU = Debug|Any CPU
		Release|Any CPU = Release|Any CPU
	EndGlobalSection
	GlobalSection(ProjectConfigurationPlatforms) = postSolution
		{F425EF12-DF27-4F41-802B-3155C897DD4F}.Debug|Any CPU.ActiveCfg = Debug|Any CPU
		{F425EF12-DF27-4F41-802B-3155C897DD4F}.Debug|Any CPU.Build.0 = Debug|Any CPU
		{F425EF12-DF27-4F41-802B-3155C897DD4F}.Debug|Any CPU.Deploy.0 = Debug|Any CPU
		{F425EF12-DF27-4F41-802B-3155C897DD4F}.Release|Any CPU.ActiveCfg = Release|Any CPU
		{F425EF12-DF27-4F41-802B-3155C897DD4F}.Release|Any CPU.Build.0 = Release|Any CPU
		{F425EF12-DF27-4F41-802B-3155C897DD4F}.Release|Any CPU.Deploy.0 = Release|Any CPU
		{AD360B74-3895-47EA-AB2C-D2DA7CD083E5}.Debug|Any CPU.ActiveCfg = Debug|Any CPU
		{AD360B74-3895-47EA-AB2C-D2DA7CD083E5}.Debug|Any CPU.Build.0 = Debug|Any CPU
		{AD360B74-3895-47EA-AB2C-D2DA7CD083E5}.Debug|Any CPU.Deploy.0 = Debug|Any CPU
		{AD360B74-3895-47EA-AB2C-D2DA7CD083E5}.Release|Any CPU.ActiveCfg = Release|Any CPU
		{AD360B74-3895-47EA-AB2C-D2DA7CD083E5}.Release|Any CPU.Build.0 = Release|Any CPU
		{AD360B74-3895-47EA-AB2C-D2DA7CD083E5}.Release|Any CPU.Deploy.0 = Release|Any CPU
	EndGlobalSection
	GlobalSection(SolutionProperties) = preSolution
		HideSolutionNode = FALSE
	EndGlobalSection
	GlobalSection(ExtensibilityGlobals) = postSolution
		SolutionGuid = {341E76A8-C3F8-4B6E-AC1B-EFDD1978608A}
	EndGlobalSection
EndGlobal
