Microsoft Visual Studio Solution File, Format Version 12.00
# Visual Studio Version 16
VisualStudioVersion = 16.0.30611.23
MinimumVisualStudioVersion = 10.0.40219.1
Project("{FAE04EC0-301F-11D3-BF4B-00C04F79EFBC}") = "ImageRecognition.Android", "ImageRecognition.Android\ImageRecognition.Android.csproj", "{9DEF070D-FFEC-4059-89E6-620C1EEA7579}"
EndProject
Project("{FAE04EC0-301F-11D3-BF4B-00C04F79EFBC}") = "ImageRecognition.iOS", "ImageRecognition.iOS\ImageRecognition.iOS.csproj", "{A9F7EAEA-A9FE-4436-B44A-C3037E76A4BF}"
EndProject
Project("{9A19103F-16F7-4668-BE54-9A1E7A4F7556}") = "ImageRecognition", "ImageRecognition\ImageRecognition.csproj", "{98C534AA-927F-4CE6-91F8-EACC53E470BC}"
EndProject
Global
	GlobalSection(SolutionConfigurationPlatforms) = preSolution
		Debug|Any CPU = Debug|Any CPU
		Debug|iPhone = Debug|iPhone
		Debug|iPhoneSimulator = Debug|iPhoneSimulator
		Release|Any CPU = Release|Any CPU
		Release|iPhone = Release|iPhone
		Release|iPhoneSimulator = Release|iPhoneSimulator
	EndGlobalSection
	GlobalSection(ProjectConfigurationPlatforms) = postSolution
		{9DEF070D-FFEC-4059-89E6-620C1EEA7579}.Debug|Any CPU.ActiveCfg = Debug|Any CPU
		{9DEF070D-FFEC-4059-89E6-620C1EEA7579}.Debug|Any CPU.Build.0 = Debug|Any CPU
		{9DEF070D-FFEC-4059-89E6-620C1EEA7579}.Debug|iPhone.ActiveCfg = Debug|Any CPU
		{9DEF070D-FFEC-4059-89E6-620C1EEA7579}.Debug|iPhone.Build.0 = Debug|Any CPU
		{9DEF070D-FFEC-4059-89E6-620C1EEA7579}.Debug|iPhoneSimulator.ActiveCfg = Debug|Any CPU
		{9DEF070D-FFEC-4059-89E6-620C1EEA7579}.Debug|iPhoneSimulator.Build.0 = Debug|Any CPU
		{9DEF070D-FFEC-4059-89E6-620C1EEA7579}.Release|Any CPU.ActiveCfg = Release|Any CPU
		{9DEF070D-FFEC-4059-89E6-620C1EEA7579}.Release|Any CPU.Build.0 = Release|Any CPU
		{9DEF070D-FFEC-4059-89E6-620C1EEA7579}.Release|iPhone.ActiveCfg = Release|Any CPU
		{9DEF070D-FFEC-4059-89E6-620C1EEA7579}.Release|iPhone.Build.0 = Release|Any CPU
		{9DEF070D-FFEC-4059-89E6-620C1EEA7579}.Release|iPhoneSimulator.ActiveCfg = Release|Any CPU
		{9DEF070D-FFEC-4059-89E6-620C1EEA7579}.Release|iPhoneSimulator.Build.0 = Release|Any CPU
		{A9F7EAEA-A9FE-4436-B44A-C3037E76A4BF}.Debug|Any CPU.ActiveCfg = Debug|iPhoneSimulator
		{A9F7EAEA-A9FE-4436-B44A-C3037E76A4BF}.Debug|Any CPU.Build.0 = Debug|iPhoneSimulator
		{A9F7EAEA-A9FE-4436-B44A-C3037E76A4BF}.Debug|iPhone.ActiveCfg = Debug|iPhone
		{A9F7EAEA-A9FE-4436-B44A-C3037E76A4BF}.Debug|iPhone.Build.0 = Debug|iPhone
		{A9F7EAEA-A9FE-4436-B44A-C3037E76A4BF}.Debug|iPhone.Deploy.0 = Debug|iPhone
		{A9F7EAEA-A9FE-4436-B44A-C3037E76A4BF}.Debug|iPhoneSimulator.ActiveCfg = Debug|iPhoneSimulator
		{A9F7EAEA-A9FE-4436-B44A-C3037E76A4BF}.Debug|iPhoneSimulator.Build.0 = Debug|iPhoneSimulator
		{A9F7EAEA-A9FE-4436-B44A-C3037E76A4BF}.Release|Any CPU.ActiveCfg = Release|iPhoneSimulator
		{A9F7EAEA-A9FE-4436-B44A-C3037E76A4BF}.Release|Any CPU.Build.0 = Release|iPhoneSimulator
		{A9F7EAEA-A9FE-4436-B44A-C3037E76A4BF}.Release|iPhone.ActiveCfg = Release|iPhone
		{A9F7EAEA-A9FE-4436-B44A-C3037E76A4BF}.Release|iPhone.Build.0 = Release|iPhone
		{A9F7EAEA-A9FE-4436-B44A-C3037E76A4BF}.Release|iPhoneSimulator.ActiveCfg = Release|iPhoneSimulator
		{A9F7EAEA-A9FE-4436-B44A-C3037E76A4BF}.Release|iPhoneSimulator.Build.0 = Release|iPhoneSimulator
		{98C534AA-927F-4CE6-91F8-EACC53E470BC}.Debug|Any CPU.ActiveCfg = Debug|Any CPU
		{98C534AA-927F-4CE6-91F8-EACC53E470BC}.Debug|Any CPU.Build.0 = Debug|Any CPU
		{98C534AA-927F-4CE6-91F8-EACC53E470BC}.Debug|iPhone.ActiveCfg = Debug|Any CPU
		{98C534AA-927F-4CE6-91F8-EACC53E470BC}.Debug|iPhone.Build.0 = Debug|Any CPU
		{98C534AA-927F-4CE6-91F8-EACC53E470BC}.Debug|iPhoneSimulator.ActiveCfg = Debug|Any CPU
		{98C534AA-927F-4CE6-91F8-EACC53E470BC}.Debug|iPhoneSimulator.Build.0 = Debug|Any CPU
		{98C534AA-927F-4CE6-91F8-EACC53E470BC}.Release|Any CPU.ActiveCfg = Release|Any CPU
		{98C534AA-927F-4CE6-91F8-EACC53E470BC}.Release|Any CPU.Build.0 = Release|Any CPU
		{98C534AA-927F-4CE6-91F8-EACC53E470BC}.Release|iPhone.ActiveCfg = Release|Any CPU
		{98C534AA-927F-4CE6-91F8-EACC53E470BC}.Release|iPhone.Build.0 = Release|Any CPU
		{98C534AA-927F-4CE6-91F8-EACC53E470BC}.Release|iPhoneSimulator.ActiveCfg = Release|Any CPU
		{98C534AA-927F-4CE6-91F8-EACC53E470BC}.Release|iPhoneSimulator.Build.0 = Release|Any CPU
	EndGlobalSection
	GlobalSection(SolutionProperties) = preSolution
		HideSolutionNode = FALSE
	EndGlobalSection
	GlobalSection(ExtensibilityGlobals) = postSolution
		SolutionGuid = {5EA59A1D-814F-4931-98B6-A566FE7BE32A}
	EndGlobalSection
EndGlobal
