
Microsoft Visual Studio Solution File, Format Version 12.00
# Visual Studio Version 16
VisualStudioVersion = 16.0.31424.327
MinimumVisualStudioVersion = 10.0.40219.1
Project("{FAE04EC0-301F-11D3-BF4B-00C04F79EFBC}") = "GPRSTracker.Android", "GPRSTracker\GPRSTracker.Android\GPRSTracker.Android.csproj", "{38EB0193-20D2-4D1B-81BF-A042DFFA9B3E}"
EndProject
Project("{FAE04EC0-301F-11D3-BF4B-00C04F79EFBC}") = "GPRSTracker.iOS", "GPRSTracker\GPRSTracker.iOS\GPRSTracker.iOS.csproj", "{5889EFAF-587F-4BE7-9BAF-C61C87DF75D4}"
EndProject
Project("{FAE04EC0-301F-11D3-BF4B-00C04F79EFBC}") = "GPRSTracker", "GPRSTracker\GPRSTracker\GPRSTracker.csproj", "{C9C37640-478B-433B-9F98-9B38DE343C4E}"
EndProject
Global
	GlobalSection(SolutionConfigurationPlatforms) = preSolution
		Debug|Any CPU = Debug|Any CPU
		Debug|iPhone = Debug|iPhone
		Debug|iPhoneSimulator = Debug|iPhoneSimulator
		Release|Any CPU = Release|Any CPU
		Release|iPhone = Release|iPhone
		Release|iPhoneSimulator = Release|iPhoneSimulator
	EndGlobalSection
	GlobalSection(ProjectConfigurationPlatforms) = postSolution
		{38EB0193-20D2-4D1B-81BF-A042DFFA9B3E}.Debug|Any CPU.ActiveCfg = Debug|Any CPU
		{38EB0193-20D2-4D1B-81BF-A042DFFA9B3E}.Debug|Any CPU.Build.0 = Debug|Any CPU
		{38EB0193-20D2-4D1B-81BF-A042DFFA9B3E}.Debug|Any CPU.Deploy.0 = Debug|Any CPU
		{38EB0193-20D2-4D1B-81BF-A042DFFA9B3E}.Debug|iPhone.ActiveCfg = Debug|Any CPU
		{38EB0193-20D2-4D1B-81BF-A042DFFA9B3E}.Debug|iPhone.Build.0 = Debug|Any CPU
		{38EB0193-20D2-4D1B-81BF-A042DFFA9B3E}.Debug|iPhone.Deploy.0 = Debug|Any CPU
		{38EB0193-20D2-4D1B-81BF-A042DFFA9B3E}.Debug|iPhoneSimulator.ActiveCfg = Debug|Any CPU
		{38EB0193-20D2-4D1B-81BF-A042DFFA9B3E}.Debug|iPhoneSimulator.Build.0 = Debug|Any CPU
		{38EB0193-20D2-4D1B-81BF-A042DFFA9B3E}.Debug|iPhoneSimulator.Deploy.0 = Debug|Any CPU
		{38EB0193-20D2-4D1B-81BF-A042DFFA9B3E}.Release|Any CPU.ActiveCfg = Release|Any CPU
		{38EB0193-20D2-4D1B-81BF-A042DFFA9B3E}.Release|Any CPU.Build.0 = Release|Any CPU
		{38EB0193-20D2-4D1B-81BF-A042DFFA9B3E}.Release|Any CPU.Deploy.0 = Release|Any CPU
		{38EB0193-20D2-4D1B-81BF-A042DFFA9B3E}.Release|iPhone.ActiveCfg = Release|Any CPU
		{38EB0193-20D2-4D1B-81BF-A042DFFA9B3E}.Release|iPhone.Build.0 = Release|Any CPU
		{38EB0193-20D2-4D1B-81BF-A042DFFA9B3E}.Release|iPhone.Deploy.0 = Release|Any CPU
		{38EB0193-20D2-4D1B-81BF-A042DFFA9B3E}.Release|iPhoneSimulator.ActiveCfg = Release|Any CPU
		{38EB0193-20D2-4D1B-81BF-A042DFFA9B3E}.Release|iPhoneSimulator.Build.0 = Release|Any CPU
		{38EB0193-20D2-4D1B-81BF-A042DFFA9B3E}.Release|iPhoneSimulator.Deploy.0 = Release|Any CPU
		{5889EFAF-587F-4BE7-9BAF-C61C87DF75D4}.Debug|Any CPU.ActiveCfg = Debug|iPhone
		{5889EFAF-587F-4BE7-9BAF-C61C87DF75D4}.Debug|Any CPU.Build.0 = Debug|iPhone
		{5889EFAF-587F-4BE7-9BAF-C61C87DF75D4}.Debug|Any CPU.Deploy.0 = Debug|iPhone
		{5889EFAF-587F-4BE7-9BAF-C61C87DF75D4}.Debug|iPhone.ActiveCfg = Debug|iPhone
		{5889EFAF-587F-4BE7-9BAF-C61C87DF75D4}.Debug|iPhone.Build.0 = Debug|iPhone
		{5889EFAF-587F-4BE7-9BAF-C61C87DF75D4}.Debug|iPhone.Deploy.0 = Debug|iPhone
		{5889EFAF-587F-4BE7-9BAF-C61C87DF75D4}.Debug|iPhoneSimulator.ActiveCfg = Debug|iPhoneSimulator
		{5889EFAF-587F-4BE7-9BAF-C61C87DF75D4}.Debug|iPhoneSimulator.Build.0 = Debug|iPhoneSimulator
		{5889EFAF-587F-4BE7-9BAF-C61C87DF75D4}.Debug|iPhoneSimulator.Deploy.0 = Debug|iPhoneSimulator
		{5889EFAF-587F-4BE7-9BAF-C61C87DF75D4}.Release|Any CPU.ActiveCfg = Release|iPhoneSimulator
		{5889EFAF-587F-4BE7-9BAF-C61C87DF75D4}.Release|Any CPU.Build.0 = Release|iPhoneSimulator
		{5889EFAF-587F-4BE7-9BAF-C61C87DF75D4}.Release|Any CPU.Deploy.0 = Release|iPhoneSimulator
		{5889EFAF-587F-4BE7-9BAF-C61C87DF75D4}.Release|iPhone.ActiveCfg = Release|iPhone
		{5889EFAF-587F-4BE7-9BAF-C61C87DF75D4}.Release|iPhone.Build.0 = Release|iPhone
		{5889EFAF-587F-4BE7-9BAF-C61C87DF75D4}.Release|iPhone.Deploy.0 = Release|iPhone
		{5889EFAF-587F-4BE7-9BAF-C61C87DF75D4}.Release|iPhoneSimulator.ActiveCfg = Release|iPhoneSimulator
		{5889EFAF-587F-4BE7-9BAF-C61C87DF75D4}.Release|iPhoneSimulator.Build.0 = Release|iPhoneSimulator
		{5889EFAF-587F-4BE7-9BAF-C61C87DF75D4}.Release|iPhoneSimulator.Deploy.0 = Release|iPhoneSimulator
		{C9C37640-478B-433B-9F98-9B38DE343C4E}.Debug|Any CPU.ActiveCfg = Debug|Any CPU
		{C9C37640-478B-433B-9F98-9B38DE343C4E}.Debug|Any CPU.Build.0 = Debug|Any CPU
		{C9C37640-478B-433B-9F98-9B38DE343C4E}.Debug|Any CPU.Deploy.0 = Debug|Any CPU
		{C9C37640-478B-433B-9F98-9B38DE343C4E}.Debug|iPhone.ActiveCfg = Debug|Any CPU
		{C9C37640-478B-433B-9F98-9B38DE343C4E}.Debug|iPhone.Build.0 = Debug|Any CPU
		{C9C37640-478B-433B-9F98-9B38DE343C4E}.Debug|iPhone.Deploy.0 = Debug|Any CPU
		{C9C37640-478B-433B-9F98-9B38DE343C4E}.Debug|iPhoneSimulator.ActiveCfg = Debug|Any CPU
		{C9C37640-478B-433B-9F98-9B38DE343C4E}.Debug|iPhoneSimulator.Build.0 = Debug|Any CPU
		{C9C37640-478B-433B-9F98-9B38DE343C4E}.Debug|iPhoneSimulator.Deploy.0 = Debug|Any CPU
		{C9C37640-478B-433B-9F98-9B38DE343C4E}.Release|Any CPU.ActiveCfg = Release|Any CPU
		{C9C37640-478B-433B-9F98-9B38DE343C4E}.Release|Any CPU.Build.0 = Release|Any CPU
		{C9C37640-478B-433B-9F98-9B38DE343C4E}.Release|Any CPU.Deploy.0 = Release|Any CPU
		{C9C37640-478B-433B-9F98-9B38DE343C4E}.Release|iPhone.ActiveCfg = Release|Any CPU
		{C9C37640-478B-433B-9F98-9B38DE343C4E}.Release|iPhone.Build.0 = Release|Any CPU
		{C9C37640-478B-433B-9F98-9B38DE343C4E}.Release|iPhone.Deploy.0 = Release|Any CPU
		{C9C37640-478B-433B-9F98-9B38DE343C4E}.Release|iPhoneSimulator.ActiveCfg = Release|Any CPU
		{C9C37640-478B-433B-9F98-9B38DE343C4E}.Release|iPhoneSimulator.Build.0 = Release|Any CPU
		{C9C37640-478B-433B-9F98-9B38DE343C4E}.Release|iPhoneSimulator.Deploy.0 = Release|Any CPU
	EndGlobalSection
	GlobalSection(SolutionProperties) = preSolution
		HideSolutionNode = FALSE
	EndGlobalSection
	GlobalSection(ExtensibilityGlobals) = postSolution
		SolutionGuid = {6A29D1D9-CCBB-4522-8B64-0C1B8D2C6ED1}
	EndGlobalSection
EndGlobal
