
Microsoft Visual Studio Solution File, Format Version 12.00
# Visual Studio 15
VisualStudioVersion = 15.0.28307.106
MinimumVisualStudioVersion = 10.0.40219.1
Project("{FAE04EC0-301F-11D3-BF4B-00C04F79EFBC}") = "USH.Android", "USH\USH.Android\USH.Android.csproj", "{CD375CDC-11C0-41BB-9BDA-6319455AEE93}"
EndProject
Project("{FAE04EC0-301F-11D3-BF4B-00C04F79EFBC}") = "USH.iOS", "USH\USH.iOS\USH.iOS.csproj", "{D17CCE46-6F4B-4722-91B4-A1107464FEDF}"
EndProject
Project("{9A19103F-16F7-4668-BE54-9A1E7A4F7556}") = "USH", "USH\USH\USH.csproj", "{3F016834-B7C5-4E6D-BF9F-B465F7B321C8}"
EndProject
Project("{FAE04EC0-301F-11D3-BF4B-00C04F79EFBC}") = "USH.Droid.Binding", "USH.Droid.Binding\USH.Droid.Binding.csproj", "{0D140D2E-B9F6-4C6E-8823-A57B07F9D381}"
EndProject
Project("{2150E333-8FDC-42A3-9474-1A3956D46DE8}") = "App", "App", "{6552A7B0-6882-4A4F-8472-9B313B4A3B8D}"
EndProject
Project("{2150E333-8FDC-42A3-9474-1A3956D46DE8}") = "Bindings", "Bindings", "{AA1B9A24-90F5-4D12-A538-B35576378809}"
EndProject
Project("{FAE04EC0-301F-11D3-BF4B-00C04F79EFBC}") = "USH.iOS.Binding", "USH.iOS.Binding\USH.iOS.Binding.csproj", "{0DBD983F-BD8F-4BD6-B08A-AD28457D35EF}"
EndProject
Global
	GlobalSection(SolutionConfigurationPlatforms) = preSolution
		Ad-Hoc|Any CPU = Ad-Hoc|Any CPU
		Ad-Hoc|iPhone = Ad-Hoc|iPhone
		Ad-Hoc|iPhoneSimulator = Ad-Hoc|iPhoneSimulator
		AppStore|Any CPU = AppStore|Any CPU
		AppStore|iPhone = AppStore|iPhone
		AppStore|iPhoneSimulator = AppStore|iPhoneSimulator
		Debug|Any CPU = Debug|Any CPU
		Debug|iPhone = Debug|iPhone
		Debug|iPhoneSimulator = Debug|iPhoneSimulator
		Release|Any CPU = Release|Any CPU
		Release|iPhone = Release|iPhone
		Release|iPhoneSimulator = Release|iPhoneSimulator
	EndGlobalSection
	GlobalSection(ProjectConfigurationPlatforms) = postSolution
		{CD375CDC-11C0-41BB-9BDA-6319455AEE93}.Ad-Hoc|Any CPU.ActiveCfg = Release|Any CPU
		{CD375CDC-11C0-41BB-9BDA-6319455AEE93}.Ad-Hoc|Any CPU.Build.0 = Release|Any CPU
		{CD375CDC-11C0-41BB-9BDA-6319455AEE93}.Ad-Hoc|Any CPU.Deploy.0 = Release|Any CPU
		{CD375CDC-11C0-41BB-9BDA-6319455AEE93}.Ad-Hoc|iPhone.ActiveCfg = Release|Any CPU
		{CD375CDC-11C0-41BB-9BDA-6319455AEE93}.Ad-Hoc|iPhone.Build.0 = Release|Any CPU
		{CD375CDC-11C0-41BB-9BDA-6319455AEE93}.Ad-Hoc|iPhone.Deploy.0 = Release|Any CPU
		{CD375CDC-11C0-41BB-9BDA-6319455AEE93}.Ad-Hoc|iPhoneSimulator.ActiveCfg = Release|Any CPU
		{CD375CDC-11C0-41BB-9BDA-6319455AEE93}.Ad-Hoc|iPhoneSimulator.Build.0 = Release|Any CPU
		{CD375CDC-11C0-41BB-9BDA-6319455AEE93}.Ad-Hoc|iPhoneSimulator.Deploy.0 = Release|Any CPU
		{CD375CDC-11C0-41BB-9BDA-6319455AEE93}.AppStore|Any CPU.ActiveCfg = Release|Any CPU
		{CD375CDC-11C0-41BB-9BDA-6319455AEE93}.AppStore|Any CPU.Build.0 = Release|Any CPU
		{CD375CDC-11C0-41BB-9BDA-6319455AEE93}.AppStore|Any CPU.Deploy.0 = Release|Any CPU
		{CD375CDC-11C0-41BB-9BDA-6319455AEE93}.AppStore|iPhone.ActiveCfg = Release|Any CPU
		{CD375CDC-11C0-41BB-9BDA-6319455AEE93}.AppStore|iPhone.Build.0 = Release|Any CPU
		{CD375CDC-11C0-41BB-9BDA-6319455AEE93}.AppStore|iPhone.Deploy.0 = Release|Any CPU
		{CD375CDC-11C0-41BB-9BDA-6319455AEE93}.AppStore|iPhoneSimulator.ActiveCfg = Release|Any CPU
		{CD375CDC-11C0-41BB-9BDA-6319455AEE93}.AppStore|iPhoneSimulator.Build.0 = Release|Any CPU
		{CD375CDC-11C0-41BB-9BDA-6319455AEE93}.AppStore|iPhoneSimulator.Deploy.0 = Release|Any CPU
		{CD375CDC-11C0-41BB-9BDA-6319455AEE93}.Debug|Any CPU.ActiveCfg = Debug|Any CPU
		{CD375CDC-11C0-41BB-9BDA-6319455AEE93}.Debug|Any CPU.Build.0 = Debug|Any CPU
		{CD375CDC-11C0-41BB-9BDA-6319455AEE93}.Debug|Any CPU.Deploy.0 = Debug|Any CPU
		{CD375CDC-11C0-41BB-9BDA-6319455AEE93}.Debug|iPhone.ActiveCfg = Debug|Any CPU
		{CD375CDC-11C0-41BB-9BDA-6319455AEE93}.Debug|iPhone.Build.0 = Debug|Any CPU
		{CD375CDC-11C0-41BB-9BDA-6319455AEE93}.Debug|iPhone.Deploy.0 = Debug|Any CPU
		{CD375CDC-11C0-41BB-9BDA-6319455AEE93}.Debug|iPhoneSimulator.ActiveCfg = Debug|Any CPU
		{CD375CDC-11C0-41BB-9BDA-6319455AEE93}.Debug|iPhoneSimulator.Build.0 = Debug|Any CPU
		{CD375CDC-11C0-41BB-9BDA-6319455AEE93}.Debug|iPhoneSimulator.Deploy.0 = Debug|Any CPU
		{CD375CDC-11C0-41BB-9BDA-6319455AEE93}.Release|Any CPU.ActiveCfg = Release|Any CPU
		{CD375CDC-11C0-41BB-9BDA-6319455AEE93}.Release|Any CPU.Build.0 = Release|Any CPU
		{CD375CDC-11C0-41BB-9BDA-6319455AEE93}.Release|Any CPU.Deploy.0 = Release|Any CPU
		{CD375CDC-11C0-41BB-9BDA-6319455AEE93}.Release|iPhone.ActiveCfg = Release|Any CPU
		{CD375CDC-11C0-41BB-9BDA-6319455AEE93}.Release|iPhone.Build.0 = Release|Any CPU
		{CD375CDC-11C0-41BB-9BDA-6319455AEE93}.Release|iPhone.Deploy.0 = Release|Any CPU
		{CD375CDC-11C0-41BB-9BDA-6319455AEE93}.Release|iPhoneSimulator.ActiveCfg = Release|Any CPU
		{CD375CDC-11C0-41BB-9BDA-6319455AEE93}.Release|iPhoneSimulator.Build.0 = Release|Any CPU
		{CD375CDC-11C0-41BB-9BDA-6319455AEE93}.Release|iPhoneSimulator.Deploy.0 = Release|Any CPU
		{D17CCE46-6F4B-4722-91B4-A1107464FEDF}.Ad-Hoc|Any CPU.ActiveCfg = Ad-Hoc|iPhone
		{D17CCE46-6F4B-4722-91B4-A1107464FEDF}.Ad-Hoc|Any CPU.Build.0 = Ad-Hoc|iPhone
		{D17CCE46-6F4B-4722-91B4-A1107464FEDF}.Ad-Hoc|Any CPU.Deploy.0 = Ad-Hoc|iPhone
		{D17CCE46-6F4B-4722-91B4-A1107464FEDF}.Ad-Hoc|iPhone.ActiveCfg = Ad-Hoc|iPhone
		{D17CCE46-6F4B-4722-91B4-A1107464FEDF}.Ad-Hoc|iPhone.Build.0 = Ad-Hoc|iPhone
		{D17CCE46-6F4B-4722-91B4-A1107464FEDF}.Ad-Hoc|iPhone.Deploy.0 = Ad-Hoc|iPhone
		{D17CCE46-6F4B-4722-91B4-A1107464FEDF}.Ad-Hoc|iPhoneSimulator.ActiveCfg = Ad-Hoc|iPhoneSimulator
		{D17CCE46-6F4B-4722-91B4-A1107464FEDF}.Ad-Hoc|iPhoneSimulator.Build.0 = Ad-Hoc|iPhoneSimulator
		{D17CCE46-6F4B-4722-91B4-A1107464FEDF}.Ad-Hoc|iPhoneSimulator.Deploy.0 = Ad-Hoc|iPhoneSimulator
		{D17CCE46-6F4B-4722-91B4-A1107464FEDF}.AppStore|Any CPU.ActiveCfg = AppStore|iPhone
		{D17CCE46-6F4B-4722-91B4-A1107464FEDF}.AppStore|Any CPU.Build.0 = AppStore|iPhone
		{D17CCE46-6F4B-4722-91B4-A1107464FEDF}.AppStore|Any CPU.Deploy.0 = AppStore|iPhone
		{D17CCE46-6F4B-4722-91B4-A1107464FEDF}.AppStore|iPhone.ActiveCfg = AppStore|iPhone
		{D17CCE46-6F4B-4722-91B4-A1107464FEDF}.AppStore|iPhone.Build.0 = AppStore|iPhone
		{D17CCE46-6F4B-4722-91B4-A1107464FEDF}.AppStore|iPhone.Deploy.0 = AppStore|iPhone
		{D17CCE46-6F4B-4722-91B4-A1107464FEDF}.AppStore|iPhoneSimulator.ActiveCfg = AppStore|iPhoneSimulator
		{D17CCE46-6F4B-4722-91B4-A1107464FEDF}.AppStore|iPhoneSimulator.Build.0 = AppStore|iPhoneSimulator
		{D17CCE46-6F4B-4722-91B4-A1107464FEDF}.AppStore|iPhoneSimulator.Deploy.0 = AppStore|iPhoneSimulator
		{D17CCE46-6F4B-4722-91B4-A1107464FEDF}.Debug|Any CPU.ActiveCfg = Debug|iPhoneSimulator
		{D17CCE46-6F4B-4722-91B4-A1107464FEDF}.Debug|Any CPU.Build.0 = Debug|iPhoneSimulator
		{D17CCE46-6F4B-4722-91B4-A1107464FEDF}.Debug|Any CPU.Deploy.0 = Debug|iPhoneSimulator
		{D17CCE46-6F4B-4722-91B4-A1107464FEDF}.Debug|iPhone.ActiveCfg = Debug|iPhone
		{D17CCE46-6F4B-4722-91B4-A1107464FEDF}.Debug|iPhone.Build.0 = Debug|iPhone
		{D17CCE46-6F4B-4722-91B4-A1107464FEDF}.Debug|iPhone.Deploy.0 = Debug|iPhone
		{D17CCE46-6F4B-4722-91B4-A1107464FEDF}.Debug|iPhoneSimulator.ActiveCfg = Debug|iPhoneSimulator
		{D17CCE46-6F4B-4722-91B4-A1107464FEDF}.Debug|iPhoneSimulator.Build.0 = Debug|iPhoneSimulator
		{D17CCE46-6F4B-4722-91B4-A1107464FEDF}.Debug|iPhoneSimulator.Deploy.0 = Debug|iPhoneSimulator
		{D17CCE46-6F4B-4722-91B4-A1107464FEDF}.Release|Any CPU.ActiveCfg = Release|iPhone
		{D17CCE46-6F4B-4722-91B4-A1107464FEDF}.Release|Any CPU.Build.0 = Release|iPhone
		{D17CCE46-6F4B-4722-91B4-A1107464FEDF}.Release|Any CPU.Deploy.0 = Release|iPhone
		{D17CCE46-6F4B-4722-91B4-A1107464FEDF}.Release|iPhone.ActiveCfg = Release|iPhone
		{D17CCE46-6F4B-4722-91B4-A1107464FEDF}.Release|iPhone.Build.0 = Release|iPhone
		{D17CCE46-6F4B-4722-91B4-A1107464FEDF}.Release|iPhone.Deploy.0 = Release|iPhone
		{D17CCE46-6F4B-4722-91B4-A1107464FEDF}.Release|iPhoneSimulator.ActiveCfg = Release|iPhoneSimulator
		{D17CCE46-6F4B-4722-91B4-A1107464FEDF}.Release|iPhoneSimulator.Build.0 = Release|iPhoneSimulator
		{D17CCE46-6F4B-4722-91B4-A1107464FEDF}.Release|iPhoneSimulator.Deploy.0 = Release|iPhoneSimulator
		{3F016834-B7C5-4E6D-BF9F-B465F7B321C8}.Ad-Hoc|Any CPU.ActiveCfg = Debug|Any CPU
		{3F016834-B7C5-4E6D-BF9F-B465F7B321C8}.Ad-Hoc|Any CPU.Build.0 = Debug|Any CPU
		{3F016834-B7C5-4E6D-BF9F-B465F7B321C8}.Ad-Hoc|Any CPU.Deploy.0 = Debug|Any CPU
		{3F016834-B7C5-4E6D-BF9F-B465F7B321C8}.Ad-Hoc|iPhone.ActiveCfg = Debug|Any CPU
		{3F016834-B7C5-4E6D-BF9F-B465F7B321C8}.Ad-Hoc|iPhone.Build.0 = Debug|Any CPU
		{3F016834-B7C5-4E6D-BF9F-B465F7B321C8}.Ad-Hoc|iPhone.Deploy.0 = Debug|Any CPU
		{3F016834-B7C5-4E6D-BF9F-B465F7B321C8}.Ad-Hoc|iPhoneSimulator.ActiveCfg = Debug|Any CPU
		{3F016834-B7C5-4E6D-BF9F-B465F7B321C8}.Ad-Hoc|iPhoneSimulator.Build.0 = Debug|Any CPU
		{3F016834-B7C5-4E6D-BF9F-B465F7B321C8}.Ad-Hoc|iPhoneSimulator.Deploy.0 = Debug|Any CPU
		{3F016834-B7C5-4E6D-BF9F-B465F7B321C8}.AppStore|Any CPU.ActiveCfg = Debug|Any CPU
		{3F016834-B7C5-4E6D-BF9F-B465F7B321C8}.AppStore|Any CPU.Build.0 = Debug|Any CPU
		{3F016834-B7C5-4E6D-BF9F-B465F7B321C8}.AppStore|Any CPU.Deploy.0 = Debug|Any CPU
		{3F016834-B7C5-4E6D-BF9F-B465F7B321C8}.AppStore|iPhone.ActiveCfg = Debug|Any CPU
		{3F016834-B7C5-4E6D-BF9F-B465F7B321C8}.AppStore|iPhone.Build.0 = Debug|Any CPU
		{3F016834-B7C5-4E6D-BF9F-B465F7B321C8}.AppStore|iPhone.Deploy.0 = Debug|Any CPU
		{3F016834-B7C5-4E6D-BF9F-B465F7B321C8}.AppStore|iPhoneSimulator.ActiveCfg = Debug|Any CPU
		{3F016834-B7C5-4E6D-BF9F-B465F7B321C8}.AppStore|iPhoneSimulator.Build.0 = Debug|Any CPU
		{3F016834-B7C5-4E6D-BF9F-B465F7B321C8}.AppStore|iPhoneSimulator.Deploy.0 = Debug|Any CPU
		{3F016834-B7C5-4E6D-BF9F-B465F7B321C8}.Debug|Any CPU.ActiveCfg = Debug|Any CPU
		{3F016834-B7C5-4E6D-BF9F-B465F7B321C8}.Debug|Any CPU.Build.0 = Debug|Any CPU
		{3F016834-B7C5-4E6D-BF9F-B465F7B321C8}.Debug|Any CPU.Deploy.0 = Debug|Any CPU
		{3F016834-B7C5-4E6D-BF9F-B465F7B321C8}.Debug|iPhone.ActiveCfg = Debug|Any CPU
		{3F016834-B7C5-4E6D-BF9F-B465F7B321C8}.Debug|iPhone.Build.0 = Debug|Any CPU
		{3F016834-B7C5-4E6D-BF9F-B465F7B321C8}.Debug|iPhone.Deploy.0 = Debug|Any CPU
		{3F016834-B7C5-4E6D-BF9F-B465F7B321C8}.Debug|iPhoneSimulator.ActiveCfg = Debug|Any CPU
		{3F016834-B7C5-4E6D-BF9F-B465F7B321C8}.Debug|iPhoneSimulator.Build.0 = Debug|Any CPU
		{3F016834-B7C5-4E6D-BF9F-B465F7B321C8}.Debug|iPhoneSimulator.Deploy.0 = Debug|Any CPU
		{3F016834-B7C5-4E6D-BF9F-B465F7B321C8}.Release|Any CPU.ActiveCfg = Release|Any CPU
		{3F016834-B7C5-4E6D-BF9F-B465F7B321C8}.Release|Any CPU.Build.0 = Release|Any CPU
		{3F016834-B7C5-4E6D-BF9F-B465F7B321C8}.Release|Any CPU.Deploy.0 = Release|Any CPU
		{3F016834-B7C5-4E6D-BF9F-B465F7B321C8}.Release|iPhone.ActiveCfg = Release|Any CPU
		{3F016834-B7C5-4E6D-BF9F-B465F7B321C8}.Release|iPhone.Build.0 = Release|Any CPU
		{3F016834-B7C5-4E6D-BF9F-B465F7B321C8}.Release|iPhone.Deploy.0 = Release|Any CPU
		{3F016834-B7C5-4E6D-BF9F-B465F7B321C8}.Release|iPhoneSimulator.ActiveCfg = Release|Any CPU
		{3F016834-B7C5-4E6D-BF9F-B465F7B321C8}.Release|iPhoneSimulator.Build.0 = Release|Any CPU
		{3F016834-B7C5-4E6D-BF9F-B465F7B321C8}.Release|iPhoneSimulator.Deploy.0 = Release|Any CPU
		{0D140D2E-B9F6-4C6E-8823-A57B07F9D381}.Ad-Hoc|Any CPU.ActiveCfg = Release|Any CPU
		{0D140D2E-B9F6-4C6E-8823-A57B07F9D381}.Ad-Hoc|Any CPU.Build.0 = Release|Any CPU
		{0D140D2E-B9F6-4C6E-8823-A57B07F9D381}.Ad-Hoc|iPhone.ActiveCfg = Release|Any CPU
		{0D140D2E-B9F6-4C6E-8823-A57B07F9D381}.Ad-Hoc|iPhone.Build.0 = Release|Any CPU
		{0D140D2E-B9F6-4C6E-8823-A57B07F9D381}.Ad-Hoc|iPhoneSimulator.ActiveCfg = Release|Any CPU
		{0D140D2E-B9F6-4C6E-8823-A57B07F9D381}.Ad-Hoc|iPhoneSimulator.Build.0 = Release|Any CPU
		{0D140D2E-B9F6-4C6E-8823-A57B07F9D381}.AppStore|Any CPU.ActiveCfg = Release|Any CPU
		{0D140D2E-B9F6-4C6E-8823-A57B07F9D381}.AppStore|Any CPU.Build.0 = Release|Any CPU
		{0D140D2E-B9F6-4C6E-8823-A57B07F9D381}.AppStore|iPhone.ActiveCfg = Release|Any CPU
		{0D140D2E-B9F6-4C6E-8823-A57B07F9D381}.AppStore|iPhone.Build.0 = Release|Any CPU
		{0D140D2E-B9F6-4C6E-8823-A57B07F9D381}.AppStore|iPhoneSimulator.ActiveCfg = Release|Any CPU
		{0D140D2E-B9F6-4C6E-8823-A57B07F9D381}.AppStore|iPhoneSimulator.Build.0 = Release|Any CPU
		{0D140D2E-B9F6-4C6E-8823-A57B07F9D381}.Debug|Any CPU.ActiveCfg = Debug|Any CPU
		{0D140D2E-B9F6-4C6E-8823-A57B07F9D381}.Debug|Any CPU.Build.0 = Debug|Any CPU
		{0D140D2E-B9F6-4C6E-8823-A57B07F9D381}.Debug|iPhone.ActiveCfg = Debug|Any CPU
		{0D140D2E-B9F6-4C6E-8823-A57B07F9D381}.Debug|iPhone.Build.0 = Debug|Any CPU
		{0D140D2E-B9F6-4C6E-8823-A57B07F9D381}.Debug|iPhoneSimulator.ActiveCfg = Debug|Any CPU
		{0D140D2E-B9F6-4C6E-8823-A57B07F9D381}.Debug|iPhoneSimulator.Build.0 = Debug|Any CPU
		{0D140D2E-B9F6-4C6E-8823-A57B07F9D381}.Release|Any CPU.ActiveCfg = Release|Any CPU
		{0D140D2E-B9F6-4C6E-8823-A57B07F9D381}.Release|Any CPU.Build.0 = Release|Any CPU
		{0D140D2E-B9F6-4C6E-8823-A57B07F9D381}.Release|iPhone.ActiveCfg = Release|Any CPU
		{0D140D2E-B9F6-4C6E-8823-A57B07F9D381}.Release|iPhone.Build.0 = Release|Any CPU
		{0D140D2E-B9F6-4C6E-8823-A57B07F9D381}.Release|iPhoneSimulator.ActiveCfg = Release|Any CPU
		{0D140D2E-B9F6-4C6E-8823-A57B07F9D381}.Release|iPhoneSimulator.Build.0 = Release|Any CPU
		{0DBD983F-BD8F-4BD6-B08A-AD28457D35EF}.Ad-Hoc|Any CPU.ActiveCfg = Release|Any CPU
		{0DBD983F-BD8F-4BD6-B08A-AD28457D35EF}.Ad-Hoc|Any CPU.Build.0 = Release|Any CPU
		{0DBD983F-BD8F-4BD6-B08A-AD28457D35EF}.Ad-Hoc|iPhone.ActiveCfg = Release|Any CPU
		{0DBD983F-BD8F-4BD6-B08A-AD28457D35EF}.Ad-Hoc|iPhone.Build.0 = Release|Any CPU
		{0DBD983F-BD8F-4BD6-B08A-AD28457D35EF}.Ad-Hoc|iPhoneSimulator.ActiveCfg = Release|Any CPU
		{0DBD983F-BD8F-4BD6-B08A-AD28457D35EF}.Ad-Hoc|iPhoneSimulator.Build.0 = Release|Any CPU
		{0DBD983F-BD8F-4BD6-B08A-AD28457D35EF}.AppStore|Any CPU.ActiveCfg = Release|Any CPU
		{0DBD983F-BD8F-4BD6-B08A-AD28457D35EF}.AppStore|Any CPU.Build.0 = Release|Any CPU
		{0DBD983F-BD8F-4BD6-B08A-AD28457D35EF}.AppStore|iPhone.ActiveCfg = Release|Any CPU
		{0DBD983F-BD8F-4BD6-B08A-AD28457D35EF}.AppStore|iPhone.Build.0 = Release|Any CPU
		{0DBD983F-BD8F-4BD6-B08A-AD28457D35EF}.AppStore|iPhoneSimulator.ActiveCfg = Release|Any CPU
		{0DBD983F-BD8F-4BD6-B08A-AD28457D35EF}.AppStore|iPhoneSimulator.Build.0 = Release|Any CPU
		{0DBD983F-BD8F-4BD6-B08A-AD28457D35EF}.Debug|Any CPU.ActiveCfg = Debug|Any CPU
		{0DBD983F-BD8F-4BD6-B08A-AD28457D35EF}.Debug|Any CPU.Build.0 = Debug|Any CPU
		{0DBD983F-BD8F-4BD6-B08A-AD28457D35EF}.Debug|iPhone.ActiveCfg = Debug|Any CPU
		{0DBD983F-BD8F-4BD6-B08A-AD28457D35EF}.Debug|iPhone.Build.0 = Debug|Any CPU
		{0DBD983F-BD8F-4BD6-B08A-AD28457D35EF}.Debug|iPhoneSimulator.ActiveCfg = Debug|Any CPU
		{0DBD983F-BD8F-4BD6-B08A-AD28457D35EF}.Debug|iPhoneSimulator.Build.0 = Debug|Any CPU
		{0DBD983F-BD8F-4BD6-B08A-AD28457D35EF}.Release|Any CPU.ActiveCfg = Release|Any CPU
		{0DBD983F-BD8F-4BD6-B08A-AD28457D35EF}.Release|Any CPU.Build.0 = Release|Any CPU
		{0DBD983F-BD8F-4BD6-B08A-AD28457D35EF}.Release|iPhone.ActiveCfg = Release|Any CPU
		{0DBD983F-BD8F-4BD6-B08A-AD28457D35EF}.Release|iPhone.Build.0 = Release|Any CPU
		{0DBD983F-BD8F-4BD6-B08A-AD28457D35EF}.Release|iPhoneSimulator.ActiveCfg = Release|Any CPU
		{0DBD983F-BD8F-4BD6-B08A-AD28457D35EF}.Release|iPhoneSimulator.Build.0 = Release|Any CPU
	EndGlobalSection
	GlobalSection(SolutionProperties) = preSolution
		HideSolutionNode = FALSE
	EndGlobalSection
	GlobalSection(NestedProjects) = preSolution
		{CD375CDC-11C0-41BB-9BDA-6319455AEE93} = {6552A7B0-6882-4A4F-8472-9B313B4A3B8D}
		{D17CCE46-6F4B-4722-91B4-A1107464FEDF} = {6552A7B0-6882-4A4F-8472-9B313B4A3B8D}
		{3F016834-B7C5-4E6D-BF9F-B465F7B321C8} = {6552A7B0-6882-4A4F-8472-9B313B4A3B8D}
		{0D140D2E-B9F6-4C6E-8823-A57B07F9D381} = {AA1B9A24-90F5-4D12-A538-B35576378809}
		{0DBD983F-BD8F-4BD6-B08A-AD28457D35EF} = {AA1B9A24-90F5-4D12-A538-B35576378809}
	EndGlobalSection
	GlobalSection(ExtensibilityGlobals) = postSolution
		SolutionGuid = {2BAAB96A-3DF8-4734-BAEB-7C0F4BA89E3D}
	EndGlobalSection
EndGlobal
