
Microsoft Visual Studio Solution File, Format Version 12.00
# Visual Studio 15
VisualStudioVersion = 15.0.28307.168
MinimumVisualStudioVersion = 10.0.40219.1
Project("{FAE04EC0-301F-11D3-BF4B-00C04F79EFBC}") = "TheAppOfTheDoctor.Android", "TheAppOfTheDoctor\TheAppOfTheDoctor.Android\TheAppOfTheDoctor.Android.csproj", "{67085692-A3BB-4553-8DAE-BF86DDDA2E78}"
EndProject
Project("{FAE04EC0-301F-11D3-BF4B-00C04F79EFBC}") = "TheAppOfTheDoctor.iOS", "TheAppOfTheDoctor\TheAppOfTheDoctor.iOS\TheAppOfTheDoctor.iOS.csproj", "{0683D7DF-9EF8-41BE-B399-17F38536C787}"
EndProject
Project("{9A19103F-16F7-4668-BE54-9A1E7A4F7556}") = "TheAppOfTheDoctor", "TheAppOfTheDoctor\TheAppOfTheDoctor\TheAppOfTheDoctor.csproj", "{2D3C7592-E1B6-4BEC-8C0F-753C2CCD9902}"
EndProject
Global
	GlobalSection(SolutionConfigurationPlatforms) = preSolution
		Ad-Hoc|Any CPU = Ad-Hoc|Any CPU
		Ad-Hoc|iPhone = Ad-Hoc|iPhone
		Ad-Hoc|iPhoneSimulator = Ad-Hoc|iPhoneSimulator
		AppStore|Any CPU = AppStore|Any CPU
		AppStore|iPhone = AppStore|iPhone
		AppStore|iPhoneSimulator = AppStore|iPhoneSimulator
		Debug|Any CPU = Debug|Any CPU
		Debug|iPhone = Debug|iPhone
		Debug|iPhoneSimulator = Debug|iPhoneSimulator
		DOCTOR10|Any CPU = DOCTOR10|Any CPU
		DOCTOR10|iPhone = DOCTOR10|iPhone
		DOCTOR10|iPhoneSimulator = DOCTOR10|iPhoneSimulator
		DOCTOR11|Any CPU = DOCTOR11|Any CPU
		DOCTOR11|iPhone = DOCTOR11|iPhone
		DOCTOR11|iPhoneSimulator = DOCTOR11|iPhoneSimulator
		DOCTOR12|Any CPU = DOCTOR12|Any CPU
		DOCTOR12|iPhone = DOCTOR12|iPhone
		DOCTOR12|iPhoneSimulator = DOCTOR12|iPhoneSimulator
		DOCTOR13|Any CPU = DOCTOR13|Any CPU
		DOCTOR13|iPhone = DOCTOR13|iPhone
		DOCTOR13|iPhoneSimulator = DOCTOR13|iPhoneSimulator
		Release|Any CPU = Release|Any CPU
		Release|iPhone = Release|iPhone
		Release|iPhoneSimulator = Release|iPhoneSimulator
	EndGlobalSection
	GlobalSection(ProjectConfigurationPlatforms) = postSolution
		{67085692-A3BB-4553-8DAE-BF86DDDA2E78}.Ad-Hoc|Any CPU.ActiveCfg = Release|Any CPU
		{67085692-A3BB-4553-8DAE-BF86DDDA2E78}.Ad-Hoc|Any CPU.Build.0 = Release|Any CPU
		{67085692-A3BB-4553-8DAE-BF86DDDA2E78}.Ad-Hoc|Any CPU.Deploy.0 = Release|Any CPU
		{67085692-A3BB-4553-8DAE-BF86DDDA2E78}.Ad-Hoc|iPhone.ActiveCfg = Release|Any CPU
		{67085692-A3BB-4553-8DAE-BF86DDDA2E78}.Ad-Hoc|iPhone.Build.0 = Release|Any CPU
		{67085692-A3BB-4553-8DAE-BF86DDDA2E78}.Ad-Hoc|iPhone.Deploy.0 = Release|Any CPU
		{67085692-A3BB-4553-8DAE-BF86DDDA2E78}.Ad-Hoc|iPhoneSimulator.ActiveCfg = Release|Any CPU
		{67085692-A3BB-4553-8DAE-BF86DDDA2E78}.Ad-Hoc|iPhoneSimulator.Build.0 = Release|Any CPU
		{67085692-A3BB-4553-8DAE-BF86DDDA2E78}.Ad-Hoc|iPhoneSimulator.Deploy.0 = Release|Any CPU
		{67085692-A3BB-4553-8DAE-BF86DDDA2E78}.AppStore|Any CPU.ActiveCfg = Release|Any CPU
		{67085692-A3BB-4553-8DAE-BF86DDDA2E78}.AppStore|Any CPU.Build.0 = Release|Any CPU
		{67085692-A3BB-4553-8DAE-BF86DDDA2E78}.AppStore|Any CPU.Deploy.0 = Release|Any CPU
		{67085692-A3BB-4553-8DAE-BF86DDDA2E78}.AppStore|iPhone.ActiveCfg = Release|Any CPU
		{67085692-A3BB-4553-8DAE-BF86DDDA2E78}.AppStore|iPhone.Build.0 = Release|Any CPU
		{67085692-A3BB-4553-8DAE-BF86DDDA2E78}.AppStore|iPhone.Deploy.0 = Release|Any CPU
		{67085692-A3BB-4553-8DAE-BF86DDDA2E78}.AppStore|iPhoneSimulator.ActiveCfg = Release|Any CPU
		{67085692-A3BB-4553-8DAE-BF86DDDA2E78}.AppStore|iPhoneSimulator.Build.0 = Release|Any CPU
		{67085692-A3BB-4553-8DAE-BF86DDDA2E78}.AppStore|iPhoneSimulator.Deploy.0 = Release|Any CPU
		{67085692-A3BB-4553-8DAE-BF86DDDA2E78}.Debug|Any CPU.ActiveCfg = Debug|Any CPU
		{67085692-A3BB-4553-8DAE-BF86DDDA2E78}.Debug|Any CPU.Build.0 = Debug|Any CPU
		{67085692-A3BB-4553-8DAE-BF86DDDA2E78}.Debug|Any CPU.Deploy.0 = Debug|Any CPU
		{67085692-A3BB-4553-8DAE-BF86DDDA2E78}.Debug|iPhone.ActiveCfg = Debug|Any CPU
		{67085692-A3BB-4553-8DAE-BF86DDDA2E78}.Debug|iPhoneSimulator.ActiveCfg = Debug|Any CPU
		{67085692-A3BB-4553-8DAE-BF86DDDA2E78}.Debug|iPhoneSimulator.Build.0 = Debug|Any CPU
		{67085692-A3BB-4553-8DAE-BF86DDDA2E78}.Debug|iPhoneSimulator.Deploy.0 = Debug|Any CPU
		{67085692-A3BB-4553-8DAE-BF86DDDA2E78}.DOCTOR10|Any CPU.ActiveCfg = DOCTOR10|Any CPU
		{67085692-A3BB-4553-8DAE-BF86DDDA2E78}.DOCTOR10|Any CPU.Build.0 = DOCTOR10|Any CPU
		{67085692-A3BB-4553-8DAE-BF86DDDA2E78}.DOCTOR10|Any CPU.Deploy.0 = DOCTOR10|Any CPU
		{67085692-A3BB-4553-8DAE-BF86DDDA2E78}.DOCTOR10|iPhone.ActiveCfg = DOCTOR10|Any CPU
		{67085692-A3BB-4553-8DAE-BF86DDDA2E78}.DOCTOR10|iPhoneSimulator.ActiveCfg = DOCTOR10|Any CPU
		{67085692-A3BB-4553-8DAE-BF86DDDA2E78}.DOCTOR10|iPhoneSimulator.Build.0 = DOCTOR10|Any CPU
		{67085692-A3BB-4553-8DAE-BF86DDDA2E78}.DOCTOR10|iPhoneSimulator.Deploy.0 = DOCTOR10|Any CPU
		{67085692-A3BB-4553-8DAE-BF86DDDA2E78}.DOCTOR11|Any CPU.ActiveCfg = DOCTOR11|Any CPU
		{67085692-A3BB-4553-8DAE-BF86DDDA2E78}.DOCTOR11|Any CPU.Build.0 = DOCTOR11|Any CPU
		{67085692-A3BB-4553-8DAE-BF86DDDA2E78}.DOCTOR11|Any CPU.Deploy.0 = DOCTOR11|Any CPU
		{67085692-A3BB-4553-8DAE-BF86DDDA2E78}.DOCTOR11|iPhone.ActiveCfg = DOCTOR11|Any CPU
		{67085692-A3BB-4553-8DAE-BF86DDDA2E78}.DOCTOR11|iPhoneSimulator.ActiveCfg = DOCTOR11|Any CPU
		{67085692-A3BB-4553-8DAE-BF86DDDA2E78}.DOCTOR11|iPhoneSimulator.Build.0 = DOCTOR11|Any CPU
		{67085692-A3BB-4553-8DAE-BF86DDDA2E78}.DOCTOR11|iPhoneSimulator.Deploy.0 = DOCTOR11|Any CPU
		{67085692-A3BB-4553-8DAE-BF86DDDA2E78}.DOCTOR12|Any CPU.ActiveCfg = DOCTOR12|Any CPU
		{67085692-A3BB-4553-8DAE-BF86DDDA2E78}.DOCTOR12|Any CPU.Build.0 = DOCTOR12|Any CPU
		{67085692-A3BB-4553-8DAE-BF86DDDA2E78}.DOCTOR12|Any CPU.Deploy.0 = DOCTOR12|Any CPU
		{67085692-A3BB-4553-8DAE-BF86DDDA2E78}.DOCTOR12|iPhone.ActiveCfg = DOCTOR12|Any CPU
		{67085692-A3BB-4553-8DAE-BF86DDDA2E78}.DOCTOR12|iPhoneSimulator.ActiveCfg = DOCTOR12|Any CPU
		{67085692-A3BB-4553-8DAE-BF86DDDA2E78}.DOCTOR12|iPhoneSimulator.Build.0 = DOCTOR12|Any CPU
		{67085692-A3BB-4553-8DAE-BF86DDDA2E78}.DOCTOR12|iPhoneSimulator.Deploy.0 = DOCTOR12|Any CPU
		{67085692-A3BB-4553-8DAE-BF86DDDA2E78}.DOCTOR13|Any CPU.ActiveCfg = DOCTOR13|Any CPU
		{67085692-A3BB-4553-8DAE-BF86DDDA2E78}.DOCTOR13|Any CPU.Build.0 = DOCTOR13|Any CPU
		{67085692-A3BB-4553-8DAE-BF86DDDA2E78}.DOCTOR13|Any CPU.Deploy.0 = DOCTOR13|Any CPU
		{67085692-A3BB-4553-8DAE-BF86DDDA2E78}.DOCTOR13|iPhone.ActiveCfg = DOCTOR13|Any CPU
		{67085692-A3BB-4553-8DAE-BF86DDDA2E78}.DOCTOR13|iPhoneSimulator.ActiveCfg = DOCTOR13|Any CPU
		{67085692-A3BB-4553-8DAE-BF86DDDA2E78}.DOCTOR13|iPhoneSimulator.Build.0 = DOCTOR13|Any CPU
		{67085692-A3BB-4553-8DAE-BF86DDDA2E78}.DOCTOR13|iPhoneSimulator.Deploy.0 = DOCTOR13|Any CPU
		{67085692-A3BB-4553-8DAE-BF86DDDA2E78}.Release|Any CPU.ActiveCfg = Release|Any CPU
		{67085692-A3BB-4553-8DAE-BF86DDDA2E78}.Release|Any CPU.Build.0 = Release|Any CPU
		{67085692-A3BB-4553-8DAE-BF86DDDA2E78}.Release|Any CPU.Deploy.0 = Release|Any CPU
		{67085692-A3BB-4553-8DAE-BF86DDDA2E78}.Release|iPhone.ActiveCfg = Release|Any CPU
		{67085692-A3BB-4553-8DAE-BF86DDDA2E78}.Release|iPhoneSimulator.ActiveCfg = Release|Any CPU
		{67085692-A3BB-4553-8DAE-BF86DDDA2E78}.Release|iPhoneSimulator.Build.0 = Release|Any CPU
		{67085692-A3BB-4553-8DAE-BF86DDDA2E78}.Release|iPhoneSimulator.Deploy.0 = Release|Any CPU
		{0683D7DF-9EF8-41BE-B399-17F38536C787}.Ad-Hoc|Any CPU.ActiveCfg = Ad-Hoc|iPhone
		{0683D7DF-9EF8-41BE-B399-17F38536C787}.Ad-Hoc|Any CPU.Build.0 = Ad-Hoc|iPhone
		{0683D7DF-9EF8-41BE-B399-17F38536C787}.Ad-Hoc|Any CPU.Deploy.0 = Ad-Hoc|iPhone
		{0683D7DF-9EF8-41BE-B399-17F38536C787}.Ad-Hoc|iPhone.ActiveCfg = Ad-Hoc|iPhone
		{0683D7DF-9EF8-41BE-B399-17F38536C787}.Ad-Hoc|iPhone.Build.0 = Ad-Hoc|iPhone
		{0683D7DF-9EF8-41BE-B399-17F38536C787}.Ad-Hoc|iPhone.Deploy.0 = Ad-Hoc|iPhone
		{0683D7DF-9EF8-41BE-B399-17F38536C787}.Ad-Hoc|iPhoneSimulator.ActiveCfg = Ad-Hoc|iPhoneSimulator
		{0683D7DF-9EF8-41BE-B399-17F38536C787}.Ad-Hoc|iPhoneSimulator.Build.0 = Ad-Hoc|iPhoneSimulator
		{0683D7DF-9EF8-41BE-B399-17F38536C787}.Ad-Hoc|iPhoneSimulator.Deploy.0 = Ad-Hoc|iPhoneSimulator
		{0683D7DF-9EF8-41BE-B399-17F38536C787}.AppStore|Any CPU.ActiveCfg = AppStore|iPhone
		{0683D7DF-9EF8-41BE-B399-17F38536C787}.AppStore|Any CPU.Build.0 = AppStore|iPhone
		{0683D7DF-9EF8-41BE-B399-17F38536C787}.AppStore|Any CPU.Deploy.0 = AppStore|iPhone
		{0683D7DF-9EF8-41BE-B399-17F38536C787}.AppStore|iPhone.ActiveCfg = AppStore|iPhone
		{0683D7DF-9EF8-41BE-B399-17F38536C787}.AppStore|iPhone.Build.0 = AppStore|iPhone
		{0683D7DF-9EF8-41BE-B399-17F38536C787}.AppStore|iPhone.Deploy.0 = AppStore|iPhone
		{0683D7DF-9EF8-41BE-B399-17F38536C787}.AppStore|iPhoneSimulator.ActiveCfg = AppStore|iPhoneSimulator
		{0683D7DF-9EF8-41BE-B399-17F38536C787}.AppStore|iPhoneSimulator.Build.0 = AppStore|iPhoneSimulator
		{0683D7DF-9EF8-41BE-B399-17F38536C787}.AppStore|iPhoneSimulator.Deploy.0 = AppStore|iPhoneSimulator
		{0683D7DF-9EF8-41BE-B399-17F38536C787}.Debug|Any CPU.ActiveCfg = Debug|iPhoneSimulator
		{0683D7DF-9EF8-41BE-B399-17F38536C787}.Debug|Any CPU.Build.0 = Debug|iPhoneSimulator
		{0683D7DF-9EF8-41BE-B399-17F38536C787}.Debug|Any CPU.Deploy.0 = Debug|iPhoneSimulator
		{0683D7DF-9EF8-41BE-B399-17F38536C787}.Debug|iPhone.ActiveCfg = Debug|iPhone
		{0683D7DF-9EF8-41BE-B399-17F38536C787}.Debug|iPhone.Build.0 = Debug|iPhone
		{0683D7DF-9EF8-41BE-B399-17F38536C787}.Debug|iPhone.Deploy.0 = Debug|iPhone
		{0683D7DF-9EF8-41BE-B399-17F38536C787}.Debug|iPhoneSimulator.ActiveCfg = Debug|iPhoneSimulator
		{0683D7DF-9EF8-41BE-B399-17F38536C787}.Debug|iPhoneSimulator.Build.0 = Debug|iPhoneSimulator
		{0683D7DF-9EF8-41BE-B399-17F38536C787}.Debug|iPhoneSimulator.Deploy.0 = Debug|iPhoneSimulator
		{0683D7DF-9EF8-41BE-B399-17F38536C787}.DOCTOR10|Any CPU.ActiveCfg = DOCTOR10|iPhone
		{0683D7DF-9EF8-41BE-B399-17F38536C787}.DOCTOR10|iPhone.ActiveCfg = DOCTOR10|iPhone
		{0683D7DF-9EF8-41BE-B399-17F38536C787}.DOCTOR10|iPhone.Build.0 = DOCTOR10|iPhone
		{0683D7DF-9EF8-41BE-B399-17F38536C787}.DOCTOR10|iPhoneSimulator.ActiveCfg = DOCTOR10|iPhoneSimulator
		{0683D7DF-9EF8-41BE-B399-17F38536C787}.DOCTOR10|iPhoneSimulator.Build.0 = DOCTOR10|iPhoneSimulator
		{0683D7DF-9EF8-41BE-B399-17F38536C787}.DOCTOR11|Any CPU.ActiveCfg = DOCTOR11|iPhone
		{0683D7DF-9EF8-41BE-B399-17F38536C787}.DOCTOR11|iPhone.ActiveCfg = DOCTOR11|iPhone
		{0683D7DF-9EF8-41BE-B399-17F38536C787}.DOCTOR11|iPhone.Build.0 = DOCTOR11|iPhone
		{0683D7DF-9EF8-41BE-B399-17F38536C787}.DOCTOR11|iPhoneSimulator.ActiveCfg = DOCTOR11|iPhoneSimulator
		{0683D7DF-9EF8-41BE-B399-17F38536C787}.DOCTOR12|Any CPU.ActiveCfg = DOCTOR12|iPhone
		{0683D7DF-9EF8-41BE-B399-17F38536C787}.DOCTOR12|iPhone.ActiveCfg = DOCTOR12|iPhone
		{0683D7DF-9EF8-41BE-B399-17F38536C787}.DOCTOR12|iPhone.Build.0 = DOCTOR12|iPhone
		{0683D7DF-9EF8-41BE-B399-17F38536C787}.DOCTOR12|iPhoneSimulator.ActiveCfg = DOCTOR12|iPhoneSimulator
		{0683D7DF-9EF8-41BE-B399-17F38536C787}.DOCTOR13|Any CPU.ActiveCfg = DOCTOR13|iPhone
		{0683D7DF-9EF8-41BE-B399-17F38536C787}.DOCTOR13|iPhone.ActiveCfg = DOCTOR13|iPhone
		{0683D7DF-9EF8-41BE-B399-17F38536C787}.DOCTOR13|iPhone.Build.0 = DOCTOR13|iPhone
		{0683D7DF-9EF8-41BE-B399-17F38536C787}.DOCTOR13|iPhoneSimulator.ActiveCfg = DOCTOR13|iPhoneSimulator
		{0683D7DF-9EF8-41BE-B399-17F38536C787}.Release|Any CPU.ActiveCfg = Release|iPhone
		{0683D7DF-9EF8-41BE-B399-17F38536C787}.Release|Any CPU.Build.0 = Release|iPhone
		{0683D7DF-9EF8-41BE-B399-17F38536C787}.Release|Any CPU.Deploy.0 = Release|iPhone
		{0683D7DF-9EF8-41BE-B399-17F38536C787}.Release|iPhone.ActiveCfg = Release|iPhone
		{0683D7DF-9EF8-41BE-B399-17F38536C787}.Release|iPhone.Build.0 = Release|iPhone
		{0683D7DF-9EF8-41BE-B399-17F38536C787}.Release|iPhone.Deploy.0 = Release|iPhone
		{0683D7DF-9EF8-41BE-B399-17F38536C787}.Release|iPhoneSimulator.ActiveCfg = Release|iPhoneSimulator
		{0683D7DF-9EF8-41BE-B399-17F38536C787}.Release|iPhoneSimulator.Build.0 = Release|iPhoneSimulator
		{0683D7DF-9EF8-41BE-B399-17F38536C787}.Release|iPhoneSimulator.Deploy.0 = Release|iPhoneSimulator
		{2D3C7592-E1B6-4BEC-8C0F-753C2CCD9902}.Ad-Hoc|Any CPU.ActiveCfg = Debug|Any CPU
		{2D3C7592-E1B6-4BEC-8C0F-753C2CCD9902}.Ad-Hoc|Any CPU.Build.0 = Debug|Any CPU
		{2D3C7592-E1B6-4BEC-8C0F-753C2CCD9902}.Ad-Hoc|Any CPU.Deploy.0 = Debug|Any CPU
		{2D3C7592-E1B6-4BEC-8C0F-753C2CCD9902}.Ad-Hoc|iPhone.ActiveCfg = Debug|Any CPU
		{2D3C7592-E1B6-4BEC-8C0F-753C2CCD9902}.Ad-Hoc|iPhone.Build.0 = Debug|Any CPU
		{2D3C7592-E1B6-4BEC-8C0F-753C2CCD9902}.Ad-Hoc|iPhone.Deploy.0 = Debug|Any CPU
		{2D3C7592-E1B6-4BEC-8C0F-753C2CCD9902}.Ad-Hoc|iPhoneSimulator.ActiveCfg = Debug|Any CPU
		{2D3C7592-E1B6-4BEC-8C0F-753C2CCD9902}.Ad-Hoc|iPhoneSimulator.Build.0 = Debug|Any CPU
		{2D3C7592-E1B6-4BEC-8C0F-753C2CCD9902}.Ad-Hoc|iPhoneSimulator.Deploy.0 = Debug|Any CPU
		{2D3C7592-E1B6-4BEC-8C0F-753C2CCD9902}.AppStore|Any CPU.ActiveCfg = Debug|Any CPU
		{2D3C7592-E1B6-4BEC-8C0F-753C2CCD9902}.AppStore|Any CPU.Build.0 = Debug|Any CPU
		{2D3C7592-E1B6-4BEC-8C0F-753C2CCD9902}.AppStore|Any CPU.Deploy.0 = Debug|Any CPU
		{2D3C7592-E1B6-4BEC-8C0F-753C2CCD9902}.AppStore|iPhone.ActiveCfg = Debug|Any CPU
		{2D3C7592-E1B6-4BEC-8C0F-753C2CCD9902}.AppStore|iPhone.Build.0 = Debug|Any CPU
		{2D3C7592-E1B6-4BEC-8C0F-753C2CCD9902}.AppStore|iPhone.Deploy.0 = Debug|Any CPU
		{2D3C7592-E1B6-4BEC-8C0F-753C2CCD9902}.AppStore|iPhoneSimulator.ActiveCfg = Debug|Any CPU
		{2D3C7592-E1B6-4BEC-8C0F-753C2CCD9902}.AppStore|iPhoneSimulator.Build.0 = Debug|Any CPU
		{2D3C7592-E1B6-4BEC-8C0F-753C2CCD9902}.AppStore|iPhoneSimulator.Deploy.0 = Debug|Any CPU
		{2D3C7592-E1B6-4BEC-8C0F-753C2CCD9902}.Debug|Any CPU.ActiveCfg = Debug|Any CPU
		{2D3C7592-E1B6-4BEC-8C0F-753C2CCD9902}.Debug|Any CPU.Build.0 = Debug|Any CPU
		{2D3C7592-E1B6-4BEC-8C0F-753C2CCD9902}.Debug|Any CPU.Deploy.0 = Debug|Any CPU
		{2D3C7592-E1B6-4BEC-8C0F-753C2CCD9902}.Debug|iPhone.ActiveCfg = Debug|Any CPU
		{2D3C7592-E1B6-4BEC-8C0F-753C2CCD9902}.Debug|iPhone.Build.0 = Debug|Any CPU
		{2D3C7592-E1B6-4BEC-8C0F-753C2CCD9902}.Debug|iPhone.Deploy.0 = Debug|Any CPU
		{2D3C7592-E1B6-4BEC-8C0F-753C2CCD9902}.Debug|iPhoneSimulator.ActiveCfg = Debug|Any CPU
		{2D3C7592-E1B6-4BEC-8C0F-753C2CCD9902}.Debug|iPhoneSimulator.Build.0 = Debug|Any CPU
		{2D3C7592-E1B6-4BEC-8C0F-753C2CCD9902}.Debug|iPhoneSimulator.Deploy.0 = Debug|Any CPU
		{2D3C7592-E1B6-4BEC-8C0F-753C2CCD9902}.DOCTOR10|Any CPU.ActiveCfg = DOCTOR10|Any CPU
		{2D3C7592-E1B6-4BEC-8C0F-753C2CCD9902}.DOCTOR10|Any CPU.Build.0 = DOCTOR10|Any CPU
		{2D3C7592-E1B6-4BEC-8C0F-753C2CCD9902}.DOCTOR10|iPhone.ActiveCfg = DOCTOR10|Any CPU
		{2D3C7592-E1B6-4BEC-8C0F-753C2CCD9902}.DOCTOR10|iPhone.Build.0 = DOCTOR10|Any CPU
		{2D3C7592-E1B6-4BEC-8C0F-753C2CCD9902}.DOCTOR10|iPhoneSimulator.ActiveCfg = DOCTOR10|Any CPU
		{2D3C7592-E1B6-4BEC-8C0F-753C2CCD9902}.DOCTOR10|iPhoneSimulator.Build.0 = DOCTOR10|Any CPU
		{2D3C7592-E1B6-4BEC-8C0F-753C2CCD9902}.DOCTOR11|Any CPU.ActiveCfg = DOCTOR11|Any CPU
		{2D3C7592-E1B6-4BEC-8C0F-753C2CCD9902}.DOCTOR11|Any CPU.Build.0 = DOCTOR11|Any CPU
		{2D3C7592-E1B6-4BEC-8C0F-753C2CCD9902}.DOCTOR11|iPhone.ActiveCfg = DOCTOR11|Any CPU
		{2D3C7592-E1B6-4BEC-8C0F-753C2CCD9902}.DOCTOR11|iPhone.Build.0 = DOCTOR11|Any CPU
		{2D3C7592-E1B6-4BEC-8C0F-753C2CCD9902}.DOCTOR11|iPhoneSimulator.ActiveCfg = DOCTOR11|Any CPU
		{2D3C7592-E1B6-4BEC-8C0F-753C2CCD9902}.DOCTOR11|iPhoneSimulator.Build.0 = DOCTOR11|Any CPU
		{2D3C7592-E1B6-4BEC-8C0F-753C2CCD9902}.DOCTOR12|Any CPU.ActiveCfg = DOCTOR12|Any CPU
		{2D3C7592-E1B6-4BEC-8C0F-753C2CCD9902}.DOCTOR12|Any CPU.Build.0 = DOCTOR12|Any CPU
		{2D3C7592-E1B6-4BEC-8C0F-753C2CCD9902}.DOCTOR12|iPhone.ActiveCfg = DOCTOR12|Any CPU
		{2D3C7592-E1B6-4BEC-8C0F-753C2CCD9902}.DOCTOR12|iPhone.Build.0 = DOCTOR12|Any CPU
		{2D3C7592-E1B6-4BEC-8C0F-753C2CCD9902}.DOCTOR12|iPhoneSimulator.ActiveCfg = DOCTOR12|Any CPU
		{2D3C7592-E1B6-4BEC-8C0F-753C2CCD9902}.DOCTOR12|iPhoneSimulator.Build.0 = DOCTOR12|Any CPU
		{2D3C7592-E1B6-4BEC-8C0F-753C2CCD9902}.DOCTOR13|Any CPU.ActiveCfg = DOCTOR13|Any CPU
		{2D3C7592-E1B6-4BEC-8C0F-753C2CCD9902}.DOCTOR13|Any CPU.Build.0 = DOCTOR13|Any CPU
		{2D3C7592-E1B6-4BEC-8C0F-753C2CCD9902}.DOCTOR13|iPhone.ActiveCfg = DOCTOR13|Any CPU
		{2D3C7592-E1B6-4BEC-8C0F-753C2CCD9902}.DOCTOR13|iPhone.Build.0 = DOCTOR13|Any CPU
		{2D3C7592-E1B6-4BEC-8C0F-753C2CCD9902}.DOCTOR13|iPhoneSimulator.ActiveCfg = DOCTOR13|Any CPU
		{2D3C7592-E1B6-4BEC-8C0F-753C2CCD9902}.DOCTOR13|iPhoneSimulator.Build.0 = DOCTOR13|Any CPU
		{2D3C7592-E1B6-4BEC-8C0F-753C2CCD9902}.Release|Any CPU.ActiveCfg = Release|Any CPU
		{2D3C7592-E1B6-4BEC-8C0F-753C2CCD9902}.Release|Any CPU.Build.0 = Release|Any CPU
		{2D3C7592-E1B6-4BEC-8C0F-753C2CCD9902}.Release|Any CPU.Deploy.0 = Release|Any CPU
		{2D3C7592-E1B6-4BEC-8C0F-753C2CCD9902}.Release|iPhone.ActiveCfg = Release|Any CPU
		{2D3C7592-E1B6-4BEC-8C0F-753C2CCD9902}.Release|iPhone.Build.0 = Release|Any CPU
		{2D3C7592-E1B6-4BEC-8C0F-753C2CCD9902}.Release|iPhone.Deploy.0 = Release|Any CPU
		{2D3C7592-E1B6-4BEC-8C0F-753C2CCD9902}.Release|iPhoneSimulator.ActiveCfg = Release|Any CPU
		{2D3C7592-E1B6-4BEC-8C0F-753C2CCD9902}.Release|iPhoneSimulator.Build.0 = Release|Any CPU
		{2D3C7592-E1B6-4BEC-8C0F-753C2CCD9902}.Release|iPhoneSimulator.Deploy.0 = Release|Any CPU
	EndGlobalSection
	GlobalSection(SolutionProperties) = preSolution
		HideSolutionNode = FALSE
	EndGlobalSection
	GlobalSection(ExtensibilityGlobals) = postSolution
		SolutionGuid = {50A8C203-DAE7-4C11-98C2-2C2A67D3C988}
	EndGlobalSection
EndGlobal
