
Microsoft Visual Studio Solution File, Format Version 12.00
# Visual Studio Version 16
VisualStudioVersion = 16.0.31205.134
MinimumVisualStudioVersion = 10.0.40219.1
Project("{FAE04EC0-301F-11D3-BF4B-00C04F79EFBC}") = "Workers", "Workers\Workers.csproj", "{3888281C-0A4C-4214-BA05-057335790456}"
EndProject
Global
	GlobalSection(SolutionConfigurationPlatforms) = preSolution
		Debug|Any CPU = Debug|Any CPU
		Release|Any CPU = Release|Any CPU
	EndGlobalSection
	GlobalSection(ProjectConfigurationPlatforms) = postSolution
		{3888281C-0A4C-4214-BA05-057335790456}.Debug|Any CPU.ActiveCfg = Debug|Any CPU
		{3888281C-0A4C-4214-BA05-057335790456}.Debug|Any CPU.Build.0 = Debug|Any CPU
		{3888281C-0A4C-4214-BA05-057335790456}.Debug|Any CPU.Deploy.0 = Debug|Any CPU
		{3888281C-0A4C-4214-BA05-057335790456}.Release|Any CPU.ActiveCfg = Release|Any CPU
		{3888281C-0A4C-4214-BA05-057335790456}.Release|Any CPU.Build.0 = Release|Any CPU
		{3888281C-0A4C-4214-BA05-057335790456}.Release|Any CPU.Deploy.0 = Release|Any CPU
	EndGlobalSection
	GlobalSection(SolutionProperties) = preSolution
		HideSolutionNode = FALSE
	EndGlobalSection
	GlobalSection(ExtensibilityGlobals) = postSolution
		SolutionGuid = {A45B8459-0EA0-4626-9F7D-CE4DCC6E1F78}
	EndGlobalSection
EndGlobal
