
Microsoft Visual Studio Solution File, Format Version 12.00
# Visual Studio Version 16
VisualStudioVersion = 16.0.30907.101
MinimumVisualStudioVersion = 10.0.40219.1
Project("{FAE04EC0-301F-11D3-BF4B-00C04F79EFBC}") = "DragAndDrop.UWP", "DragAndDrop.UWP\DragAndDrop.UWP.csproj", "{A6C59C1E-BBAB-49E2-8685-F5AF96F51FD3}"
EndProject
Project("{FAE04EC0-301F-11D3-BF4B-00C04F79EFBC}") = "DragAndDrop.Android", "DragAndDrop.Android\DragAndDrop.Android.csproj", "{DE439C31-8D95-4E7A-8605-D88432CBE06D}"
EndProject
Project("{FAE04EC0-301F-11D3-BF4B-00C04F79EFBC}") = "DragAndDrop.iOS", "DragAndDrop.iOS\DragAndDrop.iOS.csproj", "{D9F6C848-6072-4C9C-9E93-BB9DF9FB6EE6}"
EndProject
Project("{FAE04EC0-301F-11D3-BF4B-00C04F79EFBC}") = "DragAndDrop", "DragAndDrop\DragAndDrop.csproj", "{969F351C-9A32-4C4B-85D0-6592A45D10E4}"
EndProject
Global
	GlobalSection(SolutionConfigurationPlatforms) = preSolution
		Debug|Any CPU = Debug|Any CPU
		Debug|ARM = Debug|ARM
		Debug|iPhone = Debug|iPhone
		Debug|iPhoneSimulator = Debug|iPhoneSimulator
		Debug|x64 = Debug|x64
		Debug|x86 = Debug|x86
		Release|Any CPU = Release|Any CPU
		Release|ARM = Release|ARM
		Release|iPhone = Release|iPhone
		Release|iPhoneSimulator = Release|iPhoneSimulator
		Release|x64 = Release|x64
		Release|x86 = Release|x86
	EndGlobalSection
	GlobalSection(ProjectConfigurationPlatforms) = postSolution
		{A6C59C1E-BBAB-49E2-8685-F5AF96F51FD3}.Debug|Any CPU.ActiveCfg = Debug|x86
		{A6C59C1E-BBAB-49E2-8685-F5AF96F51FD3}.Debug|Any CPU.Build.0 = Debug|x86
		{A6C59C1E-BBAB-49E2-8685-F5AF96F51FD3}.Debug|Any CPU.Deploy.0 = Debug|x86
		{A6C59C1E-BBAB-49E2-8685-F5AF96F51FD3}.Debug|ARM.ActiveCfg = Debug|ARM
		{A6C59C1E-BBAB-49E2-8685-F5AF96F51FD3}.Debug|ARM.Build.0 = Debug|ARM
		{A6C59C1E-BBAB-49E2-8685-F5AF96F51FD3}.Debug|ARM.Deploy.0 = Debug|ARM
		{A6C59C1E-BBAB-49E2-8685-F5AF96F51FD3}.Debug|iPhone.ActiveCfg = Debug|x86
		{A6C59C1E-BBAB-49E2-8685-F5AF96F51FD3}.Debug|iPhone.Build.0 = Debug|x86
		{A6C59C1E-BBAB-49E2-8685-F5AF96F51FD3}.Debug|iPhone.Deploy.0 = Debug|x86
		{A6C59C1E-BBAB-49E2-8685-F5AF96F51FD3}.Debug|iPhoneSimulator.ActiveCfg = Debug|x86
		{A6C59C1E-BBAB-49E2-8685-F5AF96F51FD3}.Debug|iPhoneSimulator.Build.0 = Debug|x86
		{A6C59C1E-BBAB-49E2-8685-F5AF96F51FD3}.Debug|iPhoneSimulator.Deploy.0 = Debug|x86
		{A6C59C1E-BBAB-49E2-8685-F5AF96F51FD3}.Debug|x64.ActiveCfg = Debug|x64
		{A6C59C1E-BBAB-49E2-8685-F5AF96F51FD3}.Debug|x64.Build.0 = Debug|x64
		{A6C59C1E-BBAB-49E2-8685-F5AF96F51FD3}.Debug|x64.Deploy.0 = Debug|x64
		{A6C59C1E-BBAB-49E2-8685-F5AF96F51FD3}.Debug|x86.ActiveCfg = Debug|x86
		{A6C59C1E-BBAB-49E2-8685-F5AF96F51FD3}.Debug|x86.Build.0 = Debug|x86
		{A6C59C1E-BBAB-49E2-8685-F5AF96F51FD3}.Debug|x86.Deploy.0 = Debug|x86
		{A6C59C1E-BBAB-49E2-8685-F5AF96F51FD3}.Release|Any CPU.ActiveCfg = Release|x86
		{A6C59C1E-BBAB-49E2-8685-F5AF96F51FD3}.Release|Any CPU.Build.0 = Release|x86
		{A6C59C1E-BBAB-49E2-8685-F5AF96F51FD3}.Release|Any CPU.Deploy.0 = Release|x86
		{A6C59C1E-BBAB-49E2-8685-F5AF96F51FD3}.Release|ARM.ActiveCfg = Release|ARM
		{A6C59C1E-BBAB-49E2-8685-F5AF96F51FD3}.Release|ARM.Build.0 = Release|ARM
		{A6C59C1E-BBAB-49E2-8685-F5AF96F51FD3}.Release|ARM.Deploy.0 = Release|ARM
		{A6C59C1E-BBAB-49E2-8685-F5AF96F51FD3}.Release|iPhone.ActiveCfg = Release|x86
		{A6C59C1E-BBAB-49E2-8685-F5AF96F51FD3}.Release|iPhone.Build.0 = Release|x86
		{A6C59C1E-BBAB-49E2-8685-F5AF96F51FD3}.Release|iPhone.Deploy.0 = Release|x86
		{A6C59C1E-BBAB-49E2-8685-F5AF96F51FD3}.Release|iPhoneSimulator.ActiveCfg = Release|x86
		{A6C59C1E-BBAB-49E2-8685-F5AF96F51FD3}.Release|iPhoneSimulator.Build.0 = Release|x86
		{A6C59C1E-BBAB-49E2-8685-F5AF96F51FD3}.Release|iPhoneSimulator.Deploy.0 = Release|x86
		{A6C59C1E-BBAB-49E2-8685-F5AF96F51FD3}.Release|x64.ActiveCfg = Release|x64
		{A6C59C1E-BBAB-49E2-8685-F5AF96F51FD3}.Release|x64.Build.0 = Release|x64
		{A6C59C1E-BBAB-49E2-8685-F5AF96F51FD3}.Release|x64.Deploy.0 = Release|x64
		{A6C59C1E-BBAB-49E2-8685-F5AF96F51FD3}.Release|x86.ActiveCfg = Release|x86
		{A6C59C1E-BBAB-49E2-8685-F5AF96F51FD3}.Release|x86.Build.0 = Release|x86
		{A6C59C1E-BBAB-49E2-8685-F5AF96F51FD3}.Release|x86.Deploy.0 = Release|x86
		{DE439C31-8D95-4E7A-8605-D88432CBE06D}.Debug|Any CPU.ActiveCfg = Debug|Any CPU
		{DE439C31-8D95-4E7A-8605-D88432CBE06D}.Debug|Any CPU.Build.0 = Debug|Any CPU
		{DE439C31-8D95-4E7A-8605-D88432CBE06D}.Debug|Any CPU.Deploy.0 = Debug|Any CPU
		{DE439C31-8D95-4E7A-8605-D88432CBE06D}.Debug|ARM.ActiveCfg = Debug|Any CPU
		{DE439C31-8D95-4E7A-8605-D88432CBE06D}.Debug|ARM.Build.0 = Debug|Any CPU
		{DE439C31-8D95-4E7A-8605-D88432CBE06D}.Debug|ARM.Deploy.0 = Debug|Any CPU
		{DE439C31-8D95-4E7A-8605-D88432CBE06D}.Debug|iPhone.ActiveCfg = Debug|Any CPU
		{DE439C31-8D95-4E7A-8605-D88432CBE06D}.Debug|iPhone.Build.0 = Debug|Any CPU
		{DE439C31-8D95-4E7A-8605-D88432CBE06D}.Debug|iPhone.Deploy.0 = Debug|Any CPU
		{DE439C31-8D95-4E7A-8605-D88432CBE06D}.Debug|iPhoneSimulator.ActiveCfg = Debug|Any CPU
		{DE439C31-8D95-4E7A-8605-D88432CBE06D}.Debug|iPhoneSimulator.Build.0 = Debug|Any CPU
		{DE439C31-8D95-4E7A-8605-D88432CBE06D}.Debug|iPhoneSimulator.Deploy.0 = Debug|Any CPU
		{DE439C31-8D95-4E7A-8605-D88432CBE06D}.Debug|x64.ActiveCfg = Debug|Any CPU
		{DE439C31-8D95-4E7A-8605-D88432CBE06D}.Debug|x64.Build.0 = Debug|Any CPU
		{DE439C31-8D95-4E7A-8605-D88432CBE06D}.Debug|x64.Deploy.0 = Debug|Any CPU
		{DE439C31-8D95-4E7A-8605-D88432CBE06D}.Debug|x86.ActiveCfg = Debug|Any CPU
		{DE439C31-8D95-4E7A-8605-D88432CBE06D}.Debug|x86.Build.0 = Debug|Any CPU
		{DE439C31-8D95-4E7A-8605-D88432CBE06D}.Debug|x86.Deploy.0 = Debug|Any CPU
		{DE439C31-8D95-4E7A-8605-D88432CBE06D}.Release|Any CPU.ActiveCfg = Release|Any CPU
		{DE439C31-8D95-4E7A-8605-D88432CBE06D}.Release|Any CPU.Build.0 = Release|Any CPU
		{DE439C31-8D95-4E7A-8605-D88432CBE06D}.Release|Any CPU.Deploy.0 = Release|Any CPU
		{DE439C31-8D95-4E7A-8605-D88432CBE06D}.Release|ARM.ActiveCfg = Release|Any CPU
		{DE439C31-8D95-4E7A-8605-D88432CBE06D}.Release|ARM.Build.0 = Release|Any CPU
		{DE439C31-8D95-4E7A-8605-D88432CBE06D}.Release|ARM.Deploy.0 = Release|Any CPU
		{DE439C31-8D95-4E7A-8605-D88432CBE06D}.Release|iPhone.ActiveCfg = Release|Any CPU
		{DE439C31-8D95-4E7A-8605-D88432CBE06D}.Release|iPhone.Build.0 = Release|Any CPU
		{DE439C31-8D95-4E7A-8605-D88432CBE06D}.Release|iPhone.Deploy.0 = Release|Any CPU
		{DE439C31-8D95-4E7A-8605-D88432CBE06D}.Release|iPhoneSimulator.ActiveCfg = Release|Any CPU
		{DE439C31-8D95-4E7A-8605-D88432CBE06D}.Release|iPhoneSimulator.Build.0 = Release|Any CPU
		{DE439C31-8D95-4E7A-8605-D88432CBE06D}.Release|iPhoneSimulator.Deploy.0 = Release|Any CPU
		{DE439C31-8D95-4E7A-8605-D88432CBE06D}.Release|x64.ActiveCfg = Release|Any CPU
		{DE439C31-8D95-4E7A-8605-D88432CBE06D}.Release|x64.Build.0 = Release|Any CPU
		{DE439C31-8D95-4E7A-8605-D88432CBE06D}.Release|x64.Deploy.0 = Release|Any CPU
		{DE439C31-8D95-4E7A-8605-D88432CBE06D}.Release|x86.ActiveCfg = Release|Any CPU
		{DE439C31-8D95-4E7A-8605-D88432CBE06D}.Release|x86.Build.0 = Release|Any CPU
		{DE439C31-8D95-4E7A-8605-D88432CBE06D}.Release|x86.Deploy.0 = Release|Any CPU
		{D9F6C848-6072-4C9C-9E93-BB9DF9FB6EE6}.Debug|Any CPU.ActiveCfg = Debug|iPhoneSimulator
		{D9F6C848-6072-4C9C-9E93-BB9DF9FB6EE6}.Debug|Any CPU.Build.0 = Debug|iPhoneSimulator
		{D9F6C848-6072-4C9C-9E93-BB9DF9FB6EE6}.Debug|Any CPU.Deploy.0 = Debug|iPhoneSimulator
		{D9F6C848-6072-4C9C-9E93-BB9DF9FB6EE6}.Debug|ARM.ActiveCfg = Debug|iPhone
		{D9F6C848-6072-4C9C-9E93-BB9DF9FB6EE6}.Debug|ARM.Build.0 = Debug|iPhone
		{D9F6C848-6072-4C9C-9E93-BB9DF9FB6EE6}.Debug|ARM.Deploy.0 = Debug|iPhone
		{D9F6C848-6072-4C9C-9E93-BB9DF9FB6EE6}.Debug|iPhone.ActiveCfg = Debug|iPhone
		{D9F6C848-6072-4C9C-9E93-BB9DF9FB6EE6}.Debug|iPhone.Build.0 = Debug|iPhone
		{D9F6C848-6072-4C9C-9E93-BB9DF9FB6EE6}.Debug|iPhone.Deploy.0 = Debug|iPhone
		{D9F6C848-6072-4C9C-9E93-BB9DF9FB6EE6}.Debug|iPhoneSimulator.ActiveCfg = Debug|iPhoneSimulator
		{D9F6C848-6072-4C9C-9E93-BB9DF9FB6EE6}.Debug|iPhoneSimulator.Build.0 = Debug|iPhoneSimulator
		{D9F6C848-6072-4C9C-9E93-BB9DF9FB6EE6}.Debug|iPhoneSimulator.Deploy.0 = Debug|iPhoneSimulator
		{D9F6C848-6072-4C9C-9E93-BB9DF9FB6EE6}.Debug|x64.ActiveCfg = Debug|iPhoneSimulator
		{D9F6C848-6072-4C9C-9E93-BB9DF9FB6EE6}.Debug|x64.Build.0 = Debug|iPhoneSimulator
		{D9F6C848-6072-4C9C-9E93-BB9DF9FB6EE6}.Debug|x64.Deploy.0 = Debug|iPhoneSimulator
		{D9F6C848-6072-4C9C-9E93-BB9DF9FB6EE6}.Debug|x86.ActiveCfg = Debug|iPhoneSimulator
		{D9F6C848-6072-4C9C-9E93-BB9DF9FB6EE6}.Debug|x86.Build.0 = Debug|iPhoneSimulator
		{D9F6C848-6072-4C9C-9E93-BB9DF9FB6EE6}.Debug|x86.Deploy.0 = Debug|iPhoneSimulator
		{D9F6C848-6072-4C9C-9E93-BB9DF9FB6EE6}.Release|Any CPU.ActiveCfg = Release|iPhoneSimulator
		{D9F6C848-6072-4C9C-9E93-BB9DF9FB6EE6}.Release|Any CPU.Build.0 = Release|iPhoneSimulator
		{D9F6C848-6072-4C9C-9E93-BB9DF9FB6EE6}.Release|Any CPU.Deploy.0 = Release|iPhoneSimulator
		{D9F6C848-6072-4C9C-9E93-BB9DF9FB6EE6}.Release|ARM.ActiveCfg = Release|iPhoneSimulator
		{D9F6C848-6072-4C9C-9E93-BB9DF9FB6EE6}.Release|ARM.Build.0 = Release|iPhoneSimulator
		{D9F6C848-6072-4C9C-9E93-BB9DF9FB6EE6}.Release|ARM.Deploy.0 = Release|iPhoneSimulator
		{D9F6C848-6072-4C9C-9E93-BB9DF9FB6EE6}.Release|iPhone.ActiveCfg = Release|iPhone
		{D9F6C848-6072-4C9C-9E93-BB9DF9FB6EE6}.Release|iPhone.Build.0 = Release|iPhone
		{D9F6C848-6072-4C9C-9E93-BB9DF9FB6EE6}.Release|iPhone.Deploy.0 = Release|iPhone
		{D9F6C848-6072-4C9C-9E93-BB9DF9FB6EE6}.Release|iPhoneSimulator.ActiveCfg = Release|iPhoneSimulator
		{D9F6C848-6072-4C9C-9E93-BB9DF9FB6EE6}.Release|iPhoneSimulator.Build.0 = Release|iPhoneSimulator
		{D9F6C848-6072-4C9C-9E93-BB9DF9FB6EE6}.Release|iPhoneSimulator.Deploy.0 = Release|iPhoneSimulator
		{D9F6C848-6072-4C9C-9E93-BB9DF9FB6EE6}.Release|x64.ActiveCfg = Release|iPhoneSimulator
		{D9F6C848-6072-4C9C-9E93-BB9DF9FB6EE6}.Release|x64.Build.0 = Release|iPhoneSimulator
		{D9F6C848-6072-4C9C-9E93-BB9DF9FB6EE6}.Release|x64.Deploy.0 = Release|iPhoneSimulator
		{D9F6C848-6072-4C9C-9E93-BB9DF9FB6EE6}.Release|x86.ActiveCfg = Release|iPhoneSimulator
		{D9F6C848-6072-4C9C-9E93-BB9DF9FB6EE6}.Release|x86.Build.0 = Release|iPhoneSimulator
		{D9F6C848-6072-4C9C-9E93-BB9DF9FB6EE6}.Release|x86.Deploy.0 = Release|iPhoneSimulator
		{969F351C-9A32-4C4B-85D0-6592A45D10E4}.Debug|Any CPU.ActiveCfg = Debug|Any CPU
		{969F351C-9A32-4C4B-85D0-6592A45D10E4}.Debug|Any CPU.Build.0 = Debug|Any CPU
		{969F351C-9A32-4C4B-85D0-6592A45D10E4}.Debug|Any CPU.Deploy.0 = Debug|Any CPU
		{969F351C-9A32-4C4B-85D0-6592A45D10E4}.Debug|ARM.ActiveCfg = Debug|Any CPU
		{969F351C-9A32-4C4B-85D0-6592A45D10E4}.Debug|ARM.Build.0 = Debug|Any CPU
		{969F351C-9A32-4C4B-85D0-6592A45D10E4}.Debug|ARM.Deploy.0 = Debug|Any CPU
		{969F351C-9A32-4C4B-85D0-6592A45D10E4}.Debug|iPhone.ActiveCfg = Debug|Any CPU
		{969F351C-9A32-4C4B-85D0-6592A45D10E4}.Debug|iPhone.Build.0 = Debug|Any CPU
		{969F351C-9A32-4C4B-85D0-6592A45D10E4}.Debug|iPhone.Deploy.0 = Debug|Any CPU
		{969F351C-9A32-4C4B-85D0-6592A45D10E4}.Debug|iPhoneSimulator.ActiveCfg = Debug|Any CPU
		{969F351C-9A32-4C4B-85D0-6592A45D10E4}.Debug|iPhoneSimulator.Build.0 = Debug|Any CPU
		{969F351C-9A32-4C4B-85D0-6592A45D10E4}.Debug|iPhoneSimulator.Deploy.0 = Debug|Any CPU
		{969F351C-9A32-4C4B-85D0-6592A45D10E4}.Debug|x64.ActiveCfg = Debug|Any CPU
		{969F351C-9A32-4C4B-85D0-6592A45D10E4}.Debug|x64.Build.0 = Debug|Any CPU
		{969F351C-9A32-4C4B-85D0-6592A45D10E4}.Debug|x64.Deploy.0 = Debug|Any CPU
		{969F351C-9A32-4C4B-85D0-6592A45D10E4}.Debug|x86.ActiveCfg = Debug|Any CPU
		{969F351C-9A32-4C4B-85D0-6592A45D10E4}.Debug|x86.Build.0 = Debug|Any CPU
		{969F351C-9A32-4C4B-85D0-6592A45D10E4}.Debug|x86.Deploy.0 = Debug|Any CPU
		{969F351C-9A32-4C4B-85D0-6592A45D10E4}.Release|Any CPU.ActiveCfg = Release|Any CPU
		{969F351C-9A32-4C4B-85D0-6592A45D10E4}.Release|Any CPU.Build.0 = Release|Any CPU
		{969F351C-9A32-4C4B-85D0-6592A45D10E4}.Release|Any CPU.Deploy.0 = Release|Any CPU
		{969F351C-9A32-4C4B-85D0-6592A45D10E4}.Release|ARM.ActiveCfg = Release|Any CPU
		{969F351C-9A32-4C4B-85D0-6592A45D10E4}.Release|ARM.Build.0 = Release|Any CPU
		{969F351C-9A32-4C4B-85D0-6592A45D10E4}.Release|ARM.Deploy.0 = Release|Any CPU
		{969F351C-9A32-4C4B-85D0-6592A45D10E4}.Release|iPhone.ActiveCfg = Release|Any CPU
		{969F351C-9A32-4C4B-85D0-6592A45D10E4}.Release|iPhone.Build.0 = Release|Any CPU
		{969F351C-9A32-4C4B-85D0-6592A45D10E4}.Release|iPhone.Deploy.0 = Release|Any CPU
		{969F351C-9A32-4C4B-85D0-6592A45D10E4}.Release|iPhoneSimulator.ActiveCfg = Release|Any CPU
		{969F351C-9A32-4C4B-85D0-6592A45D10E4}.Release|iPhoneSimulator.Build.0 = Release|Any CPU
		{969F351C-9A32-4C4B-85D0-6592A45D10E4}.Release|iPhoneSimulator.Deploy.0 = Release|Any CPU
		{969F351C-9A32-4C4B-85D0-6592A45D10E4}.Release|x64.ActiveCfg = Release|Any CPU
		{969F351C-9A32-4C4B-85D0-6592A45D10E4}.Release|x64.Build.0 = Release|Any CPU
		{969F351C-9A32-4C4B-85D0-6592A45D10E4}.Release|x64.Deploy.0 = Release|Any CPU
		{969F351C-9A32-4C4B-85D0-6592A45D10E4}.Release|x86.ActiveCfg = Release|Any CPU
		{969F351C-9A32-4C4B-85D0-6592A45D10E4}.Release|x86.Build.0 = Release|Any CPU
		{969F351C-9A32-4C4B-85D0-6592A45D10E4}.Release|x86.Deploy.0 = Release|Any CPU
	EndGlobalSection
	GlobalSection(SolutionProperties) = preSolution
		HideSolutionNode = FALSE
	EndGlobalSection
	GlobalSection(ExtensibilityGlobals) = postSolution
		SolutionGuid = {EB03855F-240E-4B26-861D-D4C0E14A33E1}
	EndGlobalSection
EndGlobal
