
Microsoft Visual Studio Solution File, Format Version 12.00
# Visual Studio Version 16
VisualStudioVersion = 16.0.31321.278
MinimumVisualStudioVersion = 10.0.40219.1
Project("{FAE04EC0-301F-11D3-BF4B-00C04F79EFBC}") = "Shadows.Sample.Android", "Shadows.Sample\Shadows.Sample.Android\Shadows.Sample.Android.csproj", "{1F750B8A-46AD-4F89-B05C-3316B9A2A779}"
EndProject
Project("{FAE04EC0-301F-11D3-BF4B-00C04F79EFBC}") = "Shadows.Sample", "Shadows.Sample\Shadows.Sample\Shadows.Sample.csproj", "{35DAA7AA-8BF4-48BE-B478-16264A386211}"
EndProject
Global
	GlobalSection(SolutionConfigurationPlatforms) = preSolution
		Debug|Any CPU = Debug|Any CPU
		Release|Any CPU = Release|Any CPU
	EndGlobalSection
	GlobalSection(ProjectConfigurationPlatforms) = postSolution
		{1F750B8A-46AD-4F89-B05C-3316B9A2A779}.Debug|Any CPU.ActiveCfg = Debug|Any CPU
		{1F750B8A-46AD-4F89-B05C-3316B9A2A779}.Debug|Any CPU.Build.0 = Debug|Any CPU
		{1F750B8A-46AD-4F89-B05C-3316B9A2A779}.Debug|Any CPU.Deploy.0 = Debug|Any CPU
		{1F750B8A-46AD-4F89-B05C-3316B9A2A779}.Release|Any CPU.ActiveCfg = Release|Any CPU
		{1F750B8A-46AD-4F89-B05C-3316B9A2A779}.Release|Any CPU.Build.0 = Release|Any CPU
		{1F750B8A-46AD-4F89-B05C-3316B9A2A779}.Release|Any CPU.Deploy.0 = Release|Any CPU
		{35DAA7AA-8BF4-48BE-B478-16264A386211}.Debug|Any CPU.ActiveCfg = Debug|Any CPU
		{35DAA7AA-8BF4-48BE-B478-16264A386211}.Debug|Any CPU.Build.0 = Debug|Any CPU
		{35DAA7AA-8BF4-48BE-B478-16264A386211}.Debug|Any CPU.Deploy.0 = Debug|Any CPU
		{35DAA7AA-8BF4-48BE-B478-16264A386211}.Release|Any CPU.ActiveCfg = Release|Any CPU
		{35DAA7AA-8BF4-48BE-B478-16264A386211}.Release|Any CPU.Build.0 = Release|Any CPU
		{35DAA7AA-8BF4-48BE-B478-16264A386211}.Release|Any CPU.Deploy.0 = Release|Any CPU
	EndGlobalSection
	GlobalSection(SolutionProperties) = preSolution
		HideSolutionNode = FALSE
	EndGlobalSection
	GlobalSection(ExtensibilityGlobals) = postSolution
		SolutionGuid = {8537D172-E36A-4288-8290-6FEA8931B5FF}
	EndGlobalSection
EndGlobal
